
Microsoft Visual Studio Solution File, Format Version 12.00
# Visual Studio 14
VisualStudioVersion = 14.0.25420.1
MinimumVisualStudioVersion = 10.0.40219.1
Project("{FAE04EC0-301F-11D3-BF4B-00C04F79EFBC}") = "LeanCloud", "LeanCloud\LeanCloud.csproj", "{DE07A443-9619-4BD7-B540-41296F8A2959}"
EndProject
Project("{2150E333-8FDC-42A3-9474-1A3956D46DE8}") = ".nuget", ".nuget", "{68E871A4-6C4A-4BF8-AD86-E25AE2A911F7}"
	ProjectSection(SolutionItems) = preProject
		.nuget\NuGet.Config = .nuget\NuGet.Config
		.nuget\NuGet.exe = .nuget\NuGet.exe
		.nuget\NuGet.targets = .nuget\NuGet.targets
	EndProjectSection
EndProject
Project("{FAE04EC0-301F-11D3-BF4B-00C04F79EFBC}") = "LeanCloud.NetFx45", "LeanCloud\LeanCloud.NetFx45.csproj", "{18203A69-17C8-4EA4-8098-65D982ACDDCB}"
EndProject
Project("{FAE04EC0-301F-11D3-BF4B-00C04F79EFBC}") = "LeanCloud.WinRT", "LeanCloud\LeanCloud.WinRT.csproj", "{858FC395-3213-446E-BD09-72DBB11FE11C}"
EndProject
Project("{FAE04EC0-301F-11D3-BF4B-00C04F79EFBC}") = "LeanCloud.Phone", "LeanCloud\LeanCloud.Phone.csproj", "{76490312-1E12-48D4-BD10-45C6ED4A08DC}"
EndProject
Project("{FAE04EC0-301F-11D3-BF4B-00C04F79EFBC}") = "LeanCloud.Android", "LeanCloud\LeanCloud.Android.csproj", "{072821C5-D6CC-4480-AA44-78DE79F52297}"
EndProject
Project("{FAE04EC0-301F-11D3-BF4B-00C04F79EFBC}") = "LeanCloud.iOS", "LeanCloud\LeanCloud.iOS.csproj", "{7A46A7B4-EE3B-4B4F-9CBF-C51D07BC7064}"
EndProject
Project("{FAE04EC0-301F-11D3-BF4B-00C04F79EFBC}") = "LeanCloud.Unity", "LeanCloud\LeanCloud.Unity.csproj", "{8473BEF6-7086-4414-AAD6-264967A7FE75}"
EndProject
Project("{FAE04EC0-301F-11D3-BF4B-00C04F79EFBC}") = "LeanMessage", "LeanMessage\LeanMessage.csproj", "{5517B060-314F-4E52-B0B6-34811D124437}"
EndProject
Project("{FAE04EC0-301F-11D3-BF4B-00C04F79EFBC}") = "LeanCloud.Message.NetFx45", "LeanCloud.Message.NetFx45\LeanCloud.Message.NetFx45.csproj", "{F7CF5977-74B5-497D-9F00-C0DE7DF1B57B}"
EndProject
Project("{FAE04EC0-301F-11D3-BF4B-00C04F79EFBC}") = "Unit.Test.452", "Unit.Test.452\Unit.Test.452.csproj", "{D344BB7B-E837-4E3E-8BF0-28EA2ADAD658}"
EndProject
Project("{FAE04EC0-301F-11D3-BF4B-00C04F79EFBC}") = "NetFx45.Debug", "NetFx45.Debug\NetFx45.Debug.csproj", "{0B5CB17B-8226-4DD1-97BA-F8E3392F88BB}"
EndProject
Global
	GlobalSection(SolutionConfigurationPlatforms) = preSolution
		Ad-Hoc|Any CPU = Ad-Hoc|Any CPU
		Ad-Hoc|ARM = Ad-Hoc|ARM
		Ad-Hoc|iPhone = Ad-Hoc|iPhone
		Ad-Hoc|iPhoneSimulator = Ad-Hoc|iPhoneSimulator
		Ad-Hoc|Mixed Platforms = Ad-Hoc|Mixed Platforms
		Ad-Hoc|x64 = Ad-Hoc|x64
		Ad-Hoc|x86 = Ad-Hoc|x86
		AppStore|Any CPU = AppStore|Any CPU
		AppStore|ARM = AppStore|ARM
		AppStore|iPhone = AppStore|iPhone
		AppStore|iPhoneSimulator = AppStore|iPhoneSimulator
		AppStore|Mixed Platforms = AppStore|Mixed Platforms
		AppStore|x64 = AppStore|x64
		AppStore|x86 = AppStore|x86
		Debug|Any CPU = Debug|Any CPU
		Debug|ARM = Debug|ARM
		Debug|iPhone = Debug|iPhone
		Debug|iPhoneSimulator = Debug|iPhoneSimulator
		Debug|Mixed Platforms = Debug|Mixed Platforms
		Debug|x64 = Debug|x64
		Debug|x86 = Debug|x86
		Release|Any CPU = Release|Any CPU
		Release|ARM = Release|ARM
		Release|iPhone = Release|iPhone
		Release|iPhoneSimulator = Release|iPhoneSimulator
		Release|Mixed Platforms = Release|Mixed Platforms
		Release|x64 = Release|x64
		Release|x86 = Release|x86
	EndGlobalSection
	GlobalSection(ProjectConfigurationPlatforms) = postSolution
		{DE07A443-9619-4BD7-B540-41296F8A2959}.Ad-Hoc|Any CPU.ActiveCfg = Release|Any CPU
		{DE07A443-9619-4BD7-B540-41296F8A2959}.Ad-Hoc|Any CPU.Build.0 = Release|Any CPU
		{DE07A443-9619-4BD7-B540-41296F8A2959}.Ad-Hoc|ARM.ActiveCfg = Release|Any CPU
		{DE07A443-9619-4BD7-B540-41296F8A2959}.Ad-Hoc|iPhone.ActiveCfg = Release|Any CPU
		{DE07A443-9619-4BD7-B540-41296F8A2959}.Ad-Hoc|iPhoneSimulator.ActiveCfg = Release|Any CPU
		{DE07A443-9619-4BD7-B540-41296F8A2959}.Ad-Hoc|Mixed Platforms.ActiveCfg = Release|Any CPU
		{DE07A443-9619-4BD7-B540-41296F8A2959}.Ad-Hoc|Mixed Platforms.Build.0 = Release|Any CPU
		{DE07A443-9619-4BD7-B540-41296F8A2959}.Ad-Hoc|x64.ActiveCfg = Release|Any CPU
		{DE07A443-9619-4BD7-B540-41296F8A2959}.Ad-Hoc|x86.ActiveCfg = Release|Any CPU
		{DE07A443-9619-4BD7-B540-41296F8A2959}.AppStore|Any CPU.ActiveCfg = Release|Any CPU
		{DE07A443-9619-4BD7-B540-41296F8A2959}.AppStore|Any CPU.Build.0 = Release|Any CPU
		{DE07A443-9619-4BD7-B540-41296F8A2959}.AppStore|ARM.ActiveCfg = Release|Any CPU
		{DE07A443-9619-4BD7-B540-41296F8A2959}.AppStore|iPhone.ActiveCfg = Release|Any CPU
		{DE07A443-9619-4BD7-B540-41296F8A2959}.AppStore|iPhoneSimulator.ActiveCfg = Release|Any CPU
		{DE07A443-9619-4BD7-B540-41296F8A2959}.AppStore|Mixed Platforms.ActiveCfg = Release|Any CPU
		{DE07A443-9619-4BD7-B540-41296F8A2959}.AppStore|Mixed Platforms.Build.0 = Release|Any CPU
		{DE07A443-9619-4BD7-B540-41296F8A2959}.AppStore|x64.ActiveCfg = Release|Any CPU
		{DE07A443-9619-4BD7-B540-41296F8A2959}.AppStore|x86.ActiveCfg = Release|Any CPU
		{DE07A443-9619-4BD7-B540-41296F8A2959}.Debug|Any CPU.ActiveCfg = Debug|Any CPU
		{DE07A443-9619-4BD7-B540-41296F8A2959}.Debug|Any CPU.Build.0 = Debug|Any CPU
		{DE07A443-9619-4BD7-B540-41296F8A2959}.Debug|ARM.ActiveCfg = Debug|Any CPU
		{DE07A443-9619-4BD7-B540-41296F8A2959}.Debug|iPhone.ActiveCfg = Debug|Any CPU
		{DE07A443-9619-4BD7-B540-41296F8A2959}.Debug|iPhoneSimulator.ActiveCfg = Debug|Any CPU
		{DE07A443-9619-4BD7-B540-41296F8A2959}.Debug|Mixed Platforms.ActiveCfg = Debug|Any CPU
		{DE07A443-9619-4BD7-B540-41296F8A2959}.Debug|Mixed Platforms.Build.0 = Debug|Any CPU
		{DE07A443-9619-4BD7-B540-41296F8A2959}.Debug|x64.ActiveCfg = Debug|Any CPU
		{DE07A443-9619-4BD7-B540-41296F8A2959}.Debug|x64.Build.0 = Debug|Any CPU
		{DE07A443-9619-4BD7-B540-41296F8A2959}.Debug|x86.ActiveCfg = Debug|Any CPU
		{DE07A443-9619-4BD7-B540-41296F8A2959}.Release|Any CPU.ActiveCfg = Release|Any CPU
		{DE07A443-9619-4BD7-B540-41296F8A2959}.Release|Any CPU.Build.0 = Release|Any CPU
		{DE07A443-9619-4BD7-B540-41296F8A2959}.Release|ARM.ActiveCfg = Release|Any CPU
		{DE07A443-9619-4BD7-B540-41296F8A2959}.Release|iPhone.ActiveCfg = Release|Any CPU
		{DE07A443-9619-4BD7-B540-41296F8A2959}.Release|iPhoneSimulator.ActiveCfg = Release|Any CPU
		{DE07A443-9619-4BD7-B540-41296F8A2959}.Release|Mixed Platforms.ActiveCfg = Release|Any CPU
		{DE07A443-9619-4BD7-B540-41296F8A2959}.Release|Mixed Platforms.Build.0 = Release|Any CPU
		{DE07A443-9619-4BD7-B540-41296F8A2959}.Release|x64.ActiveCfg = Release|Any CPU
		{DE07A443-9619-4BD7-B540-41296F8A2959}.Release|x86.ActiveCfg = Release|Any CPU
		{18203A69-17C8-4EA4-8098-65D982ACDDCB}.Ad-Hoc|Any CPU.ActiveCfg = Release|Any CPU
		{18203A69-17C8-4EA4-8098-65D982ACDDCB}.Ad-Hoc|Any CPU.Build.0 = Release|Any CPU
		{18203A69-17C8-4EA4-8098-65D982ACDDCB}.Ad-Hoc|ARM.ActiveCfg = Release|Any CPU
		{18203A69-17C8-4EA4-8098-65D982ACDDCB}.Ad-Hoc|iPhone.ActiveCfg = Release|Any CPU
		{18203A69-17C8-4EA4-8098-65D982ACDDCB}.Ad-Hoc|iPhoneSimulator.ActiveCfg = Release|Any CPU
		{18203A69-17C8-4EA4-8098-65D982ACDDCB}.Ad-Hoc|Mixed Platforms.ActiveCfg = Release|Any CPU
		{18203A69-17C8-4EA4-8098-65D982ACDDCB}.Ad-Hoc|Mixed Platforms.Build.0 = Release|Any CPU
		{18203A69-17C8-4EA4-8098-65D982ACDDCB}.Ad-Hoc|x64.ActiveCfg = Release|Any CPU
		{18203A69-17C8-4EA4-8098-65D982ACDDCB}.Ad-Hoc|x86.ActiveCfg = Release|Any CPU
		{18203A69-17C8-4EA4-8098-65D982ACDDCB}.AppStore|Any CPU.ActiveCfg = Release|Any CPU
		{18203A69-17C8-4EA4-8098-65D982ACDDCB}.AppStore|Any CPU.Build.0 = Release|Any CPU
		{18203A69-17C8-4EA4-8098-65D982ACDDCB}.AppStore|ARM.ActiveCfg = Release|Any CPU
		{18203A69-17C8-4EA4-8098-65D982ACDDCB}.AppStore|iPhone.ActiveCfg = Release|Any CPU
		{18203A69-17C8-4EA4-8098-65D982ACDDCB}.AppStore|iPhoneSimulator.ActiveCfg = Release|Any CPU
		{18203A69-17C8-4EA4-8098-65D982ACDDCB}.AppStore|Mixed Platforms.ActiveCfg = Release|Any CPU
		{18203A69-17C8-4EA4-8098-65D982ACDDCB}.AppStore|Mixed Platforms.Build.0 = Release|Any CPU
		{18203A69-17C8-4EA4-8098-65D982ACDDCB}.AppStore|x64.ActiveCfg = Release|Any CPU
		{18203A69-17C8-4EA4-8098-65D982ACDDCB}.AppStore|x86.ActiveCfg = Release|Any CPU
		{18203A69-17C8-4EA4-8098-65D982ACDDCB}.Debug|Any CPU.ActiveCfg = Debug|Any CPU
		{18203A69-17C8-4EA4-8098-65D982ACDDCB}.Debug|Any CPU.Build.0 = Debug|Any CPU
		{18203A69-17C8-4EA4-8098-65D982ACDDCB}.Debug|ARM.ActiveCfg = Debug|Any CPU
		{18203A69-17C8-4EA4-8098-65D982ACDDCB}.Debug|iPhone.ActiveCfg = Debug|Any CPU
		{18203A69-17C8-4EA4-8098-65D982ACDDCB}.Debug|iPhoneSimulator.ActiveCfg = Debug|Any CPU
		{18203A69-17C8-4EA4-8098-65D982ACDDCB}.Debug|Mixed Platforms.ActiveCfg = Debug|Any CPU
		{18203A69-17C8-4EA4-8098-65D982ACDDCB}.Debug|Mixed Platforms.Build.0 = Debug|Any CPU
		{18203A69-17C8-4EA4-8098-65D982ACDDCB}.Debug|x64.ActiveCfg = Debug|Any CPU
		{18203A69-17C8-4EA4-8098-65D982ACDDCB}.Debug|x64.Build.0 = Debug|Any CPU
		{18203A69-17C8-4EA4-8098-65D982ACDDCB}.Debug|x86.ActiveCfg = Debug|Any CPU
		{18203A69-17C8-4EA4-8098-65D982ACDDCB}.Release|Any CPU.ActiveCfg = Release|Any CPU
		{18203A69-17C8-4EA4-8098-65D982ACDDCB}.Release|Any CPU.Build.0 = Release|Any CPU
		{18203A69-17C8-4EA4-8098-65D982ACDDCB}.Release|ARM.ActiveCfg = Release|Any CPU
		{18203A69-17C8-4EA4-8098-65D982ACDDCB}.Release|iPhone.ActiveCfg = Release|Any CPU
		{18203A69-17C8-4EA4-8098-65D982ACDDCB}.Release|iPhoneSimulator.ActiveCfg = Release|Any CPU
		{18203A69-17C8-4EA4-8098-65D982ACDDCB}.Release|Mixed Platforms.ActiveCfg = Release|Any CPU
		{18203A69-17C8-4EA4-8098-65D982ACDDCB}.Release|Mixed Platforms.Build.0 = Release|Any CPU
		{18203A69-17C8-4EA4-8098-65D982ACDDCB}.Release|x64.ActiveCfg = Release|Any CPU
		{18203A69-17C8-4EA4-8098-65D982ACDDCB}.Release|x86.ActiveCfg = Release|Any CPU
		{858FC395-3213-446E-BD09-72DBB11FE11C}.Ad-Hoc|Any CPU.ActiveCfg = Release|Any CPU
		{858FC395-3213-446E-BD09-72DBB11FE11C}.Ad-Hoc|Any CPU.Build.0 = Release|Any CPU
		{858FC395-3213-446E-BD09-72DBB11FE11C}.Ad-Hoc|ARM.ActiveCfg = Release|ARM
		{858FC395-3213-446E-BD09-72DBB11FE11C}.Ad-Hoc|ARM.Build.0 = Release|ARM
		{858FC395-3213-446E-BD09-72DBB11FE11C}.Ad-Hoc|iPhone.ActiveCfg = Release|Any CPU
		{858FC395-3213-446E-BD09-72DBB11FE11C}.Ad-Hoc|iPhoneSimulator.ActiveCfg = Release|Any CPU
		{858FC395-3213-446E-BD09-72DBB11FE11C}.Ad-Hoc|Mixed Platforms.ActiveCfg = Release|x86
		{858FC395-3213-446E-BD09-72DBB11FE11C}.Ad-Hoc|Mixed Platforms.Build.0 = Release|x86
		{858FC395-3213-446E-BD09-72DBB11FE11C}.Ad-Hoc|x64.ActiveCfg = Release|x64
		{858FC395-3213-446E-BD09-72DBB11FE11C}.Ad-Hoc|x64.Build.0 = Release|x64
		{858FC395-3213-446E-BD09-72DBB11FE11C}.Ad-Hoc|x86.ActiveCfg = Release|x86
		{858FC395-3213-446E-BD09-72DBB11FE11C}.Ad-Hoc|x86.Build.0 = Release|x86
		{858FC395-3213-446E-BD09-72DBB11FE11C}.AppStore|Any CPU.ActiveCfg = Release|Any CPU
		{858FC395-3213-446E-BD09-72DBB11FE11C}.AppStore|Any CPU.Build.0 = Release|Any CPU
		{858FC395-3213-446E-BD09-72DBB11FE11C}.AppStore|ARM.ActiveCfg = Release|ARM
		{858FC395-3213-446E-BD09-72DBB11FE11C}.AppStore|ARM.Build.0 = Release|ARM
		{858FC395-3213-446E-BD09-72DBB11FE11C}.AppStore|iPhone.ActiveCfg = Release|Any CPU
		{858FC395-3213-446E-BD09-72DBB11FE11C}.AppStore|iPhoneSimulator.ActiveCfg = Release|Any CPU
		{858FC395-3213-446E-BD09-72DBB11FE11C}.AppStore|Mixed Platforms.ActiveCfg = Release|x86
		{858FC395-3213-446E-BD09-72DBB11FE11C}.AppStore|Mixed Platforms.Build.0 = Release|x86
		{858FC395-3213-446E-BD09-72DBB11FE11C}.AppStore|x64.ActiveCfg = Release|x64
		{858FC395-3213-446E-BD09-72DBB11FE11C}.AppStore|x64.Build.0 = Release|x64
		{858FC395-3213-446E-BD09-72DBB11FE11C}.AppStore|x86.ActiveCfg = Release|x86
		{858FC395-3213-446E-BD09-72DBB11FE11C}.AppStore|x86.Build.0 = Release|x86
		{858FC395-3213-446E-BD09-72DBB11FE11C}.Debug|Any CPU.ActiveCfg = Debug|Any CPU
		{858FC395-3213-446E-BD09-72DBB11FE11C}.Debug|Any CPU.Build.0 = Debug|Any CPU
		{858FC395-3213-446E-BD09-72DBB11FE11C}.Debug|ARM.ActiveCfg = Debug|ARM
		{858FC395-3213-446E-BD09-72DBB11FE11C}.Debug|ARM.Build.0 = Debug|ARM
		{858FC395-3213-446E-BD09-72DBB11FE11C}.Debug|iPhone.ActiveCfg = Debug|Any CPU
		{858FC395-3213-446E-BD09-72DBB11FE11C}.Debug|iPhoneSimulator.ActiveCfg = Debug|Any CPU
		{858FC395-3213-446E-BD09-72DBB11FE11C}.Debug|Mixed Platforms.ActiveCfg = Debug|x86
		{858FC395-3213-446E-BD09-72DBB11FE11C}.Debug|Mixed Platforms.Build.0 = Debug|x86
		{858FC395-3213-446E-BD09-72DBB11FE11C}.Debug|x64.ActiveCfg = Debug|x64
		{858FC395-3213-446E-BD09-72DBB11FE11C}.Debug|x64.Build.0 = Debug|x64
		{858FC395-3213-446E-BD09-72DBB11FE11C}.Debug|x86.ActiveCfg = Debug|x86
		{858FC395-3213-446E-BD09-72DBB11FE11C}.Debug|x86.Build.0 = Debug|x86
		{858FC395-3213-446E-BD09-72DBB11FE11C}.Release|Any CPU.ActiveCfg = Release|Any CPU
		{858FC395-3213-446E-BD09-72DBB11FE11C}.Release|Any CPU.Build.0 = Release|Any CPU
		{858FC395-3213-446E-BD09-72DBB11FE11C}.Release|ARM.ActiveCfg = Release|ARM
		{858FC395-3213-446E-BD09-72DBB11FE11C}.Release|ARM.Build.0 = Release|ARM
		{858FC395-3213-446E-BD09-72DBB11FE11C}.Release|iPhone.ActiveCfg = Release|Any CPU
		{858FC395-3213-446E-BD09-72DBB11FE11C}.Release|iPhoneSimulator.ActiveCfg = Release|Any CPU
		{858FC395-3213-446E-BD09-72DBB11FE11C}.Release|Mixed Platforms.ActiveCfg = Release|x86
		{858FC395-3213-446E-BD09-72DBB11FE11C}.Release|Mixed Platforms.Build.0 = Release|x86
		{858FC395-3213-446E-BD09-72DBB11FE11C}.Release|x64.ActiveCfg = Release|x64
		{858FC395-3213-446E-BD09-72DBB11FE11C}.Release|x64.Build.0 = Release|x64
		{858FC395-3213-446E-BD09-72DBB11FE11C}.Release|x86.ActiveCfg = Release|x86
		{858FC395-3213-446E-BD09-72DBB11FE11C}.Release|x86.Build.0 = Release|x86
		{76490312-1E12-48D4-BD10-45C6ED4A08DC}.Ad-Hoc|Any CPU.ActiveCfg = Release|Any CPU
		{76490312-1E12-48D4-BD10-45C6ED4A08DC}.Ad-Hoc|Any CPU.Build.0 = Release|Any CPU
		{76490312-1E12-48D4-BD10-45C6ED4A08DC}.Ad-Hoc|ARM.ActiveCfg = Release|ARM
		{76490312-1E12-48D4-BD10-45C6ED4A08DC}.Ad-Hoc|ARM.Build.0 = Release|ARM
		{76490312-1E12-48D4-BD10-45C6ED4A08DC}.Ad-Hoc|iPhone.ActiveCfg = Release|Any CPU
		{76490312-1E12-48D4-BD10-45C6ED4A08DC}.Ad-Hoc|iPhoneSimulator.ActiveCfg = Release|Any CPU
		{76490312-1E12-48D4-BD10-45C6ED4A08DC}.Ad-Hoc|Mixed Platforms.ActiveCfg = Release|x86
		{76490312-1E12-48D4-BD10-45C6ED4A08DC}.Ad-Hoc|Mixed Platforms.Build.0 = Release|x86
		{76490312-1E12-48D4-BD10-45C6ED4A08DC}.Ad-Hoc|x64.ActiveCfg = Release|Any CPU
		{76490312-1E12-48D4-BD10-45C6ED4A08DC}.Ad-Hoc|x86.ActiveCfg = Release|x86
		{76490312-1E12-48D4-BD10-45C6ED4A08DC}.Ad-Hoc|x86.Build.0 = Release|x86
		{76490312-1E12-48D4-BD10-45C6ED4A08DC}.AppStore|Any CPU.ActiveCfg = Release|Any CPU
		{76490312-1E12-48D4-BD10-45C6ED4A08DC}.AppStore|Any CPU.Build.0 = Release|Any CPU
		{76490312-1E12-48D4-BD10-45C6ED4A08DC}.AppStore|ARM.ActiveCfg = Release|ARM
		{76490312-1E12-48D4-BD10-45C6ED4A08DC}.AppStore|ARM.Build.0 = Release|ARM
		{76490312-1E12-48D4-BD10-45C6ED4A08DC}.AppStore|iPhone.ActiveCfg = Release|Any CPU
		{76490312-1E12-48D4-BD10-45C6ED4A08DC}.AppStore|iPhoneSimulator.ActiveCfg = Release|Any CPU
		{76490312-1E12-48D4-BD10-45C6ED4A08DC}.AppStore|Mixed Platforms.ActiveCfg = Release|x86
		{76490312-1E12-48D4-BD10-45C6ED4A08DC}.AppStore|Mixed Platforms.Build.0 = Release|x86
		{76490312-1E12-48D4-BD10-45C6ED4A08DC}.AppStore|x64.ActiveCfg = Release|Any CPU
		{76490312-1E12-48D4-BD10-45C6ED4A08DC}.AppStore|x86.ActiveCfg = Release|x86
		{76490312-1E12-48D4-BD10-45C6ED4A08DC}.AppStore|x86.Build.0 = Release|x86
		{76490312-1E12-48D4-BD10-45C6ED4A08DC}.Debug|Any CPU.ActiveCfg = Debug|Any CPU
		{76490312-1E12-48D4-BD10-45C6ED4A08DC}.Debug|Any CPU.Build.0 = Debug|Any CPU
		{76490312-1E12-48D4-BD10-45C6ED4A08DC}.Debug|ARM.ActiveCfg = Debug|ARM
		{76490312-1E12-48D4-BD10-45C6ED4A08DC}.Debug|ARM.Build.0 = Debug|ARM
		{76490312-1E12-48D4-BD10-45C6ED4A08DC}.Debug|iPhone.ActiveCfg = Debug|Any CPU
		{76490312-1E12-48D4-BD10-45C6ED4A08DC}.Debug|iPhoneSimulator.ActiveCfg = Debug|Any CPU
		{76490312-1E12-48D4-BD10-45C6ED4A08DC}.Debug|Mixed Platforms.ActiveCfg = Debug|x86
		{76490312-1E12-48D4-BD10-45C6ED4A08DC}.Debug|Mixed Platforms.Build.0 = Debug|x86
		{76490312-1E12-48D4-BD10-45C6ED4A08DC}.Debug|x64.ActiveCfg = Debug|Any CPU
		{76490312-1E12-48D4-BD10-45C6ED4A08DC}.Debug|x86.ActiveCfg = Debug|x86
		{76490312-1E12-48D4-BD10-45C6ED4A08DC}.Debug|x86.Build.0 = Debug|x86
		{76490312-1E12-48D4-BD10-45C6ED4A08DC}.Release|Any CPU.ActiveCfg = Release|Any CPU
		{76490312-1E12-48D4-BD10-45C6ED4A08DC}.Release|Any CPU.Build.0 = Release|Any CPU
		{76490312-1E12-48D4-BD10-45C6ED4A08DC}.Release|ARM.ActiveCfg = Release|ARM
		{76490312-1E12-48D4-BD10-45C6ED4A08DC}.Release|ARM.Build.0 = Release|ARM
		{76490312-1E12-48D4-BD10-45C6ED4A08DC}.Release|iPhone.ActiveCfg = Release|Any CPU
		{76490312-1E12-48D4-BD10-45C6ED4A08DC}.Release|iPhoneSimulator.ActiveCfg = Release|Any CPU
		{76490312-1E12-48D4-BD10-45C6ED4A08DC}.Release|Mixed Platforms.ActiveCfg = Release|x86
		{76490312-1E12-48D4-BD10-45C6ED4A08DC}.Release|Mixed Platforms.Build.0 = Release|x86
		{76490312-1E12-48D4-BD10-45C6ED4A08DC}.Release|x64.ActiveCfg = Release|Any CPU
		{76490312-1E12-48D4-BD10-45C6ED4A08DC}.Release|x86.ActiveCfg = Release|x86
		{76490312-1E12-48D4-BD10-45C6ED4A08DC}.Release|x86.Build.0 = Release|x86
		{072821C5-D6CC-4480-AA44-78DE79F52297}.Ad-Hoc|Any CPU.ActiveCfg = Release|Any CPU
		{072821C5-D6CC-4480-AA44-78DE79F52297}.Ad-Hoc|Any CPU.Build.0 = Release|Any CPU
		{072821C5-D6CC-4480-AA44-78DE79F52297}.Ad-Hoc|ARM.ActiveCfg = Release|Any CPU
		{072821C5-D6CC-4480-AA44-78DE79F52297}.Ad-Hoc|iPhone.ActiveCfg = Release|Any CPU
		{072821C5-D6CC-4480-AA44-78DE79F52297}.Ad-Hoc|iPhoneSimulator.ActiveCfg = Release|Any CPU
		{072821C5-D6CC-4480-AA44-78DE79F52297}.Ad-Hoc|Mixed Platforms.ActiveCfg = Release|Any CPU
		{072821C5-D6CC-4480-AA44-78DE79F52297}.Ad-Hoc|Mixed Platforms.Build.0 = Release|Any CPU
		{072821C5-D6CC-4480-AA44-78DE79F52297}.Ad-Hoc|x64.ActiveCfg = Release|Any CPU
		{072821C5-D6CC-4480-AA44-78DE79F52297}.Ad-Hoc|x86.ActiveCfg = Release|Any CPU
		{072821C5-D6CC-4480-AA44-78DE79F52297}.AppStore|Any CPU.ActiveCfg = Release|Any CPU
		{072821C5-D6CC-4480-AA44-78DE79F52297}.AppStore|Any CPU.Build.0 = Release|Any CPU
		{072821C5-D6CC-4480-AA44-78DE79F52297}.AppStore|ARM.ActiveCfg = Release|Any CPU
		{072821C5-D6CC-4480-AA44-78DE79F52297}.AppStore|iPhone.ActiveCfg = Release|Any CPU
		{072821C5-D6CC-4480-AA44-78DE79F52297}.AppStore|iPhoneSimulator.ActiveCfg = Release|Any CPU
		{072821C5-D6CC-4480-AA44-78DE79F52297}.AppStore|Mixed Platforms.ActiveCfg = Release|Any CPU
		{072821C5-D6CC-4480-AA44-78DE79F52297}.AppStore|Mixed Platforms.Build.0 = Release|Any CPU
		{072821C5-D6CC-4480-AA44-78DE79F52297}.AppStore|x64.ActiveCfg = Release|Any CPU
		{072821C5-D6CC-4480-AA44-78DE79F52297}.AppStore|x86.ActiveCfg = Release|Any CPU
		{072821C5-D6CC-4480-AA44-78DE79F52297}.Debug|Any CPU.ActiveCfg = Debug|Any CPU
		{072821C5-D6CC-4480-AA44-78DE79F52297}.Debug|Any CPU.Build.0 = Debug|Any CPU
		{072821C5-D6CC-4480-AA44-78DE79F52297}.Debug|ARM.ActiveCfg = Debug|Any CPU
		{072821C5-D6CC-4480-AA44-78DE79F52297}.Debug|iPhone.ActiveCfg = Debug|Any CPU
		{072821C5-D6CC-4480-AA44-78DE79F52297}.Debug|iPhoneSimulator.ActiveCfg = Debug|Any CPU
		{072821C5-D6CC-4480-AA44-78DE79F52297}.Debug|Mixed Platforms.ActiveCfg = Debug|Any CPU
		{072821C5-D6CC-4480-AA44-78DE79F52297}.Debug|Mixed Platforms.Build.0 = Debug|Any CPU
		{072821C5-D6CC-4480-AA44-78DE79F52297}.Debug|x64.ActiveCfg = Debug|Any CPU
		{072821C5-D6CC-4480-AA44-78DE79F52297}.Debug|x86.ActiveCfg = Debug|Any CPU
		{072821C5-D6CC-4480-AA44-78DE79F52297}.Release|Any CPU.ActiveCfg = Release|Any CPU
		{072821C5-D6CC-4480-AA44-78DE79F52297}.Release|Any CPU.Build.0 = Release|Any CPU
		{072821C5-D6CC-4480-AA44-78DE79F52297}.Release|ARM.ActiveCfg = Release|Any CPU
		{072821C5-D6CC-4480-AA44-78DE79F52297}.Release|iPhone.ActiveCfg = Release|Any CPU
		{072821C5-D6CC-4480-AA44-78DE79F52297}.Release|iPhoneSimulator.ActiveCfg = Release|Any CPU
		{072821C5-D6CC-4480-AA44-78DE79F52297}.Release|Mixed Platforms.ActiveCfg = Release|Any CPU
		{072821C5-D6CC-4480-AA44-78DE79F52297}.Release|Mixed Platforms.Build.0 = Release|Any CPU
		{072821C5-D6CC-4480-AA44-78DE79F52297}.Release|x64.ActiveCfg = Release|Any CPU
		{072821C5-D6CC-4480-AA44-78DE79F52297}.Release|x86.ActiveCfg = Release|Any CPU
		{7A46A7B4-EE3B-4B4F-9CBF-C51D07BC7064}.Ad-Hoc|Any CPU.ActiveCfg = Ad-Hoc|iPhone
		{7A46A7B4-EE3B-4B4F-9CBF-C51D07BC7064}.Ad-Hoc|ARM.ActiveCfg = Ad-Hoc|iPhone
		{7A46A7B4-EE3B-4B4F-9CBF-C51D07BC7064}.Ad-Hoc|iPhone.ActiveCfg = Ad-Hoc|iPhone
		{7A46A7B4-EE3B-4B4F-9CBF-C51D07BC7064}.Ad-Hoc|iPhone.Build.0 = Ad-Hoc|iPhone
		{7A46A7B4-EE3B-4B4F-9CBF-C51D07BC7064}.Ad-Hoc|iPhoneSimulator.ActiveCfg = Ad-Hoc|iPhoneSimulator
		{7A46A7B4-EE3B-4B4F-9CBF-C51D07BC7064}.Ad-Hoc|iPhoneSimulator.Build.0 = Ad-Hoc|iPhoneSimulator
		{7A46A7B4-EE3B-4B4F-9CBF-C51D07BC7064}.Ad-Hoc|Mixed Platforms.ActiveCfg = Ad-Hoc|iPhone
		{7A46A7B4-EE3B-4B4F-9CBF-C51D07BC7064}.Ad-Hoc|Mixed Platforms.Build.0 = Ad-Hoc|iPhone
		{7A46A7B4-EE3B-4B4F-9CBF-C51D07BC7064}.Ad-Hoc|x64.ActiveCfg = Ad-Hoc|iPhone
		{7A46A7B4-EE3B-4B4F-9CBF-C51D07BC7064}.Ad-Hoc|x86.ActiveCfg = Ad-Hoc|iPhone
		{7A46A7B4-EE3B-4B4F-9CBF-C51D07BC7064}.AppStore|Any CPU.ActiveCfg = AppStore|iPhone
		{7A46A7B4-EE3B-4B4F-9CBF-C51D07BC7064}.AppStore|ARM.ActiveCfg = AppStore|iPhone
		{7A46A7B4-EE3B-4B4F-9CBF-C51D07BC7064}.AppStore|iPhone.ActiveCfg = AppStore|iPhone
		{7A46A7B4-EE3B-4B4F-9CBF-C51D07BC7064}.AppStore|iPhone.Build.0 = AppStore|iPhone
		{7A46A7B4-EE3B-4B4F-9CBF-C51D07BC7064}.AppStore|iPhoneSimulator.ActiveCfg = AppStore|iPhoneSimulator
		{7A46A7B4-EE3B-4B4F-9CBF-C51D07BC7064}.AppStore|iPhoneSimulator.Build.0 = AppStore|iPhoneSimulator
		{7A46A7B4-EE3B-4B4F-9CBF-C51D07BC7064}.AppStore|Mixed Platforms.ActiveCfg = AppStore|iPhone
		{7A46A7B4-EE3B-4B4F-9CBF-C51D07BC7064}.AppStore|Mixed Platforms.Build.0 = AppStore|iPhone
		{7A46A7B4-EE3B-4B4F-9CBF-C51D07BC7064}.AppStore|x64.ActiveCfg = AppStore|iPhone
		{7A46A7B4-EE3B-4B4F-9CBF-C51D07BC7064}.AppStore|x86.ActiveCfg = AppStore|iPhone
		{7A46A7B4-EE3B-4B4F-9CBF-C51D07BC7064}.Debug|Any CPU.ActiveCfg = Debug|iPhone
		{7A46A7B4-EE3B-4B4F-9CBF-C51D07BC7064}.Debug|ARM.ActiveCfg = Debug|iPhone
		{7A46A7B4-EE3B-4B4F-9CBF-C51D07BC7064}.Debug|iPhone.ActiveCfg = Debug|iPhone
		{7A46A7B4-EE3B-4B4F-9CBF-C51D07BC7064}.Debug|iPhone.Build.0 = Debug|iPhone
		{7A46A7B4-EE3B-4B4F-9CBF-C51D07BC7064}.Debug|iPhoneSimulator.ActiveCfg = Debug|iPhoneSimulator
		{7A46A7B4-EE3B-4B4F-9CBF-C51D07BC7064}.Debug|iPhoneSimulator.Build.0 = Debug|iPhoneSimulator
		{7A46A7B4-EE3B-4B4F-9CBF-C51D07BC7064}.Debug|Mixed Platforms.ActiveCfg = Debug|iPhone
		{7A46A7B4-EE3B-4B4F-9CBF-C51D07BC7064}.Debug|Mixed Platforms.Build.0 = Debug|iPhone
		{7A46A7B4-EE3B-4B4F-9CBF-C51D07BC7064}.Debug|x64.ActiveCfg = Debug|iPhone
		{7A46A7B4-EE3B-4B4F-9CBF-C51D07BC7064}.Debug|x86.ActiveCfg = Debug|iPhone
		{7A46A7B4-EE3B-4B4F-9CBF-C51D07BC7064}.Release|Any CPU.ActiveCfg = Release|iPhone
		{7A46A7B4-EE3B-4B4F-9CBF-C51D07BC7064}.Release|Any CPU.Build.0 = Release|iPhone
		{7A46A7B4-EE3B-4B4F-9CBF-C51D07BC7064}.Release|ARM.ActiveCfg = Release|iPhone
		{7A46A7B4-EE3B-4B4F-9CBF-C51D07BC7064}.Release|iPhone.ActiveCfg = Release|iPhone
		{7A46A7B4-EE3B-4B4F-9CBF-C51D07BC7064}.Release|iPhone.Build.0 = Release|iPhone
		{7A46A7B4-EE3B-4B4F-9CBF-C51D07BC7064}.Release|iPhoneSimulator.ActiveCfg = Release|iPhoneSimulator
		{7A46A7B4-EE3B-4B4F-9CBF-C51D07BC7064}.Release|iPhoneSimulator.Build.0 = Release|iPhoneSimulator
		{7A46A7B4-EE3B-4B4F-9CBF-C51D07BC7064}.Release|Mixed Platforms.ActiveCfg = Release|iPhone
		{7A46A7B4-EE3B-4B4F-9CBF-C51D07BC7064}.Release|Mixed Platforms.Build.0 = Release|iPhone
		{7A46A7B4-EE3B-4B4F-9CBF-C51D07BC7064}.Release|x64.ActiveCfg = Release|iPhone
		{7A46A7B4-EE3B-4B4F-9CBF-C51D07BC7064}.Release|x86.ActiveCfg = Release|iPhone
		{8473BEF6-7086-4414-AAD6-264967A7FE75}.Ad-Hoc|Any CPU.ActiveCfg = Release|Any CPU
		{8473BEF6-7086-4414-AAD6-264967A7FE75}.Ad-Hoc|Any CPU.Build.0 = Release|Any CPU
		{8473BEF6-7086-4414-AAD6-264967A7FE75}.Ad-Hoc|ARM.ActiveCfg = Release|Any CPU
		{8473BEF6-7086-4414-AAD6-264967A7FE75}.Ad-Hoc|iPhone.ActiveCfg = Release|Any CPU
		{8473BEF6-7086-4414-AAD6-264967A7FE75}.Ad-Hoc|iPhoneSimulator.ActiveCfg = Release|Any CPU
		{8473BEF6-7086-4414-AAD6-264967A7FE75}.Ad-Hoc|Mixed Platforms.ActiveCfg = Release|Any CPU
		{8473BEF6-7086-4414-AAD6-264967A7FE75}.Ad-Hoc|Mixed Platforms.Build.0 = Release|Any CPU
		{8473BEF6-7086-4414-AAD6-264967A7FE75}.Ad-Hoc|x64.ActiveCfg = Release|Any CPU
		{8473BEF6-7086-4414-AAD6-264967A7FE75}.Ad-Hoc|x86.ActiveCfg = Release|Any CPU
		{8473BEF6-7086-4414-AAD6-264967A7FE75}.AppStore|Any CPU.ActiveCfg = Release|Any CPU
		{8473BEF6-7086-4414-AAD6-264967A7FE75}.AppStore|Any CPU.Build.0 = Release|Any CPU
		{8473BEF6-7086-4414-AAD6-264967A7FE75}.AppStore|ARM.ActiveCfg = Release|Any CPU
		{8473BEF6-7086-4414-AAD6-264967A7FE75}.AppStore|iPhone.ActiveCfg = Release|Any CPU
		{8473BEF6-7086-4414-AAD6-264967A7FE75}.AppStore|iPhoneSimulator.ActiveCfg = Release|Any CPU
		{8473BEF6-7086-4414-AAD6-264967A7FE75}.AppStore|Mixed Platforms.ActiveCfg = Release|Any CPU
		{8473BEF6-7086-4414-AAD6-264967A7FE75}.AppStore|Mixed Platforms.Build.0 = Release|Any CPU
		{8473BEF6-7086-4414-AAD6-264967A7FE75}.AppStore|x64.ActiveCfg = Release|Any CPU
		{8473BEF6-7086-4414-AAD6-264967A7FE75}.AppStore|x86.ActiveCfg = Release|Any CPU
		{8473BEF6-7086-4414-AAD6-264967A7FE75}.Debug|Any CPU.ActiveCfg = Debug|Any CPU
		{8473BEF6-7086-4414-AAD6-264967A7FE75}.Debug|Any CPU.Build.0 = Debug|Any CPU
		{8473BEF6-7086-4414-AAD6-264967A7FE75}.Debug|ARM.ActiveCfg = Debug|Any CPU
		{8473BEF6-7086-4414-AAD6-264967A7FE75}.Debug|iPhone.ActiveCfg = Debug|Any CPU
		{8473BEF6-7086-4414-AAD6-264967A7FE75}.Debug|iPhoneSimulator.ActiveCfg = Debug|Any CPU
		{8473BEF6-7086-4414-AAD6-264967A7FE75}.Debug|Mixed Platforms.ActiveCfg = Debug|Any CPU
		{8473BEF6-7086-4414-AAD6-264967A7FE75}.Debug|Mixed Platforms.Build.0 = Debug|Any CPU
		{8473BEF6-7086-4414-AAD6-264967A7FE75}.Debug|x64.ActiveCfg = Debug|Any CPU
		{8473BEF6-7086-4414-AAD6-264967A7FE75}.Debug|x86.ActiveCfg = Debug|Any CPU
		{8473BEF6-7086-4414-AAD6-264967A7FE75}.Release|Any CPU.ActiveCfg = Release|Any CPU
		{8473BEF6-7086-4414-AAD6-264967A7FE75}.Release|Any CPU.Build.0 = Release|Any CPU
		{8473BEF6-7086-4414-AAD6-264967A7FE75}.Release|ARM.ActiveCfg = Release|Any CPU
		{8473BEF6-7086-4414-AAD6-264967A7FE75}.Release|iPhone.ActiveCfg = Release|Any CPU
		{8473BEF6-7086-4414-AAD6-264967A7FE75}.Release|iPhoneSimulator.ActiveCfg = Release|Any CPU
		{8473BEF6-7086-4414-AAD6-264967A7FE75}.Release|Mixed Platforms.ActiveCfg = Release|Any CPU
		{8473BEF6-7086-4414-AAD6-264967A7FE75}.Release|Mixed Platforms.Build.0 = Release|Any CPU
		{8473BEF6-7086-4414-AAD6-264967A7FE75}.Release|x64.ActiveCfg = Release|Any CPU
		{8473BEF6-7086-4414-AAD6-264967A7FE75}.Release|x86.ActiveCfg = Release|Any CPU
		{5517B060-314F-4E52-B0B6-34811D124437}.Ad-Hoc|Any CPU.ActiveCfg = Release|Any CPU
		{5517B060-314F-4E52-B0B6-34811D124437}.Ad-Hoc|Any CPU.Build.0 = Release|Any CPU
		{5517B060-314F-4E52-B0B6-34811D124437}.Ad-Hoc|ARM.ActiveCfg = Release|Any CPU
		{5517B060-314F-4E52-B0B6-34811D124437}.Ad-Hoc|ARM.Build.0 = Release|Any CPU
		{5517B060-314F-4E52-B0B6-34811D124437}.Ad-Hoc|iPhone.ActiveCfg = Release|Any CPU
		{5517B060-314F-4E52-B0B6-34811D124437}.Ad-Hoc|iPhone.Build.0 = Release|Any CPU
		{5517B060-314F-4E52-B0B6-34811D124437}.Ad-Hoc|iPhoneSimulator.ActiveCfg = Release|Any CPU
		{5517B060-314F-4E52-B0B6-34811D124437}.Ad-Hoc|iPhoneSimulator.Build.0 = Release|Any CPU
		{5517B060-314F-4E52-B0B6-34811D124437}.Ad-Hoc|Mixed Platforms.ActiveCfg = Release|Any CPU
		{5517B060-314F-4E52-B0B6-34811D124437}.Ad-Hoc|Mixed Platforms.Build.0 = Release|Any CPU
		{5517B060-314F-4E52-B0B6-34811D124437}.Ad-Hoc|x64.ActiveCfg = Release|Any CPU
		{5517B060-314F-4E52-B0B6-34811D124437}.Ad-Hoc|x64.Build.0 = Release|Any CPU
		{5517B060-314F-4E52-B0B6-34811D124437}.Ad-Hoc|x86.ActiveCfg = Release|Any CPU
		{5517B060-314F-4E52-B0B6-34811D124437}.Ad-Hoc|x86.Build.0 = Release|Any CPU
		{5517B060-314F-4E52-B0B6-34811D124437}.AppStore|Any CPU.ActiveCfg = Release|Any CPU
		{5517B060-314F-4E52-B0B6-34811D124437}.AppStore|Any CPU.Build.0 = Release|Any CPU
		{5517B060-314F-4E52-B0B6-34811D124437}.AppStore|ARM.ActiveCfg = Release|Any CPU
		{5517B060-314F-4E52-B0B6-34811D124437}.AppStore|ARM.Build.0 = Release|Any CPU
		{5517B060-314F-4E52-B0B6-34811D124437}.AppStore|iPhone.ActiveCfg = Release|Any CPU
		{5517B060-314F-4E52-B0B6-34811D124437}.AppStore|iPhone.Build.0 = Release|Any CPU
		{5517B060-314F-4E52-B0B6-34811D124437}.AppStore|iPhoneSimulator.ActiveCfg = Release|Any CPU
		{5517B060-314F-4E52-B0B6-34811D124437}.AppStore|iPhoneSimulator.Build.0 = Release|Any CPU
		{5517B060-314F-4E52-B0B6-34811D124437}.AppStore|Mixed Platforms.ActiveCfg = Release|Any CPU
		{5517B060-314F-4E52-B0B6-34811D124437}.AppStore|Mixed Platforms.Build.0 = Release|Any CPU
		{5517B060-314F-4E52-B0B6-34811D124437}.AppStore|x64.ActiveCfg = Release|Any CPU
		{5517B060-314F-4E52-B0B6-34811D124437}.AppStore|x64.Build.0 = Release|Any CPU
		{5517B060-314F-4E52-B0B6-34811D124437}.AppStore|x86.ActiveCfg = Release|Any CPU
		{5517B060-314F-4E52-B0B6-34811D124437}.AppStore|x86.Build.0 = Release|Any CPU
		{5517B060-314F-4E52-B0B6-34811D124437}.Debug|Any CPU.ActiveCfg = Debug|Any CPU
		{5517B060-314F-4E52-B0B6-34811D124437}.Debug|Any CPU.Build.0 = Debug|Any CPU
		{5517B060-314F-4E52-B0B6-34811D124437}.Debug|ARM.ActiveCfg = Debug|Any CPU
		{5517B060-314F-4E52-B0B6-34811D124437}.Debug|ARM.Build.0 = Debug|Any CPU
		{5517B060-314F-4E52-B0B6-34811D124437}.Debug|iPhone.ActiveCfg = Debug|Any CPU
		{5517B060-314F-4E52-B0B6-34811D124437}.Debug|iPhone.Build.0 = Debug|Any CPU
		{5517B060-314F-4E52-B0B6-34811D124437}.Debug|iPhoneSimulator.ActiveCfg = Debug|Any CPU
		{5517B060-314F-4E52-B0B6-34811D124437}.Debug|iPhoneSimulator.Build.0 = Debug|Any CPU
		{5517B060-314F-4E52-B0B6-34811D124437}.Debug|Mixed Platforms.ActiveCfg = Debug|Any CPU
		{5517B060-314F-4E52-B0B6-34811D124437}.Debug|Mixed Platforms.Build.0 = Debug|Any CPU
		{5517B060-314F-4E52-B0B6-34811D124437}.Debug|x64.ActiveCfg = Debug|Any CPU
		{5517B060-314F-4E52-B0B6-34811D124437}.Debug|x64.Build.0 = Debug|Any CPU
		{5517B060-314F-4E52-B0B6-34811D124437}.Debug|x86.ActiveCfg = Debug|Any CPU
		{5517B060-314F-4E52-B0B6-34811D124437}.Debug|x86.Build.0 = Debug|Any CPU
		{5517B060-314F-4E52-B0B6-34811D124437}.Release|Any CPU.ActiveCfg = Release|Any CPU
		{5517B060-314F-4E52-B0B6-34811D124437}.Release|Any CPU.Build.0 = Release|Any CPU
		{5517B060-314F-4E52-B0B6-34811D124437}.Release|ARM.ActiveCfg = Release|Any CPU
		{5517B060-314F-4E52-B0B6-34811D124437}.Release|ARM.Build.0 = Release|Any CPU
		{5517B060-314F-4E52-B0B6-34811D124437}.Release|iPhone.ActiveCfg = Release|Any CPU
		{5517B060-314F-4E52-B0B6-34811D124437}.Release|iPhone.Build.0 = Release|Any CPU
		{5517B060-314F-4E52-B0B6-34811D124437}.Release|iPhoneSimulator.ActiveCfg = Release|Any CPU
		{5517B060-314F-4E52-B0B6-34811D124437}.Release|iPhoneSimulator.Build.0 = Release|Any CPU
		{5517B060-314F-4E52-B0B6-34811D124437}.Release|Mixed Platforms.ActiveCfg = Release|Any CPU
		{5517B060-314F-4E52-B0B6-34811D124437}.Release|Mixed Platforms.Build.0 = Release|Any CPU
		{5517B060-314F-4E52-B0B6-34811D124437}.Release|x64.ActiveCfg = Release|Any CPU
		{5517B060-314F-4E52-B0B6-34811D124437}.Release|x64.Build.0 = Release|Any CPU
		{5517B060-314F-4E52-B0B6-34811D124437}.Release|x86.ActiveCfg = Release|Any CPU
		{5517B060-314F-4E52-B0B6-34811D124437}.Release|x86.Build.0 = Release|Any CPU
		{F7CF5977-74B5-497D-9F00-C0DE7DF1B57B}.Ad-Hoc|Any CPU.ActiveCfg = Release|Any CPU
		{F7CF5977-74B5-497D-9F00-C0DE7DF1B57B}.Ad-Hoc|Any CPU.Build.0 = Release|Any CPU
		{F7CF5977-74B5-497D-9F00-C0DE7DF1B57B}.Ad-Hoc|ARM.ActiveCfg = Release|Any CPU
		{F7CF5977-74B5-497D-9F00-C0DE7DF1B57B}.Ad-Hoc|ARM.Build.0 = Release|Any CPU
		{F7CF5977-74B5-497D-9F00-C0DE7DF1B57B}.Ad-Hoc|iPhone.ActiveCfg = Release|Any CPU
		{F7CF5977-74B5-497D-9F00-C0DE7DF1B57B}.Ad-Hoc|iPhone.Build.0 = Release|Any CPU
		{F7CF5977-74B5-497D-9F00-C0DE7DF1B57B}.Ad-Hoc|iPhoneSimulator.ActiveCfg = Release|Any CPU
		{F7CF5977-74B5-497D-9F00-C0DE7DF1B57B}.Ad-Hoc|iPhoneSimulator.Build.0 = Release|Any CPU
		{F7CF5977-74B5-497D-9F00-C0DE7DF1B57B}.Ad-Hoc|Mixed Platforms.ActiveCfg = Release|Any CPU
		{F7CF5977-74B5-497D-9F00-C0DE7DF1B57B}.Ad-Hoc|Mixed Platforms.Build.0 = Release|Any CPU
		{F7CF5977-74B5-497D-9F00-C0DE7DF1B57B}.Ad-Hoc|x64.ActiveCfg = Release|Any CPU
		{F7CF5977-74B5-497D-9F00-C0DE7DF1B57B}.Ad-Hoc|x64.Build.0 = Release|Any CPU
		{F7CF5977-74B5-497D-9F00-C0DE7DF1B57B}.Ad-Hoc|x86.ActiveCfg = Release|Any CPU
		{F7CF5977-74B5-497D-9F00-C0DE7DF1B57B}.Ad-Hoc|x86.Build.0 = Release|Any CPU
		{F7CF5977-74B5-497D-9F00-C0DE7DF1B57B}.AppStore|Any CPU.ActiveCfg = Release|Any CPU
		{F7CF5977-74B5-497D-9F00-C0DE7DF1B57B}.AppStore|Any CPU.Build.0 = Release|Any CPU
		{F7CF5977-74B5-497D-9F00-C0DE7DF1B57B}.AppStore|ARM.ActiveCfg = Release|Any CPU
		{F7CF5977-74B5-497D-9F00-C0DE7DF1B57B}.AppStore|ARM.Build.0 = Release|Any CPU
		{F7CF5977-74B5-497D-9F00-C0DE7DF1B57B}.AppStore|iPhone.ActiveCfg = Release|Any CPU
		{F7CF5977-74B5-497D-9F00-C0DE7DF1B57B}.AppStore|iPhone.Build.0 = Release|Any CPU
		{F7CF5977-74B5-497D-9F00-C0DE7DF1B57B}.AppStore|iPhoneSimulator.ActiveCfg = Release|Any CPU
		{F7CF5977-74B5-497D-9F00-C0DE7DF1B57B}.AppStore|iPhoneSimulator.Build.0 = Release|Any CPU
		{F7CF5977-74B5-497D-9F00-C0DE7DF1B57B}.AppStore|Mixed Platforms.ActiveCfg = Release|Any CPU
		{F7CF5977-74B5-497D-9F00-C0DE7DF1B57B}.AppStore|Mixed Platforms.Build.0 = Release|Any CPU
		{F7CF5977-74B5-497D-9F00-C0DE7DF1B57B}.AppStore|x64.ActiveCfg = Release|Any CPU
		{F7CF5977-74B5-497D-9F00-C0DE7DF1B57B}.AppStore|x64.Build.0 = Release|Any CPU
		{F7CF5977-74B5-497D-9F00-C0DE7DF1B57B}.AppStore|x86.ActiveCfg = Release|Any CPU
		{F7CF5977-74B5-497D-9F00-C0DE7DF1B57B}.AppStore|x86.Build.0 = Release|Any CPU
		{F7CF5977-74B5-497D-9F00-C0DE7DF1B57B}.Debug|Any CPU.ActiveCfg = Debug|Any CPU
		{F7CF5977-74B5-497D-9F00-C0DE7DF1B57B}.Debug|Any CPU.Build.0 = Debug|Any CPU
		{F7CF5977-74B5-497D-9F00-C0DE7DF1B57B}.Debug|ARM.ActiveCfg = Debug|Any CPU
		{F7CF5977-74B5-497D-9F00-C0DE7DF1B57B}.Debug|ARM.Build.0 = Debug|Any CPU
		{F7CF5977-74B5-497D-9F00-C0DE7DF1B57B}.Debug|iPhone.ActiveCfg = Debug|Any CPU
		{F7CF5977-74B5-497D-9F00-C0DE7DF1B57B}.Debug|iPhone.Build.0 = Debug|Any CPU
		{F7CF5977-74B5-497D-9F00-C0DE7DF1B57B}.Debug|iPhoneSimulator.ActiveCfg = Debug|Any CPU
		{F7CF5977-74B5-497D-9F00-C0DE7DF1B57B}.Debug|iPhoneSimulator.Build.0 = Debug|Any CPU
		{F7CF5977-74B5-497D-9F00-C0DE7DF1B57B}.Debug|Mixed Platforms.ActiveCfg = Debug|Any CPU
		{F7CF5977-74B5-497D-9F00-C0DE7DF1B57B}.Debug|Mixed Platforms.Build.0 = Debug|Any CPU
		{F7CF5977-74B5-497D-9F00-C0DE7DF1B57B}.Debug|x64.ActiveCfg = Debug|Any CPU
		{F7CF5977-74B5-497D-9F00-C0DE7DF1B57B}.Debug|x64.Build.0 = Debug|Any CPU
		{F7CF5977-74B5-497D-9F00-C0DE7DF1B57B}.Debug|x86.ActiveCfg = Debug|Any CPU
		{F7CF5977-74B5-497D-9F00-C0DE7DF1B57B}.Debug|x86.Build.0 = Debug|Any CPU
		{F7CF5977-74B5-497D-9F00-C0DE7DF1B57B}.Release|Any CPU.ActiveCfg = Release|Any CPU
		{F7CF5977-74B5-497D-9F00-C0DE7DF1B57B}.Release|Any CPU.Build.0 = Release|Any CPU
		{F7CF5977-74B5-497D-9F00-C0DE7DF1B57B}.Release|ARM.ActiveCfg = Release|Any CPU
		{F7CF5977-74B5-497D-9F00-C0DE7DF1B57B}.Release|ARM.Build.0 = Release|Any CPU
		{F7CF5977-74B5-497D-9F00-C0DE7DF1B57B}.Release|iPhone.ActiveCfg = Release|Any CPU
		{F7CF5977-74B5-497D-9F00-C0DE7DF1B57B}.Release|iPhone.Build.0 = Release|Any CPU
		{F7CF5977-74B5-497D-9F00-C0DE7DF1B57B}.Release|iPhoneSimulator.ActiveCfg = Release|Any CPU
		{F7CF5977-74B5-497D-9F00-C0DE7DF1B57B}.Release|iPhoneSimulator.Build.0 = Release|Any CPU
		{F7CF5977-74B5-497D-9F00-C0DE7DF1B57B}.Release|Mixed Platforms.ActiveCfg = Release|Any CPU
		{F7CF5977-74B5-497D-9F00-C0DE7DF1B57B}.Release|Mixed Platforms.Build.0 = Release|Any CPU
		{F7CF5977-74B5-497D-9F00-C0DE7DF1B57B}.Release|x64.ActiveCfg = Release|Any CPU
		{F7CF5977-74B5-497D-9F00-C0DE7DF1B57B}.Release|x64.Build.0 = Release|Any CPU
		{F7CF5977-74B5-497D-9F00-C0DE7DF1B57B}.Release|x86.ActiveCfg = Release|Any CPU
		{F7CF5977-74B5-497D-9F00-C0DE7DF1B57B}.Release|x86.Build.0 = Release|Any CPU
		{D344BB7B-E837-4E3E-8BF0-28EA2ADAD658}.Ad-Hoc|Any CPU.ActiveCfg = Release|Any CPU
		{D344BB7B-E837-4E3E-8BF0-28EA2ADAD658}.Ad-Hoc|Any CPU.Build.0 = Release|Any CPU
		{D344BB7B-E837-4E3E-8BF0-28EA2ADAD658}.Ad-Hoc|ARM.ActiveCfg = Release|Any CPU
		{D344BB7B-E837-4E3E-8BF0-28EA2ADAD658}.Ad-Hoc|ARM.Build.0 = Release|Any CPU
		{D344BB7B-E837-4E3E-8BF0-28EA2ADAD658}.Ad-Hoc|iPhone.ActiveCfg = Release|Any CPU
		{D344BB7B-E837-4E3E-8BF0-28EA2ADAD658}.Ad-Hoc|iPhone.Build.0 = Release|Any CPU
		{D344BB7B-E837-4E3E-8BF0-28EA2ADAD658}.Ad-Hoc|iPhoneSimulator.ActiveCfg = Release|Any CPU
		{D344BB7B-E837-4E3E-8BF0-28EA2ADAD658}.Ad-Hoc|iPhoneSimulator.Build.0 = Release|Any CPU
		{D344BB7B-E837-4E3E-8BF0-28EA2ADAD658}.Ad-Hoc|Mixed Platforms.ActiveCfg = Release|Any CPU
		{D344BB7B-E837-4E3E-8BF0-28EA2ADAD658}.Ad-Hoc|Mixed Platforms.Build.0 = Release|Any CPU
		{D344BB7B-E837-4E3E-8BF0-28EA2ADAD658}.Ad-Hoc|x64.ActiveCfg = Release|Any CPU
		{D344BB7B-E837-4E3E-8BF0-28EA2ADAD658}.Ad-Hoc|x64.Build.0 = Release|Any CPU
		{D344BB7B-E837-4E3E-8BF0-28EA2ADAD658}.Ad-Hoc|x86.ActiveCfg = Release|Any CPU
		{D344BB7B-E837-4E3E-8BF0-28EA2ADAD658}.Ad-Hoc|x86.Build.0 = Release|Any CPU
		{D344BB7B-E837-4E3E-8BF0-28EA2ADAD658}.AppStore|Any CPU.ActiveCfg = Release|Any CPU
		{D344BB7B-E837-4E3E-8BF0-28EA2ADAD658}.AppStore|Any CPU.Build.0 = Release|Any CPU
		{D344BB7B-E837-4E3E-8BF0-28EA2ADAD658}.AppStore|ARM.ActiveCfg = Release|Any CPU
		{D344BB7B-E837-4E3E-8BF0-28EA2ADAD658}.AppStore|ARM.Build.0 = Release|Any CPU
		{D344BB7B-E837-4E3E-8BF0-28EA2ADAD658}.AppStore|iPhone.ActiveCfg = Release|Any CPU
		{D344BB7B-E837-4E3E-8BF0-28EA2ADAD658}.AppStore|iPhone.Build.0 = Release|Any CPU
		{D344BB7B-E837-4E3E-8BF0-28EA2ADAD658}.AppStore|iPhoneSimulator.ActiveCfg = Release|Any CPU
		{D344BB7B-E837-4E3E-8BF0-28EA2ADAD658}.AppStore|iPhoneSimulator.Build.0 = Release|Any CPU
		{D344BB7B-E837-4E3E-8BF0-28EA2ADAD658}.AppStore|Mixed Platforms.ActiveCfg = Release|Any CPU
		{D344BB7B-E837-4E3E-8BF0-28EA2ADAD658}.AppStore|Mixed Platforms.Build.0 = Release|Any CPU
		{D344BB7B-E837-4E3E-8BF0-28EA2ADAD658}.AppStore|x64.ActiveCfg = Release|Any CPU
		{D344BB7B-E837-4E3E-8BF0-28EA2ADAD658}.AppStore|x64.Build.0 = Release|Any CPU
		{D344BB7B-E837-4E3E-8BF0-28EA2ADAD658}.AppStore|x86.ActiveCfg = Release|Any CPU
		{D344BB7B-E837-4E3E-8BF0-28EA2ADAD658}.AppStore|x86.Build.0 = Release|Any CPU
		{D344BB7B-E837-4E3E-8BF0-28EA2ADAD658}.Debug|Any CPU.ActiveCfg = Debug|Any CPU
		{D344BB7B-E837-4E3E-8BF0-28EA2ADAD658}.Debug|Any CPU.Build.0 = Debug|Any CPU
		{D344BB7B-E837-4E3E-8BF0-28EA2ADAD658}.Debug|ARM.ActiveCfg = Debug|Any CPU
		{D344BB7B-E837-4E3E-8BF0-28EA2ADAD658}.Debug|ARM.Build.0 = Debug|Any CPU
		{D344BB7B-E837-4E3E-8BF0-28EA2ADAD658}.Debug|iPhone.ActiveCfg = Debug|Any CPU
		{D344BB7B-E837-4E3E-8BF0-28EA2ADAD658}.Debug|iPhone.Build.0 = Debug|Any CPU
		{D344BB7B-E837-4E3E-8BF0-28EA2ADAD658}.Debug|iPhoneSimulator.ActiveCfg = Debug|Any CPU
		{D344BB7B-E837-4E3E-8BF0-28EA2ADAD658}.Debug|iPhoneSimulator.Build.0 = Debug|Any CPU
		{D344BB7B-E837-4E3E-8BF0-28EA2ADAD658}.Debug|Mixed Platforms.ActiveCfg = Debug|Any CPU
		{D344BB7B-E837-4E3E-8BF0-28EA2ADAD658}.Debug|Mixed Platforms.Build.0 = Debug|Any CPU
		{D344BB7B-E837-4E3E-8BF0-28EA2ADAD658}.Debug|x64.ActiveCfg = Debug|Any CPU
		{D344BB7B-E837-4E3E-8BF0-28EA2ADAD658}.Debug|x64.Build.0 = Debug|Any CPU
		{D344BB7B-E837-4E3E-8BF0-28EA2ADAD658}.Debug|x86.ActiveCfg = Debug|Any CPU
		{D344BB7B-E837-4E3E-8BF0-28EA2ADAD658}.Debug|x86.Build.0 = Debug|Any CPU
		{D344BB7B-E837-4E3E-8BF0-28EA2ADAD658}.Release|Any CPU.ActiveCfg = Release|Any CPU
		{D344BB7B-E837-4E3E-8BF0-28EA2ADAD658}.Release|Any CPU.Build.0 = Release|Any CPU
		{D344BB7B-E837-4E3E-8BF0-28EA2ADAD658}.Release|ARM.ActiveCfg = Release|Any CPU
		{D344BB7B-E837-4E3E-8BF0-28EA2ADAD658}.Release|ARM.Build.0 = Release|Any CPU
		{D344BB7B-E837-4E3E-8BF0-28EA2ADAD658}.Release|iPhone.ActiveCfg = Release|Any CPU
		{D344BB7B-E837-4E3E-8BF0-28EA2ADAD658}.Release|iPhone.Build.0 = Release|Any CPU
		{D344BB7B-E837-4E3E-8BF0-28EA2ADAD658}.Release|iPhoneSimulator.ActiveCfg = Release|Any CPU
		{D344BB7B-E837-4E3E-8BF0-28EA2ADAD658}.Release|iPhoneSimulator.Build.0 = Release|Any CPU
		{D344BB7B-E837-4E3E-8BF0-28EA2ADAD658}.Release|Mixed Platforms.ActiveCfg = Release|Any CPU
		{D344BB7B-E837-4E3E-8BF0-28EA2ADAD658}.Release|Mixed Platforms.Build.0 = Release|Any CPU
		{D344BB7B-E837-4E3E-8BF0-28EA2ADAD658}.Release|x64.ActiveCfg = Release|Any CPU
		{D344BB7B-E837-4E3E-8BF0-28EA2ADAD658}.Release|x64.Build.0 = Release|Any CPU
		{D344BB7B-E837-4E3E-8BF0-28EA2ADAD658}.Release|x86.ActiveCfg = Release|Any CPU
		{D344BB7B-E837-4E3E-8BF0-28EA2ADAD658}.Release|x86.Build.0 = Release|Any CPU
		{0B5CB17B-8226-4DD1-97BA-F8E3392F88BB}.Ad-Hoc|Any CPU.ActiveCfg = Release|Any CPU
		{0B5CB17B-8226-4DD1-97BA-F8E3392F88BB}.Ad-Hoc|Any CPU.Build.0 = Release|Any CPU
		{0B5CB17B-8226-4DD1-97BA-F8E3392F88BB}.Ad-Hoc|ARM.ActiveCfg = Release|Any CPU
		{0B5CB17B-8226-4DD1-97BA-F8E3392F88BB}.Ad-Hoc|ARM.Build.0 = Release|Any CPU
		{0B5CB17B-8226-4DD1-97BA-F8E3392F88BB}.Ad-Hoc|iPhone.ActiveCfg = Release|Any CPU
		{0B5CB17B-8226-4DD1-97BA-F8E3392F88BB}.Ad-Hoc|iPhone.Build.0 = Release|Any CPU
		{0B5CB17B-8226-4DD1-97BA-F8E3392F88BB}.Ad-Hoc|iPhoneSimulator.ActiveCfg = Release|Any CPU
		{0B5CB17B-8226-4DD1-97BA-F8E3392F88BB}.Ad-Hoc|iPhoneSimulator.Build.0 = Release|Any CPU
		{0B5CB17B-8226-4DD1-97BA-F8E3392F88BB}.Ad-Hoc|Mixed Platforms.ActiveCfg = Release|Any CPU
		{0B5CB17B-8226-4DD1-97BA-F8E3392F88BB}.Ad-Hoc|Mixed Platforms.Build.0 = Release|Any CPU
		{0B5CB17B-8226-4DD1-97BA-F8E3392F88BB}.Ad-Hoc|x64.ActiveCfg = Release|Any CPU
		{0B5CB17B-8226-4DD1-97BA-F8E3392F88BB}.Ad-Hoc|x64.Build.0 = Release|Any CPU
		{0B5CB17B-8226-4DD1-97BA-F8E3392F88BB}.Ad-Hoc|x86.ActiveCfg = Release|Any CPU
		{0B5CB17B-8226-4DD1-97BA-F8E3392F88BB}.Ad-Hoc|x86.Build.0 = Release|Any CPU
		{0B5CB17B-8226-4DD1-97BA-F8E3392F88BB}.AppStore|Any CPU.ActiveCfg = Release|Any CPU
		{0B5CB17B-8226-4DD1-97BA-F8E3392F88BB}.AppStore|Any CPU.Build.0 = Release|Any CPU
		{0B5CB17B-8226-4DD1-97BA-F8E3392F88BB}.AppStore|ARM.ActiveCfg = Release|Any CPU
		{0B5CB17B-8226-4DD1-97BA-F8E3392F88BB}.AppStore|ARM.Build.0 = Release|Any CPU
		{0B5CB17B-8226-4DD1-97BA-F8E3392F88BB}.AppStore|iPhone.ActiveCfg = Release|Any CPU
		{0B5CB17B-8226-4DD1-97BA-F8E3392F88BB}.AppStore|iPhone.Build.0 = Release|Any CPU
		{0B5CB17B-8226-4DD1-97BA-F8E3392F88BB}.AppStore|iPhoneSimulator.ActiveCfg = Release|Any CPU
		{0B5CB17B-8226-4DD1-97BA-F8E3392F88BB}.AppStore|iPhoneSimulator.Build.0 = Release|Any CPU
		{0B5CB17B-8226-4DD1-97BA-F8E3392F88BB}.AppStore|Mixed Platforms.ActiveCfg = Release|Any CPU
		{0B5CB17B-8226-4DD1-97BA-F8E3392F88BB}.AppStore|Mixed Platforms.Build.0 = Release|Any CPU
		{0B5CB17B-8226-4DD1-97BA-F8E3392F88BB}.AppStore|x64.ActiveCfg = Release|Any CPU
		{0B5CB17B-8226-4DD1-97BA-F8E3392F88BB}.AppStore|x64.Build.0 = Release|Any CPU
		{0B5CB17B-8226-4DD1-97BA-F8E3392F88BB}.AppStore|x86.ActiveCfg = Release|Any CPU
		{0B5CB17B-8226-4DD1-97BA-F8E3392F88BB}.AppStore|x86.Build.0 = Release|Any CPU
		{0B5CB17B-8226-4DD1-97BA-F8E3392F88BB}.Debug|Any CPU.ActiveCfg = Debug|Any CPU
		{0B5CB17B-8226-4DD1-97BA-F8E3392F88BB}.Debug|Any CPU.Build.0 = Debug|Any CPU
		{0B5CB17B-8226-4DD1-97BA-F8E3392F88BB}.Debug|ARM.ActiveCfg = Debug|Any CPU
		{0B5CB17B-8226-4DD1-97BA-F8E3392F88BB}.Debug|ARM.Build.0 = Debug|Any CPU
		{0B5CB17B-8226-4DD1-97BA-F8E3392F88BB}.Debug|iPhone.ActiveCfg = Debug|Any CPU
		{0B5CB17B-8226-4DD1-97BA-F8E3392F88BB}.Debug|iPhone.Build.0 = Debug|Any CPU
		{0B5CB17B-8226-4DD1-97BA-F8E3392F88BB}.Debug|iPhoneSimulator.ActiveCfg = Debug|Any CPU
		{0B5CB17B-8226-4DD1-97BA-F8E3392F88BB}.Debug|iPhoneSimulator.Build.0 = Debug|Any CPU
		{0B5CB17B-8226-4DD1-97BA-F8E3392F88BB}.Debug|Mixed Platforms.ActiveCfg = Debug|Any CPU
		{0B5CB17B-8226-4DD1-97BA-F8E3392F88BB}.Debug|Mixed Platforms.Build.0 = Debug|Any CPU
		{0B5CB17B-8226-4DD1-97BA-F8E3392F88BB}.Debug|x64.ActiveCfg = Debug|Any CPU
		{0B5CB17B-8226-4DD1-97BA-F8E3392F88BB}.Debug|x64.Build.0 = Debug|Any CPU
		{0B5CB17B-8226-4DD1-97BA-F8E3392F88BB}.Debug|x86.ActiveCfg = Debug|Any CPU
		{0B5CB17B-8226-4DD1-97BA-F8E3392F88BB}.Debug|x86.Build.0 = Debug|Any CPU
		{0B5CB17B-8226-4DD1-97BA-F8E3392F88BB}.Release|Any CPU.ActiveCfg = Release|Any CPU
		{0B5CB17B-8226-4DD1-97BA-F8E3392F88BB}.Release|Any CPU.Build.0 = Release|Any CPU
		{0B5CB17B-8226-4DD1-97BA-F8E3392F88BB}.Release|ARM.ActiveCfg = Release|Any CPU
		{0B5CB17B-8226-4DD1-97BA-F8E3392F88BB}.Release|ARM.Build.0 = Release|Any CPU
		{0B5CB17B-8226-4DD1-97BA-F8E3392F88BB}.Release|iPhone.ActiveCfg = Release|Any CPU
		{0B5CB17B-8226-4DD1-97BA-F8E3392F88BB}.Release|iPhone.Build.0 = Release|Any CPU
		{0B5CB17B-8226-4DD1-97BA-F8E3392F88BB}.Release|iPhoneSimulator.ActiveCfg = Release|Any CPU
		{0B5CB17B-8226-4DD1-97BA-F8E3392F88BB}.Release|iPhoneSimulator.Build.0 = Release|Any CPU
		{0B5CB17B-8226-4DD1-97BA-F8E3392F88BB}.Release|Mixed Platforms.ActiveCfg = Release|Any CPU
		{0B5CB17B-8226-4DD1-97BA-F8E3392F88BB}.Release|Mixed Platforms.Build.0 = Release|Any CPU
		{0B5CB17B-8226-4DD1-97BA-F8E3392F88BB}.Release|x64.ActiveCfg = Release|Any CPU
		{0B5CB17B-8226-4DD1-97BA-F8E3392F88BB}.Release|x64.Build.0 = Release|Any CPU
		{0B5CB17B-8226-4DD1-97BA-F8E3392F88BB}.Release|x86.ActiveCfg = Release|Any CPU
		{0B5CB17B-8226-4DD1-97BA-F8E3392F88BB}.Release|x86.Build.0 = Release|Any CPU
	EndGlobalSection
	GlobalSection(SolutionProperties) = preSolution
		HideSolutionNode = FALSE
	EndGlobalSection
EndGlobal
