
Microsoft Visual Studio Solution File, Format Version 12.00
# Visual Studio 14
VisualStudioVersion = 14.0.25420.1
MinimumVisualStudioVersion = 10.0.40219.1
Project("{2150E333-8FDC-42A3-9474-1A3956D46DE8}") = ".nuget", ".nuget", "{68E871A4-6C4A-4BF8-AD86-E25AE2A911F7}"
	ProjectSection(SolutionItems) = preProject
		.nuget\NuGet.Config = .nuget\NuGet.Config
		.nuget\NuGet.exe = .nuget\NuGet.exe
		.nuget\NuGet.targets = .nuget\NuGet.targets
	EndProjectSection
EndProject
Project("{2150E333-8FDC-42A3-9474-1A3956D46DE8}") = "Storage", "Storage", "{D84CEB01-FEB3-4E91-B704-D47C5A146EFB}"
EndProject
Project("{FAE04EC0-301F-11D3-BF4B-00C04F79EFBC}") = "LeanCloud.Storage.Portable", "LeanCloud.Storage\LeanCloud.Storage.Portable.csproj", "{DE07A443-9619-4BD7-B540-41296F8A2959}"
EndProject
Project("{FAE04EC0-301F-11D3-BF4B-00C04F79EFBC}") = "LeanCloud.Storage.Unity", "LeanCloud.Storage\LeanCloud.Storage.Unity.csproj", "{196457AA-9BA0-40BC-91A3-21BAAD6F4169}"
EndProject
Project("{2150E333-8FDC-42A3-9474-1A3956D46DE8}") = "Core", "Core", "{F9EC5355-F32F-4582-9A34-980C4B86C8A3}"
EndProject
Project("{2150E333-8FDC-42A3-9474-1A3956D46DE8}") = "Test", "Test", "{82B18FE1-2CDE-4CA4-BB38-9B68524B350A}"
EndProject
Project("{2150E333-8FDC-42A3-9474-1A3956D46DE8}") = "Unity", "Unity", "{EDEE3219-FC84-426F-A36C-C035DAE932EE}"
EndProject
Project("{FAE04EC0-301F-11D3-BF4B-00C04F79EFBC}") = "Unity.Compat", "Unity.Compat\Unity.Compat.csproj", "{8473BEF6-7086-4414-AAD6-264967A7FE75}"
EndProject
Project("{FAE04EC0-301F-11D3-BF4B-00C04F79EFBC}") = "Unity.Tasks", "Unity.Tasks\Unity.Tasks.csproj", "{CE75C800-A97F-4464-9A8B-3F65258456BF}"
EndProject
Project("{2150E333-8FDC-42A3-9474-1A3956D46DE8}") = "Migration", "Migration", "{CA29C2A2-D7AA-4C4F-A275-723BEB25307E}"
EndProject
Project("{FAE04EC0-301F-11D3-BF4B-00C04F79EFBC}") = "LeanCloud.Core.Test.Unit.NetFx45", "LeanCloud.Core\Test\LeanCloud.Core.Test.Unit.NetFx45.csproj", "{F3937A46-F58A-4960-AFE6-AF664096C23A}"
EndProject
Project("{2150E333-8FDC-42A3-9474-1A3956D46DE8}") = "Test", "Test", "{2CEA544F-5CE8-4567-8A13-BA6CC977BB5F}"
EndProject
Project("{FAE04EC0-301F-11D3-BF4B-00C04F79EFBC}") = "LeanCloud.Core.Unity", "LeanCloud.Core\LeanCloud.Core.Unity.csproj", "{27D3F5E9-CA66-426B-BE69-9B6158071A35}"
EndProject
Project("{FAE04EC0-301F-11D3-BF4B-00C04F79EFBC}") = "LeanCloud.Core.Portable", "LeanCloud.Core\LeanCloud.Core.Portable.csproj", "{F3F65351-2CE1-4412-84B4-C36F34EAB928}"
EndProject
Project("{FAE04EC0-301F-11D3-BF4B-00C04F79EFBC}") = "LeanCloud.Storage.Test.Unit.NetFx45", "LeanCloud.Storage\Test\LeanCloud.Storage.Test.Unit.NetFx45.csproj", "{53E714FF-3EF2-48EB-B305-36E1AB37C485}"
EndProject
Project("{2150E333-8FDC-42A3-9474-1A3956D46DE8}") = "AssemblyLister", "AssemblyLister", "{55BA34E0-6E6D-44BA-AAD0-AB109685972F}"
EndProject
Project("{FAE04EC0-301F-11D3-BF4B-00C04F79EFBC}") = "AssemblyLister.NetFx", "AssemblyLister\AssemblyLister.NetFx\AssemblyLister.NetFx.csproj", "{4BBCE4F8-C097-4680-8B07-B69D567EAA5B}"
EndProject
Project("{FAE04EC0-301F-11D3-BF4B-00C04F79EFBC}") = "AssemblyLister.Portable", "AssemblyLister\AssemblyLister.Portable\AssemblyLister.Portable.csproj", "{EA65343F-7FED-450B-A1D6-3215B33B3563}"
EndProject
Project("{FAE04EC0-301F-11D3-BF4B-00C04F79EFBC}") = "AssemblyLister.Unity", "AssemblyLister\AssemblyLister.Unity\AssemblyLister.Unity.csproj", "{693A621E-FF3C-400F-B69D-382ACD50EDA7}"
EndProject
Project("{FAE04EC0-301F-11D3-BF4B-00C04F79EFBC}") = "AssemblyLister.UWP", "AssemblyLister\AssemblyLister.UWP\AssemblyLister.UWP.csproj", "{129331F5-2DAB-4301-BE2D-3C7145C08B46}"
EndProject
Project("{2150E333-8FDC-42A3-9474-1A3956D46DE8}") = "Realtime", "Realtime", "{215055FF-7738-4817-BDF9-DBCDD577C1FB}"
EndProject
Project("{FAE04EC0-301F-11D3-BF4B-00C04F79EFBC}") = "LeanCloud.Realtime.Portable", "LeanCloud.Realtime\LeanCloud.Realtime.Portable.csproj", "{6F0554F3-8CC8-4A34-BD68-33A555CCA74D}"
EndProject
Project("{2150E333-8FDC-42A3-9474-1A3956D46DE8}") = "Test", "Test", "{05025226-B949-47C9-ADFD-1258D4AEDA30}"
EndProject
Project("{2150E333-8FDC-42A3-9474-1A3956D46DE8}") = "Analytics", "Analytics", "{9244BF46-FE41-4BE7-8810-9B6D16884B68}"
EndProject
Project("{FAE04EC0-301F-11D3-BF4B-00C04F79EFBC}") = "LeanCloud.Analytics.Portable", "LeanCloud.Analytics\LeanCloud.Analytics.Portable.csproj", "{43AC01E1-AEB2-474D-856B-E81F27EF640B}"
EndProject
Project("{FAE04EC0-301F-11D3-BF4B-00C04F79EFBC}") = "LeanCloud.Analytics.Phone", "LeanCloud.Analytics\LeanCloud.Analytics.Phone.csproj", "{76490312-1E12-48D4-BD10-45C6ED4A08DC}"
EndProject
Project("{FAE04EC0-301F-11D3-BF4B-00C04F79EFBC}") = "LeanCloud.Analytics.Unity", "LeanCloud.Analytics\LeanCloud.Analytics.Unity.csproj", "{82CB2095-581A-45B5-AB4C-46BB162C29D5}"
EndProject
Project("{FAE04EC0-301F-11D3-BF4B-00C04F79EFBC}") = "LeanCloud.Analytics.WinRT", "LeanCloud.Analytics\LeanCloud.Analytics.WinRT.csproj", "{858FC395-3213-446E-BD09-72DBB11FE11C}"
EndProject
Project("{2150E333-8FDC-42A3-9474-1A3956D46DE8}") = "Test", "Test", "{43E8F9C5-DAD6-4304-A55E-48EC43515BE0}"
EndProject
Project("{FAE04EC0-301F-11D3-BF4B-00C04F79EFBC}") = "LeanCloud.Analytics.Test.Unit.NetFx45", "LeanCloud.Analytics\Test\LeanCloud.Analytics.Test.Unit.NetFx45.csproj", "{5E1D2160-915E-4F67-AD55-918BFCB57F5B}"
EndProject
Project("{FAE04EC0-301F-11D3-BF4B-00C04F79EFBC}") = "LeanCloud.Realtime.Unity", "LeanCloud.Realtime\LeanCloud.Realtime.Unity.csproj", "{932D8AE3-F5F0-4B01-9CE2-00208472AEE8}"
EndProject
Project("{FAE04EC0-301F-11D3-BF4B-00C04F79EFBC}") = "LeanCloud.Realtime.Test.Unit.NetFx45", "LeanCloud.Realtime\Test\LeanCloud.Realtime.Test.Unit.NetFx45.csproj", "{5A66D4FA-6009-42A0-B511-CE075220F1FB}"
EndProject
Global
	GlobalSection(SolutionConfigurationPlatforms) = preSolution
		Ad-Hoc|Any CPU = Ad-Hoc|Any CPU
		Ad-Hoc|ARM = Ad-Hoc|ARM
		Ad-Hoc|iPhone = Ad-Hoc|iPhone
		Ad-Hoc|iPhoneSimulator = Ad-Hoc|iPhoneSimulator
		Ad-Hoc|Mixed Platforms = Ad-Hoc|Mixed Platforms
		Ad-Hoc|x64 = Ad-Hoc|x64
		Ad-Hoc|x86 = Ad-Hoc|x86
		AppStore|Any CPU = AppStore|Any CPU
		AppStore|ARM = AppStore|ARM
		AppStore|iPhone = AppStore|iPhone
		AppStore|iPhoneSimulator = AppStore|iPhoneSimulator
		AppStore|Mixed Platforms = AppStore|Mixed Platforms
		AppStore|x64 = AppStore|x64
		AppStore|x86 = AppStore|x86
		Debug|Any CPU = Debug|Any CPU
		Debug|ARM = Debug|ARM
		Debug|iPhone = Debug|iPhone
		Debug|iPhoneSimulator = Debug|iPhoneSimulator
		Debug|Mixed Platforms = Debug|Mixed Platforms
		Debug|x64 = Debug|x64
		Debug|x86 = Debug|x86
		Release|Any CPU = Release|Any CPU
		Release|ARM = Release|ARM
		Release|iPhone = Release|iPhone
		Release|iPhoneSimulator = Release|iPhoneSimulator
		Release|Mixed Platforms = Release|Mixed Platforms
		Release|x64 = Release|x64
		Release|x86 = Release|x86
	EndGlobalSection
	GlobalSection(ProjectConfigurationPlatforms) = postSolution
		{DE07A443-9619-4BD7-B540-41296F8A2959}.Ad-Hoc|Any CPU.ActiveCfg = Release|Any CPU
		{DE07A443-9619-4BD7-B540-41296F8A2959}.Ad-Hoc|Any CPU.Build.0 = Release|Any CPU
		{DE07A443-9619-4BD7-B540-41296F8A2959}.Ad-Hoc|ARM.ActiveCfg = Release|Any CPU
		{DE07A443-9619-4BD7-B540-41296F8A2959}.Ad-Hoc|iPhone.ActiveCfg = Release|Any CPU
		{DE07A443-9619-4BD7-B540-41296F8A2959}.Ad-Hoc|iPhoneSimulator.ActiveCfg = Release|Any CPU
		{DE07A443-9619-4BD7-B540-41296F8A2959}.Ad-Hoc|Mixed Platforms.ActiveCfg = Release|Any CPU
		{DE07A443-9619-4BD7-B540-41296F8A2959}.Ad-Hoc|Mixed Platforms.Build.0 = Release|Any CPU
		{DE07A443-9619-4BD7-B540-41296F8A2959}.Ad-Hoc|x64.ActiveCfg = Release|Any CPU
		{DE07A443-9619-4BD7-B540-41296F8A2959}.Ad-Hoc|x86.ActiveCfg = Release|Any CPU
		{DE07A443-9619-4BD7-B540-41296F8A2959}.AppStore|Any CPU.ActiveCfg = Release|Any CPU
		{DE07A443-9619-4BD7-B540-41296F8A2959}.AppStore|Any CPU.Build.0 = Release|Any CPU
		{DE07A443-9619-4BD7-B540-41296F8A2959}.AppStore|ARM.ActiveCfg = Release|Any CPU
		{DE07A443-9619-4BD7-B540-41296F8A2959}.AppStore|iPhone.ActiveCfg = Release|Any CPU
		{DE07A443-9619-4BD7-B540-41296F8A2959}.AppStore|iPhoneSimulator.ActiveCfg = Release|Any CPU
		{DE07A443-9619-4BD7-B540-41296F8A2959}.AppStore|Mixed Platforms.ActiveCfg = Release|Any CPU
		{DE07A443-9619-4BD7-B540-41296F8A2959}.AppStore|Mixed Platforms.Build.0 = Release|Any CPU
		{DE07A443-9619-4BD7-B540-41296F8A2959}.AppStore|x64.ActiveCfg = Release|Any CPU
		{DE07A443-9619-4BD7-B540-41296F8A2959}.AppStore|x86.ActiveCfg = Release|Any CPU
		{DE07A443-9619-4BD7-B540-41296F8A2959}.Debug|Any CPU.ActiveCfg = Debug|Any CPU
		{DE07A443-9619-4BD7-B540-41296F8A2959}.Debug|Any CPU.Build.0 = Debug|Any CPU
		{DE07A443-9619-4BD7-B540-41296F8A2959}.Debug|ARM.ActiveCfg = Debug|Any CPU
		{DE07A443-9619-4BD7-B540-41296F8A2959}.Debug|iPhone.ActiveCfg = Debug|Any CPU
		{DE07A443-9619-4BD7-B540-41296F8A2959}.Debug|iPhoneSimulator.ActiveCfg = Debug|Any CPU
		{DE07A443-9619-4BD7-B540-41296F8A2959}.Debug|Mixed Platforms.ActiveCfg = Debug|Any CPU
		{DE07A443-9619-4BD7-B540-41296F8A2959}.Debug|Mixed Platforms.Build.0 = Debug|Any CPU
		{DE07A443-9619-4BD7-B540-41296F8A2959}.Debug|x64.ActiveCfg = Debug|Any CPU
		{DE07A443-9619-4BD7-B540-41296F8A2959}.Debug|x86.ActiveCfg = Debug|Any CPU
		{DE07A443-9619-4BD7-B540-41296F8A2959}.Release|Any CPU.ActiveCfg = Release|Any CPU
		{DE07A443-9619-4BD7-B540-41296F8A2959}.Release|Any CPU.Build.0 = Release|Any CPU
		{DE07A443-9619-4BD7-B540-41296F8A2959}.Release|ARM.ActiveCfg = Release|Any CPU
		{DE07A443-9619-4BD7-B540-41296F8A2959}.Release|iPhone.ActiveCfg = Release|Any CPU
		{DE07A443-9619-4BD7-B540-41296F8A2959}.Release|iPhoneSimulator.ActiveCfg = Release|Any CPU
		{DE07A443-9619-4BD7-B540-41296F8A2959}.Release|Mixed Platforms.ActiveCfg = Release|Any CPU
		{DE07A443-9619-4BD7-B540-41296F8A2959}.Release|Mixed Platforms.Build.0 = Release|Any CPU
		{DE07A443-9619-4BD7-B540-41296F8A2959}.Release|x64.ActiveCfg = Release|Any CPU
		{DE07A443-9619-4BD7-B540-41296F8A2959}.Release|x86.ActiveCfg = Release|Any CPU
		{196457AA-9BA0-40BC-91A3-21BAAD6F4169}.Ad-Hoc|Any CPU.ActiveCfg = Release|Any CPU
		{196457AA-9BA0-40BC-91A3-21BAAD6F4169}.Ad-Hoc|ARM.ActiveCfg = Release|Any CPU
		{196457AA-9BA0-40BC-91A3-21BAAD6F4169}.Ad-Hoc|iPhone.ActiveCfg = Release|Any CPU
		{196457AA-9BA0-40BC-91A3-21BAAD6F4169}.Ad-Hoc|iPhoneSimulator.ActiveCfg = Release|Any CPU
		{196457AA-9BA0-40BC-91A3-21BAAD6F4169}.Ad-Hoc|Mixed Platforms.ActiveCfg = Release|Any CPU
		{196457AA-9BA0-40BC-91A3-21BAAD6F4169}.Ad-Hoc|Mixed Platforms.Build.0 = Release|Any CPU
		{196457AA-9BA0-40BC-91A3-21BAAD6F4169}.Ad-Hoc|x64.ActiveCfg = Release|Any CPU
		{196457AA-9BA0-40BC-91A3-21BAAD6F4169}.Ad-Hoc|x86.ActiveCfg = Release|Any CPU
		{196457AA-9BA0-40BC-91A3-21BAAD6F4169}.AppStore|Any CPU.ActiveCfg = Release|Any CPU
		{196457AA-9BA0-40BC-91A3-21BAAD6F4169}.AppStore|ARM.ActiveCfg = Release|Any CPU
		{196457AA-9BA0-40BC-91A3-21BAAD6F4169}.AppStore|iPhone.ActiveCfg = Release|Any CPU
		{196457AA-9BA0-40BC-91A3-21BAAD6F4169}.AppStore|iPhoneSimulator.ActiveCfg = Release|Any CPU
		{196457AA-9BA0-40BC-91A3-21BAAD6F4169}.AppStore|Mixed Platforms.ActiveCfg = Release|Any CPU
		{196457AA-9BA0-40BC-91A3-21BAAD6F4169}.AppStore|Mixed Platforms.Build.0 = Release|Any CPU
		{196457AA-9BA0-40BC-91A3-21BAAD6F4169}.AppStore|x64.ActiveCfg = Release|Any CPU
		{196457AA-9BA0-40BC-91A3-21BAAD6F4169}.AppStore|x86.ActiveCfg = Release|Any CPU
		{196457AA-9BA0-40BC-91A3-21BAAD6F4169}.Debug|Any CPU.ActiveCfg = Debug|Any CPU
		{196457AA-9BA0-40BC-91A3-21BAAD6F4169}.Debug|Any CPU.Build.0 = Debug|Any CPU
		{196457AA-9BA0-40BC-91A3-21BAAD6F4169}.Debug|ARM.ActiveCfg = Debug|Any CPU
		{196457AA-9BA0-40BC-91A3-21BAAD6F4169}.Debug|iPhone.ActiveCfg = Debug|Any CPU
		{196457AA-9BA0-40BC-91A3-21BAAD6F4169}.Debug|iPhoneSimulator.ActiveCfg = Debug|Any CPU
		{196457AA-9BA0-40BC-91A3-21BAAD6F4169}.Debug|Mixed Platforms.ActiveCfg = Debug|Any CPU
		{196457AA-9BA0-40BC-91A3-21BAAD6F4169}.Debug|Mixed Platforms.Build.0 = Debug|Any CPU
		{196457AA-9BA0-40BC-91A3-21BAAD6F4169}.Debug|x64.ActiveCfg = Debug|Any CPU
		{196457AA-9BA0-40BC-91A3-21BAAD6F4169}.Debug|x86.ActiveCfg = Debug|Any CPU
		{196457AA-9BA0-40BC-91A3-21BAAD6F4169}.Release|Any CPU.ActiveCfg = Release|Any CPU
		{196457AA-9BA0-40BC-91A3-21BAAD6F4169}.Release|Any CPU.Build.0 = Release|Any CPU
		{196457AA-9BA0-40BC-91A3-21BAAD6F4169}.Release|ARM.ActiveCfg = Release|Any CPU
		{196457AA-9BA0-40BC-91A3-21BAAD6F4169}.Release|iPhone.ActiveCfg = Release|Any CPU
		{196457AA-9BA0-40BC-91A3-21BAAD6F4169}.Release|iPhoneSimulator.ActiveCfg = Release|Any CPU
		{196457AA-9BA0-40BC-91A3-21BAAD6F4169}.Release|Mixed Platforms.ActiveCfg = Release|Any CPU
		{196457AA-9BA0-40BC-91A3-21BAAD6F4169}.Release|Mixed Platforms.Build.0 = Release|Any CPU
		{196457AA-9BA0-40BC-91A3-21BAAD6F4169}.Release|x64.ActiveCfg = Release|Any CPU
		{196457AA-9BA0-40BC-91A3-21BAAD6F4169}.Release|x86.ActiveCfg = Release|Any CPU
		{8473BEF6-7086-4414-AAD6-264967A7FE75}.Ad-Hoc|Any CPU.ActiveCfg = Release|Any CPU
		{8473BEF6-7086-4414-AAD6-264967A7FE75}.Ad-Hoc|Any CPU.Build.0 = Release|Any CPU
		{8473BEF6-7086-4414-AAD6-264967A7FE75}.Ad-Hoc|ARM.ActiveCfg = Release|Any CPU
		{8473BEF6-7086-4414-AAD6-264967A7FE75}.Ad-Hoc|iPhone.ActiveCfg = Release|Any CPU
		{8473BEF6-7086-4414-AAD6-264967A7FE75}.Ad-Hoc|iPhoneSimulator.ActiveCfg = Release|Any CPU
		{8473BEF6-7086-4414-AAD6-264967A7FE75}.Ad-Hoc|Mixed Platforms.ActiveCfg = Release|Any CPU
		{8473BEF6-7086-4414-AAD6-264967A7FE75}.Ad-Hoc|Mixed Platforms.Build.0 = Release|Any CPU
		{8473BEF6-7086-4414-AAD6-264967A7FE75}.Ad-Hoc|x64.ActiveCfg = Release|Any CPU
		{8473BEF6-7086-4414-AAD6-264967A7FE75}.Ad-Hoc|x86.ActiveCfg = Release|Any CPU
		{8473BEF6-7086-4414-AAD6-264967A7FE75}.AppStore|Any CPU.ActiveCfg = Release|Any CPU
		{8473BEF6-7086-4414-AAD6-264967A7FE75}.AppStore|Any CPU.Build.0 = Release|Any CPU
		{8473BEF6-7086-4414-AAD6-264967A7FE75}.AppStore|ARM.ActiveCfg = Release|Any CPU
		{8473BEF6-7086-4414-AAD6-264967A7FE75}.AppStore|iPhone.ActiveCfg = Release|Any CPU
		{8473BEF6-7086-4414-AAD6-264967A7FE75}.AppStore|iPhoneSimulator.ActiveCfg = Release|Any CPU
		{8473BEF6-7086-4414-AAD6-264967A7FE75}.AppStore|Mixed Platforms.ActiveCfg = Release|Any CPU
		{8473BEF6-7086-4414-AAD6-264967A7FE75}.AppStore|Mixed Platforms.Build.0 = Release|Any CPU
		{8473BEF6-7086-4414-AAD6-264967A7FE75}.AppStore|x64.ActiveCfg = Release|Any CPU
		{8473BEF6-7086-4414-AAD6-264967A7FE75}.AppStore|x86.ActiveCfg = Release|Any CPU
		{8473BEF6-7086-4414-AAD6-264967A7FE75}.Debug|Any CPU.ActiveCfg = Debug|Any CPU
		{8473BEF6-7086-4414-AAD6-264967A7FE75}.Debug|Any CPU.Build.0 = Debug|Any CPU
		{8473BEF6-7086-4414-AAD6-264967A7FE75}.Debug|ARM.ActiveCfg = Debug|Any CPU
		{8473BEF6-7086-4414-AAD6-264967A7FE75}.Debug|iPhone.ActiveCfg = Debug|Any CPU
		{8473BEF6-7086-4414-AAD6-264967A7FE75}.Debug|iPhoneSimulator.ActiveCfg = Debug|Any CPU
		{8473BEF6-7086-4414-AAD6-264967A7FE75}.Debug|Mixed Platforms.ActiveCfg = Debug|Any CPU
		{8473BEF6-7086-4414-AAD6-264967A7FE75}.Debug|Mixed Platforms.Build.0 = Debug|Any CPU
		{8473BEF6-7086-4414-AAD6-264967A7FE75}.Debug|x64.ActiveCfg = Debug|Any CPU
		{8473BEF6-7086-4414-AAD6-264967A7FE75}.Debug|x86.ActiveCfg = Debug|Any CPU
		{8473BEF6-7086-4414-AAD6-264967A7FE75}.Release|Any CPU.ActiveCfg = Release|Any CPU
		{8473BEF6-7086-4414-AAD6-264967A7FE75}.Release|Any CPU.Build.0 = Release|Any CPU
		{8473BEF6-7086-4414-AAD6-264967A7FE75}.Release|ARM.ActiveCfg = Release|Any CPU
		{8473BEF6-7086-4414-AAD6-264967A7FE75}.Release|iPhone.ActiveCfg = Release|Any CPU
		{8473BEF6-7086-4414-AAD6-264967A7FE75}.Release|iPhoneSimulator.ActiveCfg = Release|Any CPU
		{8473BEF6-7086-4414-AAD6-264967A7FE75}.Release|Mixed Platforms.ActiveCfg = Release|Any CPU
		{8473BEF6-7086-4414-AAD6-264967A7FE75}.Release|Mixed Platforms.Build.0 = Release|Any CPU
		{8473BEF6-7086-4414-AAD6-264967A7FE75}.Release|x64.ActiveCfg = Release|Any CPU
		{8473BEF6-7086-4414-AAD6-264967A7FE75}.Release|x86.ActiveCfg = Release|Any CPU
		{CE75C800-A97F-4464-9A8B-3F65258456BF}.Ad-Hoc|Any CPU.ActiveCfg = Release|Any CPU
		{CE75C800-A97F-4464-9A8B-3F65258456BF}.Ad-Hoc|Any CPU.Build.0 = Release|Any CPU
		{CE75C800-A97F-4464-9A8B-3F65258456BF}.Ad-Hoc|ARM.ActiveCfg = Release|Any CPU
		{CE75C800-A97F-4464-9A8B-3F65258456BF}.Ad-Hoc|iPhone.ActiveCfg = Release|Any CPU
		{CE75C800-A97F-4464-9A8B-3F65258456BF}.Ad-Hoc|iPhoneSimulator.ActiveCfg = Release|Any CPU
		{CE75C800-A97F-4464-9A8B-3F65258456BF}.Ad-Hoc|Mixed Platforms.ActiveCfg = Release|Any CPU
		{CE75C800-A97F-4464-9A8B-3F65258456BF}.Ad-Hoc|Mixed Platforms.Build.0 = Release|Any CPU
		{CE75C800-A97F-4464-9A8B-3F65258456BF}.Ad-Hoc|x64.ActiveCfg = Release|Any CPU
		{CE75C800-A97F-4464-9A8B-3F65258456BF}.Ad-Hoc|x86.ActiveCfg = Release|Any CPU
		{CE75C800-A97F-4464-9A8B-3F65258456BF}.AppStore|Any CPU.ActiveCfg = Release|Any CPU
		{CE75C800-A97F-4464-9A8B-3F65258456BF}.AppStore|Any CPU.Build.0 = Release|Any CPU
		{CE75C800-A97F-4464-9A8B-3F65258456BF}.AppStore|ARM.ActiveCfg = Release|Any CPU
		{CE75C800-A97F-4464-9A8B-3F65258456BF}.AppStore|iPhone.ActiveCfg = Release|Any CPU
		{CE75C800-A97F-4464-9A8B-3F65258456BF}.AppStore|iPhoneSimulator.ActiveCfg = Release|Any CPU
		{CE75C800-A97F-4464-9A8B-3F65258456BF}.AppStore|Mixed Platforms.ActiveCfg = Release|Any CPU
		{CE75C800-A97F-4464-9A8B-3F65258456BF}.AppStore|Mixed Platforms.Build.0 = Release|Any CPU
		{CE75C800-A97F-4464-9A8B-3F65258456BF}.AppStore|x64.ActiveCfg = Release|Any CPU
		{CE75C800-A97F-4464-9A8B-3F65258456BF}.AppStore|x86.ActiveCfg = Release|Any CPU
		{CE75C800-A97F-4464-9A8B-3F65258456BF}.Debug|Any CPU.ActiveCfg = Debug|Any CPU
		{CE75C800-A97F-4464-9A8B-3F65258456BF}.Debug|Any CPU.Build.0 = Debug|Any CPU
		{CE75C800-A97F-4464-9A8B-3F65258456BF}.Debug|ARM.ActiveCfg = Debug|Any CPU
		{CE75C800-A97F-4464-9A8B-3F65258456BF}.Debug|iPhone.ActiveCfg = Debug|Any CPU
		{CE75C800-A97F-4464-9A8B-3F65258456BF}.Debug|iPhoneSimulator.ActiveCfg = Debug|Any CPU
		{CE75C800-A97F-4464-9A8B-3F65258456BF}.Debug|Mixed Platforms.ActiveCfg = Debug|Any CPU
		{CE75C800-A97F-4464-9A8B-3F65258456BF}.Debug|Mixed Platforms.Build.0 = Debug|Any CPU
		{CE75C800-A97F-4464-9A8B-3F65258456BF}.Debug|x64.ActiveCfg = Debug|Any CPU
		{CE75C800-A97F-4464-9A8B-3F65258456BF}.Debug|x86.ActiveCfg = Debug|Any CPU
		{CE75C800-A97F-4464-9A8B-3F65258456BF}.Release|Any CPU.ActiveCfg = Release|Any CPU
		{CE75C800-A97F-4464-9A8B-3F65258456BF}.Release|Any CPU.Build.0 = Release|Any CPU
		{CE75C800-A97F-4464-9A8B-3F65258456BF}.Release|ARM.ActiveCfg = Release|Any CPU
		{CE75C800-A97F-4464-9A8B-3F65258456BF}.Release|iPhone.ActiveCfg = Release|Any CPU
		{CE75C800-A97F-4464-9A8B-3F65258456BF}.Release|iPhoneSimulator.ActiveCfg = Release|Any CPU
		{CE75C800-A97F-4464-9A8B-3F65258456BF}.Release|Mixed Platforms.ActiveCfg = Release|Any CPU
		{CE75C800-A97F-4464-9A8B-3F65258456BF}.Release|Mixed Platforms.Build.0 = Release|Any CPU
		{CE75C800-A97F-4464-9A8B-3F65258456BF}.Release|x64.ActiveCfg = Release|Any CPU
		{CE75C800-A97F-4464-9A8B-3F65258456BF}.Release|x86.ActiveCfg = Release|Any CPU
		{F3937A46-F58A-4960-AFE6-AF664096C23A}.Ad-Hoc|Any CPU.ActiveCfg = Release|Any CPU
		{F3937A46-F58A-4960-AFE6-AF664096C23A}.Ad-Hoc|Any CPU.Build.0 = Release|Any CPU
		{F3937A46-F58A-4960-AFE6-AF664096C23A}.Ad-Hoc|ARM.ActiveCfg = Release|Any CPU
		{F3937A46-F58A-4960-AFE6-AF664096C23A}.Ad-Hoc|iPhone.ActiveCfg = Release|Any CPU
		{F3937A46-F58A-4960-AFE6-AF664096C23A}.Ad-Hoc|iPhoneSimulator.ActiveCfg = Release|Any CPU
		{F3937A46-F58A-4960-AFE6-AF664096C23A}.Ad-Hoc|Mixed Platforms.ActiveCfg = Release|Any CPU
		{F3937A46-F58A-4960-AFE6-AF664096C23A}.Ad-Hoc|Mixed Platforms.Build.0 = Release|Any CPU
		{F3937A46-F58A-4960-AFE6-AF664096C23A}.Ad-Hoc|x64.ActiveCfg = Release|Any CPU
		{F3937A46-F58A-4960-AFE6-AF664096C23A}.Ad-Hoc|x86.ActiveCfg = Release|Any CPU
		{F3937A46-F58A-4960-AFE6-AF664096C23A}.AppStore|Any CPU.ActiveCfg = Release|Any CPU
		{F3937A46-F58A-4960-AFE6-AF664096C23A}.AppStore|Any CPU.Build.0 = Release|Any CPU
		{F3937A46-F58A-4960-AFE6-AF664096C23A}.AppStore|ARM.ActiveCfg = Release|Any CPU
		{F3937A46-F58A-4960-AFE6-AF664096C23A}.AppStore|iPhone.ActiveCfg = Release|Any CPU
		{F3937A46-F58A-4960-AFE6-AF664096C23A}.AppStore|iPhoneSimulator.ActiveCfg = Release|Any CPU
		{F3937A46-F58A-4960-AFE6-AF664096C23A}.AppStore|Mixed Platforms.ActiveCfg = Release|Any CPU
		{F3937A46-F58A-4960-AFE6-AF664096C23A}.AppStore|Mixed Platforms.Build.0 = Release|Any CPU
		{F3937A46-F58A-4960-AFE6-AF664096C23A}.AppStore|x64.ActiveCfg = Release|Any CPU
		{F3937A46-F58A-4960-AFE6-AF664096C23A}.AppStore|x86.ActiveCfg = Release|Any CPU
		{F3937A46-F58A-4960-AFE6-AF664096C23A}.Debug|Any CPU.ActiveCfg = Debug|Any CPU
		{F3937A46-F58A-4960-AFE6-AF664096C23A}.Debug|Any CPU.Build.0 = Debug|Any CPU
		{F3937A46-F58A-4960-AFE6-AF664096C23A}.Debug|ARM.ActiveCfg = Debug|Any CPU
		{F3937A46-F58A-4960-AFE6-AF664096C23A}.Debug|iPhone.ActiveCfg = Debug|Any CPU
		{F3937A46-F58A-4960-AFE6-AF664096C23A}.Debug|iPhoneSimulator.ActiveCfg = Debug|Any CPU
		{F3937A46-F58A-4960-AFE6-AF664096C23A}.Debug|Mixed Platforms.ActiveCfg = Debug|Any CPU
		{F3937A46-F58A-4960-AFE6-AF664096C23A}.Debug|Mixed Platforms.Build.0 = Debug|Any CPU
		{F3937A46-F58A-4960-AFE6-AF664096C23A}.Debug|x64.ActiveCfg = Debug|Any CPU
		{F3937A46-F58A-4960-AFE6-AF664096C23A}.Debug|x86.ActiveCfg = Debug|Any CPU
		{F3937A46-F58A-4960-AFE6-AF664096C23A}.Release|Any CPU.ActiveCfg = Release|Any CPU
		{F3937A46-F58A-4960-AFE6-AF664096C23A}.Release|Any CPU.Build.0 = Release|Any CPU
		{F3937A46-F58A-4960-AFE6-AF664096C23A}.Release|ARM.ActiveCfg = Release|Any CPU
		{F3937A46-F58A-4960-AFE6-AF664096C23A}.Release|iPhone.ActiveCfg = Release|Any CPU
		{F3937A46-F58A-4960-AFE6-AF664096C23A}.Release|iPhoneSimulator.ActiveCfg = Release|Any CPU
		{F3937A46-F58A-4960-AFE6-AF664096C23A}.Release|Mixed Platforms.ActiveCfg = Release|Any CPU
		{F3937A46-F58A-4960-AFE6-AF664096C23A}.Release|Mixed Platforms.Build.0 = Release|Any CPU
		{F3937A46-F58A-4960-AFE6-AF664096C23A}.Release|x64.ActiveCfg = Release|Any CPU
		{F3937A46-F58A-4960-AFE6-AF664096C23A}.Release|x86.ActiveCfg = Release|Any CPU
		{27D3F5E9-CA66-426B-BE69-9B6158071A35}.Ad-Hoc|Any CPU.ActiveCfg = Release|Any CPU
		{27D3F5E9-CA66-426B-BE69-9B6158071A35}.Ad-Hoc|ARM.ActiveCfg = Release|Any CPU
		{27D3F5E9-CA66-426B-BE69-9B6158071A35}.Ad-Hoc|iPhone.ActiveCfg = Release|Any CPU
		{27D3F5E9-CA66-426B-BE69-9B6158071A35}.Ad-Hoc|iPhoneSimulator.ActiveCfg = Release|Any CPU
		{27D3F5E9-CA66-426B-BE69-9B6158071A35}.Ad-Hoc|Mixed Platforms.ActiveCfg = Release|Any CPU
		{27D3F5E9-CA66-426B-BE69-9B6158071A35}.Ad-Hoc|x64.ActiveCfg = Release|Any CPU
		{27D3F5E9-CA66-426B-BE69-9B6158071A35}.Ad-Hoc|x86.ActiveCfg = Release|Any CPU
		{27D3F5E9-CA66-426B-BE69-9B6158071A35}.AppStore|Any CPU.ActiveCfg = Release|Any CPU
		{27D3F5E9-CA66-426B-BE69-9B6158071A35}.AppStore|ARM.ActiveCfg = Release|Any CPU
		{27D3F5E9-CA66-426B-BE69-9B6158071A35}.AppStore|iPhone.ActiveCfg = Release|Any CPU
		{27D3F5E9-CA66-426B-BE69-9B6158071A35}.AppStore|iPhoneSimulator.ActiveCfg = Release|Any CPU
		{27D3F5E9-CA66-426B-BE69-9B6158071A35}.AppStore|Mixed Platforms.ActiveCfg = Release|Any CPU
		{27D3F5E9-CA66-426B-BE69-9B6158071A35}.AppStore|x64.ActiveCfg = Release|Any CPU
		{27D3F5E9-CA66-426B-BE69-9B6158071A35}.AppStore|x86.ActiveCfg = Release|Any CPU
		{27D3F5E9-CA66-426B-BE69-9B6158071A35}.Debug|Any CPU.ActiveCfg = Debug|Any CPU
		{27D3F5E9-CA66-426B-BE69-9B6158071A35}.Debug|Any CPU.Build.0 = Debug|Any CPU
		{27D3F5E9-CA66-426B-BE69-9B6158071A35}.Debug|ARM.ActiveCfg = Debug|Any CPU
		{27D3F5E9-CA66-426B-BE69-9B6158071A35}.Debug|iPhone.ActiveCfg = Debug|Any CPU
		{27D3F5E9-CA66-426B-BE69-9B6158071A35}.Debug|iPhoneSimulator.ActiveCfg = Debug|Any CPU
		{27D3F5E9-CA66-426B-BE69-9B6158071A35}.Debug|Mixed Platforms.ActiveCfg = Debug|Any CPU
		{27D3F5E9-CA66-426B-BE69-9B6158071A35}.Debug|Mixed Platforms.Build.0 = Debug|Any CPU
		{27D3F5E9-CA66-426B-BE69-9B6158071A35}.Debug|x64.ActiveCfg = Debug|Any CPU
		{27D3F5E9-CA66-426B-BE69-9B6158071A35}.Debug|x86.ActiveCfg = Debug|Any CPU
		{27D3F5E9-CA66-426B-BE69-9B6158071A35}.Release|Any CPU.ActiveCfg = Release|Any CPU
		{27D3F5E9-CA66-426B-BE69-9B6158071A35}.Release|Any CPU.Build.0 = Release|Any CPU
		{27D3F5E9-CA66-426B-BE69-9B6158071A35}.Release|ARM.ActiveCfg = Release|Any CPU
		{27D3F5E9-CA66-426B-BE69-9B6158071A35}.Release|iPhone.ActiveCfg = Release|Any CPU
		{27D3F5E9-CA66-426B-BE69-9B6158071A35}.Release|iPhoneSimulator.ActiveCfg = Release|Any CPU
		{27D3F5E9-CA66-426B-BE69-9B6158071A35}.Release|Mixed Platforms.ActiveCfg = Release|Any CPU
		{27D3F5E9-CA66-426B-BE69-9B6158071A35}.Release|x64.ActiveCfg = Release|Any CPU
		{27D3F5E9-CA66-426B-BE69-9B6158071A35}.Release|x86.ActiveCfg = Release|Any CPU
		{F3F65351-2CE1-4412-84B4-C36F34EAB928}.Ad-Hoc|Any CPU.ActiveCfg = Release|Any CPU
		{F3F65351-2CE1-4412-84B4-C36F34EAB928}.Ad-Hoc|Any CPU.Build.0 = Release|Any CPU
		{F3F65351-2CE1-4412-84B4-C36F34EAB928}.Ad-Hoc|ARM.ActiveCfg = Release|Any CPU
		{F3F65351-2CE1-4412-84B4-C36F34EAB928}.Ad-Hoc|iPhone.ActiveCfg = Release|Any CPU
		{F3F65351-2CE1-4412-84B4-C36F34EAB928}.Ad-Hoc|iPhoneSimulator.ActiveCfg = Release|Any CPU
		{F3F65351-2CE1-4412-84B4-C36F34EAB928}.Ad-Hoc|Mixed Platforms.ActiveCfg = Release|Any CPU
		{F3F65351-2CE1-4412-84B4-C36F34EAB928}.Ad-Hoc|Mixed Platforms.Build.0 = Release|Any CPU
		{F3F65351-2CE1-4412-84B4-C36F34EAB928}.Ad-Hoc|x64.ActiveCfg = Release|Any CPU
		{F3F65351-2CE1-4412-84B4-C36F34EAB928}.Ad-Hoc|x86.ActiveCfg = Release|Any CPU
		{F3F65351-2CE1-4412-84B4-C36F34EAB928}.AppStore|Any CPU.ActiveCfg = Release|Any CPU
		{F3F65351-2CE1-4412-84B4-C36F34EAB928}.AppStore|Any CPU.Build.0 = Release|Any CPU
		{F3F65351-2CE1-4412-84B4-C36F34EAB928}.AppStore|ARM.ActiveCfg = Release|Any CPU
		{F3F65351-2CE1-4412-84B4-C36F34EAB928}.AppStore|iPhone.ActiveCfg = Release|Any CPU
		{F3F65351-2CE1-4412-84B4-C36F34EAB928}.AppStore|iPhoneSimulator.ActiveCfg = Release|Any CPU
		{F3F65351-2CE1-4412-84B4-C36F34EAB928}.AppStore|Mixed Platforms.ActiveCfg = Release|Any CPU
		{F3F65351-2CE1-4412-84B4-C36F34EAB928}.AppStore|Mixed Platforms.Build.0 = Release|Any CPU
		{F3F65351-2CE1-4412-84B4-C36F34EAB928}.AppStore|x64.ActiveCfg = Release|Any CPU
		{F3F65351-2CE1-4412-84B4-C36F34EAB928}.AppStore|x86.ActiveCfg = Release|Any CPU
		{F3F65351-2CE1-4412-84B4-C36F34EAB928}.Debug|Any CPU.ActiveCfg = Debug|Any CPU
		{F3F65351-2CE1-4412-84B4-C36F34EAB928}.Debug|Any CPU.Build.0 = Debug|Any CPU
		{F3F65351-2CE1-4412-84B4-C36F34EAB928}.Debug|ARM.ActiveCfg = Debug|Any CPU
		{F3F65351-2CE1-4412-84B4-C36F34EAB928}.Debug|iPhone.ActiveCfg = Debug|Any CPU
		{F3F65351-2CE1-4412-84B4-C36F34EAB928}.Debug|iPhoneSimulator.ActiveCfg = Debug|Any CPU
		{F3F65351-2CE1-4412-84B4-C36F34EAB928}.Debug|Mixed Platforms.ActiveCfg = Debug|Any CPU
		{F3F65351-2CE1-4412-84B4-C36F34EAB928}.Debug|Mixed Platforms.Build.0 = Debug|Any CPU
		{F3F65351-2CE1-4412-84B4-C36F34EAB928}.Debug|x64.ActiveCfg = Debug|Any CPU
		{F3F65351-2CE1-4412-84B4-C36F34EAB928}.Debug|x86.ActiveCfg = Debug|Any CPU
		{F3F65351-2CE1-4412-84B4-C36F34EAB928}.Release|Any CPU.ActiveCfg = Release|Any CPU
		{F3F65351-2CE1-4412-84B4-C36F34EAB928}.Release|Any CPU.Build.0 = Release|Any CPU
		{F3F65351-2CE1-4412-84B4-C36F34EAB928}.Release|ARM.ActiveCfg = Release|Any CPU
		{F3F65351-2CE1-4412-84B4-C36F34EAB928}.Release|iPhone.ActiveCfg = Release|Any CPU
		{F3F65351-2CE1-4412-84B4-C36F34EAB928}.Release|iPhoneSimulator.ActiveCfg = Release|Any CPU
		{F3F65351-2CE1-4412-84B4-C36F34EAB928}.Release|Mixed Platforms.ActiveCfg = Release|Any CPU
		{F3F65351-2CE1-4412-84B4-C36F34EAB928}.Release|Mixed Platforms.Build.0 = Release|Any CPU
		{F3F65351-2CE1-4412-84B4-C36F34EAB928}.Release|x64.ActiveCfg = Release|Any CPU
		{F3F65351-2CE1-4412-84B4-C36F34EAB928}.Release|x86.ActiveCfg = Release|Any CPU
		{53E714FF-3EF2-48EB-B305-36E1AB37C485}.Ad-Hoc|Any CPU.ActiveCfg = Release|Any CPU
		{53E714FF-3EF2-48EB-B305-36E1AB37C485}.Ad-Hoc|Any CPU.Build.0 = Release|Any CPU
		{53E714FF-3EF2-48EB-B305-36E1AB37C485}.Ad-Hoc|ARM.ActiveCfg = Release|Any CPU
		{53E714FF-3EF2-48EB-B305-36E1AB37C485}.Ad-Hoc|iPhone.ActiveCfg = Release|Any CPU
		{53E714FF-3EF2-48EB-B305-36E1AB37C485}.Ad-Hoc|iPhoneSimulator.ActiveCfg = Release|Any CPU
		{53E714FF-3EF2-48EB-B305-36E1AB37C485}.Ad-Hoc|Mixed Platforms.ActiveCfg = Release|Any CPU
		{53E714FF-3EF2-48EB-B305-36E1AB37C485}.Ad-Hoc|Mixed Platforms.Build.0 = Release|Any CPU
		{53E714FF-3EF2-48EB-B305-36E1AB37C485}.Ad-Hoc|x64.ActiveCfg = Release|Any CPU
		{53E714FF-3EF2-48EB-B305-36E1AB37C485}.Ad-Hoc|x86.ActiveCfg = Release|Any CPU
		{53E714FF-3EF2-48EB-B305-36E1AB37C485}.AppStore|Any CPU.ActiveCfg = Release|Any CPU
		{53E714FF-3EF2-48EB-B305-36E1AB37C485}.AppStore|Any CPU.Build.0 = Release|Any CPU
		{53E714FF-3EF2-48EB-B305-36E1AB37C485}.AppStore|ARM.ActiveCfg = Release|Any CPU
		{53E714FF-3EF2-48EB-B305-36E1AB37C485}.AppStore|iPhone.ActiveCfg = Release|Any CPU
		{53E714FF-3EF2-48EB-B305-36E1AB37C485}.AppStore|iPhoneSimulator.ActiveCfg = Release|Any CPU
		{53E714FF-3EF2-48EB-B305-36E1AB37C485}.AppStore|Mixed Platforms.ActiveCfg = Release|Any CPU
		{53E714FF-3EF2-48EB-B305-36E1AB37C485}.AppStore|Mixed Platforms.Build.0 = Release|Any CPU
		{53E714FF-3EF2-48EB-B305-36E1AB37C485}.AppStore|x64.ActiveCfg = Release|Any CPU
		{53E714FF-3EF2-48EB-B305-36E1AB37C485}.AppStore|x86.ActiveCfg = Release|Any CPU
		{53E714FF-3EF2-48EB-B305-36E1AB37C485}.Debug|Any CPU.ActiveCfg = Debug|Any CPU
		{53E714FF-3EF2-48EB-B305-36E1AB37C485}.Debug|Any CPU.Build.0 = Debug|Any CPU
		{53E714FF-3EF2-48EB-B305-36E1AB37C485}.Debug|ARM.ActiveCfg = Debug|Any CPU
		{53E714FF-3EF2-48EB-B305-36E1AB37C485}.Debug|iPhone.ActiveCfg = Debug|Any CPU
		{53E714FF-3EF2-48EB-B305-36E1AB37C485}.Debug|iPhoneSimulator.ActiveCfg = Debug|Any CPU
		{53E714FF-3EF2-48EB-B305-36E1AB37C485}.Debug|Mixed Platforms.ActiveCfg = Debug|Any CPU
		{53E714FF-3EF2-48EB-B305-36E1AB37C485}.Debug|Mixed Platforms.Build.0 = Debug|Any CPU
		{53E714FF-3EF2-48EB-B305-36E1AB37C485}.Debug|x64.ActiveCfg = Debug|Any CPU
		{53E714FF-3EF2-48EB-B305-36E1AB37C485}.Debug|x86.ActiveCfg = Debug|Any CPU
		{53E714FF-3EF2-48EB-B305-36E1AB37C485}.Release|Any CPU.ActiveCfg = Release|Any CPU
		{53E714FF-3EF2-48EB-B305-36E1AB37C485}.Release|Any CPU.Build.0 = Release|Any CPU
		{53E714FF-3EF2-48EB-B305-36E1AB37C485}.Release|ARM.ActiveCfg = Release|Any CPU
		{53E714FF-3EF2-48EB-B305-36E1AB37C485}.Release|iPhone.ActiveCfg = Release|Any CPU
		{53E714FF-3EF2-48EB-B305-36E1AB37C485}.Release|iPhoneSimulator.ActiveCfg = Release|Any CPU
		{53E714FF-3EF2-48EB-B305-36E1AB37C485}.Release|Mixed Platforms.ActiveCfg = Release|Any CPU
		{53E714FF-3EF2-48EB-B305-36E1AB37C485}.Release|Mixed Platforms.Build.0 = Release|Any CPU
		{53E714FF-3EF2-48EB-B305-36E1AB37C485}.Release|x64.ActiveCfg = Release|Any CPU
		{53E714FF-3EF2-48EB-B305-36E1AB37C485}.Release|x86.ActiveCfg = Release|Any CPU
		{4BBCE4F8-C097-4680-8B07-B69D567EAA5B}.Ad-Hoc|Any CPU.ActiveCfg = Release|Any CPU
		{4BBCE4F8-C097-4680-8B07-B69D567EAA5B}.Ad-Hoc|Any CPU.Build.0 = Release|Any CPU
		{4BBCE4F8-C097-4680-8B07-B69D567EAA5B}.Ad-Hoc|ARM.ActiveCfg = Release|Any CPU
		{4BBCE4F8-C097-4680-8B07-B69D567EAA5B}.Ad-Hoc|iPhone.ActiveCfg = Release|Any CPU
		{4BBCE4F8-C097-4680-8B07-B69D567EAA5B}.Ad-Hoc|iPhoneSimulator.ActiveCfg = Release|Any CPU
		{4BBCE4F8-C097-4680-8B07-B69D567EAA5B}.Ad-Hoc|Mixed Platforms.ActiveCfg = Release|Any CPU
		{4BBCE4F8-C097-4680-8B07-B69D567EAA5B}.Ad-Hoc|Mixed Platforms.Build.0 = Release|Any CPU
		{4BBCE4F8-C097-4680-8B07-B69D567EAA5B}.Ad-Hoc|x64.ActiveCfg = Release|Any CPU
		{4BBCE4F8-C097-4680-8B07-B69D567EAA5B}.Ad-Hoc|x86.ActiveCfg = Release|Any CPU
		{4BBCE4F8-C097-4680-8B07-B69D567EAA5B}.AppStore|Any CPU.ActiveCfg = Release|Any CPU
		{4BBCE4F8-C097-4680-8B07-B69D567EAA5B}.AppStore|Any CPU.Build.0 = Release|Any CPU
		{4BBCE4F8-C097-4680-8B07-B69D567EAA5B}.AppStore|ARM.ActiveCfg = Release|Any CPU
		{4BBCE4F8-C097-4680-8B07-B69D567EAA5B}.AppStore|iPhone.ActiveCfg = Release|Any CPU
		{4BBCE4F8-C097-4680-8B07-B69D567EAA5B}.AppStore|iPhoneSimulator.ActiveCfg = Release|Any CPU
		{4BBCE4F8-C097-4680-8B07-B69D567EAA5B}.AppStore|Mixed Platforms.ActiveCfg = Release|Any CPU
		{4BBCE4F8-C097-4680-8B07-B69D567EAA5B}.AppStore|Mixed Platforms.Build.0 = Release|Any CPU
		{4BBCE4F8-C097-4680-8B07-B69D567EAA5B}.AppStore|x64.ActiveCfg = Release|Any CPU
		{4BBCE4F8-C097-4680-8B07-B69D567EAA5B}.AppStore|x86.ActiveCfg = Release|Any CPU
		{4BBCE4F8-C097-4680-8B07-B69D567EAA5B}.Debug|Any CPU.ActiveCfg = Debug|Any CPU
		{4BBCE4F8-C097-4680-8B07-B69D567EAA5B}.Debug|Any CPU.Build.0 = Debug|Any CPU
		{4BBCE4F8-C097-4680-8B07-B69D567EAA5B}.Debug|ARM.ActiveCfg = Debug|Any CPU
		{4BBCE4F8-C097-4680-8B07-B69D567EAA5B}.Debug|iPhone.ActiveCfg = Debug|Any CPU
		{4BBCE4F8-C097-4680-8B07-B69D567EAA5B}.Debug|iPhoneSimulator.ActiveCfg = Debug|Any CPU
		{4BBCE4F8-C097-4680-8B07-B69D567EAA5B}.Debug|Mixed Platforms.ActiveCfg = Debug|Any CPU
		{4BBCE4F8-C097-4680-8B07-B69D567EAA5B}.Debug|Mixed Platforms.Build.0 = Debug|Any CPU
		{4BBCE4F8-C097-4680-8B07-B69D567EAA5B}.Debug|x64.ActiveCfg = Debug|Any CPU
		{4BBCE4F8-C097-4680-8B07-B69D567EAA5B}.Debug|x86.ActiveCfg = Debug|Any CPU
		{4BBCE4F8-C097-4680-8B07-B69D567EAA5B}.Release|Any CPU.ActiveCfg = Release|Any CPU
		{4BBCE4F8-C097-4680-8B07-B69D567EAA5B}.Release|Any CPU.Build.0 = Release|Any CPU
		{4BBCE4F8-C097-4680-8B07-B69D567EAA5B}.Release|ARM.ActiveCfg = Release|Any CPU
		{4BBCE4F8-C097-4680-8B07-B69D567EAA5B}.Release|iPhone.ActiveCfg = Release|Any CPU
		{4BBCE4F8-C097-4680-8B07-B69D567EAA5B}.Release|iPhoneSimulator.ActiveCfg = Release|Any CPU
		{4BBCE4F8-C097-4680-8B07-B69D567EAA5B}.Release|Mixed Platforms.ActiveCfg = Release|Any CPU
		{4BBCE4F8-C097-4680-8B07-B69D567EAA5B}.Release|Mixed Platforms.Build.0 = Release|Any CPU
		{4BBCE4F8-C097-4680-8B07-B69D567EAA5B}.Release|x64.ActiveCfg = Release|Any CPU
		{4BBCE4F8-C097-4680-8B07-B69D567EAA5B}.Release|x86.ActiveCfg = Release|Any CPU
		{EA65343F-7FED-450B-A1D6-3215B33B3563}.Ad-Hoc|Any CPU.ActiveCfg = Release|Any CPU
		{EA65343F-7FED-450B-A1D6-3215B33B3563}.Ad-Hoc|Any CPU.Build.0 = Release|Any CPU
		{EA65343F-7FED-450B-A1D6-3215B33B3563}.Ad-Hoc|ARM.ActiveCfg = Release|Any CPU
		{EA65343F-7FED-450B-A1D6-3215B33B3563}.Ad-Hoc|iPhone.ActiveCfg = Release|Any CPU
		{EA65343F-7FED-450B-A1D6-3215B33B3563}.Ad-Hoc|iPhoneSimulator.ActiveCfg = Release|Any CPU
		{EA65343F-7FED-450B-A1D6-3215B33B3563}.Ad-Hoc|Mixed Platforms.ActiveCfg = Release|Any CPU
		{EA65343F-7FED-450B-A1D6-3215B33B3563}.Ad-Hoc|Mixed Platforms.Build.0 = Release|Any CPU
		{EA65343F-7FED-450B-A1D6-3215B33B3563}.Ad-Hoc|x64.ActiveCfg = Release|Any CPU
		{EA65343F-7FED-450B-A1D6-3215B33B3563}.Ad-Hoc|x86.ActiveCfg = Release|Any CPU
		{EA65343F-7FED-450B-A1D6-3215B33B3563}.AppStore|Any CPU.ActiveCfg = Release|Any CPU
		{EA65343F-7FED-450B-A1D6-3215B33B3563}.AppStore|Any CPU.Build.0 = Release|Any CPU
		{EA65343F-7FED-450B-A1D6-3215B33B3563}.AppStore|ARM.ActiveCfg = Release|Any CPU
		{EA65343F-7FED-450B-A1D6-3215B33B3563}.AppStore|iPhone.ActiveCfg = Release|Any CPU
		{EA65343F-7FED-450B-A1D6-3215B33B3563}.AppStore|iPhoneSimulator.ActiveCfg = Release|Any CPU
		{EA65343F-7FED-450B-A1D6-3215B33B3563}.AppStore|Mixed Platforms.ActiveCfg = Release|Any CPU
		{EA65343F-7FED-450B-A1D6-3215B33B3563}.AppStore|Mixed Platforms.Build.0 = Release|Any CPU
		{EA65343F-7FED-450B-A1D6-3215B33B3563}.AppStore|x64.ActiveCfg = Release|Any CPU
		{EA65343F-7FED-450B-A1D6-3215B33B3563}.AppStore|x86.ActiveCfg = Release|Any CPU
		{EA65343F-7FED-450B-A1D6-3215B33B3563}.Debug|Any CPU.ActiveCfg = Debug|Any CPU
		{EA65343F-7FED-450B-A1D6-3215B33B3563}.Debug|Any CPU.Build.0 = Debug|Any CPU
		{EA65343F-7FED-450B-A1D6-3215B33B3563}.Debug|ARM.ActiveCfg = Debug|Any CPU
		{EA65343F-7FED-450B-A1D6-3215B33B3563}.Debug|iPhone.ActiveCfg = Debug|Any CPU
		{EA65343F-7FED-450B-A1D6-3215B33B3563}.Debug|iPhoneSimulator.ActiveCfg = Debug|Any CPU
		{EA65343F-7FED-450B-A1D6-3215B33B3563}.Debug|Mixed Platforms.ActiveCfg = Debug|Any CPU
		{EA65343F-7FED-450B-A1D6-3215B33B3563}.Debug|Mixed Platforms.Build.0 = Debug|Any CPU
		{EA65343F-7FED-450B-A1D6-3215B33B3563}.Debug|x64.ActiveCfg = Debug|Any CPU
		{EA65343F-7FED-450B-A1D6-3215B33B3563}.Debug|x86.ActiveCfg = Debug|Any CPU
		{EA65343F-7FED-450B-A1D6-3215B33B3563}.Release|Any CPU.ActiveCfg = Release|Any CPU
		{EA65343F-7FED-450B-A1D6-3215B33B3563}.Release|Any CPU.Build.0 = Release|Any CPU
		{EA65343F-7FED-450B-A1D6-3215B33B3563}.Release|ARM.ActiveCfg = Release|Any CPU
		{EA65343F-7FED-450B-A1D6-3215B33B3563}.Release|iPhone.ActiveCfg = Release|Any CPU
		{EA65343F-7FED-450B-A1D6-3215B33B3563}.Release|iPhoneSimulator.ActiveCfg = Release|Any CPU
		{EA65343F-7FED-450B-A1D6-3215B33B3563}.Release|Mixed Platforms.ActiveCfg = Release|Any CPU
		{EA65343F-7FED-450B-A1D6-3215B33B3563}.Release|Mixed Platforms.Build.0 = Release|Any CPU
		{EA65343F-7FED-450B-A1D6-3215B33B3563}.Release|x64.ActiveCfg = Release|Any CPU
		{EA65343F-7FED-450B-A1D6-3215B33B3563}.Release|x86.ActiveCfg = Release|Any CPU
		{693A621E-FF3C-400F-B69D-382ACD50EDA7}.Ad-Hoc|Any CPU.ActiveCfg = Release|Any CPU
		{693A621E-FF3C-400F-B69D-382ACD50EDA7}.Ad-Hoc|Any CPU.Build.0 = Release|Any CPU
		{693A621E-FF3C-400F-B69D-382ACD50EDA7}.Ad-Hoc|ARM.ActiveCfg = Release|Any CPU
		{693A621E-FF3C-400F-B69D-382ACD50EDA7}.Ad-Hoc|iPhone.ActiveCfg = Release|Any CPU
		{693A621E-FF3C-400F-B69D-382ACD50EDA7}.Ad-Hoc|iPhoneSimulator.ActiveCfg = Release|Any CPU
		{693A621E-FF3C-400F-B69D-382ACD50EDA7}.Ad-Hoc|Mixed Platforms.ActiveCfg = Release|Any CPU
		{693A621E-FF3C-400F-B69D-382ACD50EDA7}.Ad-Hoc|Mixed Platforms.Build.0 = Release|Any CPU
		{693A621E-FF3C-400F-B69D-382ACD50EDA7}.Ad-Hoc|x64.ActiveCfg = Release|Any CPU
		{693A621E-FF3C-400F-B69D-382ACD50EDA7}.Ad-Hoc|x86.ActiveCfg = Release|Any CPU
		{693A621E-FF3C-400F-B69D-382ACD50EDA7}.AppStore|Any CPU.ActiveCfg = Release|Any CPU
		{693A621E-FF3C-400F-B69D-382ACD50EDA7}.AppStore|Any CPU.Build.0 = Release|Any CPU
		{693A621E-FF3C-400F-B69D-382ACD50EDA7}.AppStore|ARM.ActiveCfg = Release|Any CPU
		{693A621E-FF3C-400F-B69D-382ACD50EDA7}.AppStore|iPhone.ActiveCfg = Release|Any CPU
		{693A621E-FF3C-400F-B69D-382ACD50EDA7}.AppStore|iPhoneSimulator.ActiveCfg = Release|Any CPU
		{693A621E-FF3C-400F-B69D-382ACD50EDA7}.AppStore|Mixed Platforms.ActiveCfg = Release|Any CPU
		{693A621E-FF3C-400F-B69D-382ACD50EDA7}.AppStore|Mixed Platforms.Build.0 = Release|Any CPU
		{693A621E-FF3C-400F-B69D-382ACD50EDA7}.AppStore|x64.ActiveCfg = Release|Any CPU
		{693A621E-FF3C-400F-B69D-382ACD50EDA7}.AppStore|x86.ActiveCfg = Release|Any CPU
		{693A621E-FF3C-400F-B69D-382ACD50EDA7}.Debug|Any CPU.ActiveCfg = Debug|Any CPU
		{693A621E-FF3C-400F-B69D-382ACD50EDA7}.Debug|Any CPU.Build.0 = Debug|Any CPU
		{693A621E-FF3C-400F-B69D-382ACD50EDA7}.Debug|ARM.ActiveCfg = Debug|Any CPU
		{693A621E-FF3C-400F-B69D-382ACD50EDA7}.Debug|iPhone.ActiveCfg = Debug|Any CPU
		{693A621E-FF3C-400F-B69D-382ACD50EDA7}.Debug|iPhoneSimulator.ActiveCfg = Debug|Any CPU
		{693A621E-FF3C-400F-B69D-382ACD50EDA7}.Debug|Mixed Platforms.ActiveCfg = Debug|Any CPU
		{693A621E-FF3C-400F-B69D-382ACD50EDA7}.Debug|Mixed Platforms.Build.0 = Debug|Any CPU
		{693A621E-FF3C-400F-B69D-382ACD50EDA7}.Debug|x64.ActiveCfg = Debug|Any CPU
		{693A621E-FF3C-400F-B69D-382ACD50EDA7}.Debug|x86.ActiveCfg = Debug|Any CPU
		{693A621E-FF3C-400F-B69D-382ACD50EDA7}.Release|Any CPU.ActiveCfg = Release|Any CPU
		{693A621E-FF3C-400F-B69D-382ACD50EDA7}.Release|Any CPU.Build.0 = Release|Any CPU
		{693A621E-FF3C-400F-B69D-382ACD50EDA7}.Release|ARM.ActiveCfg = Release|Any CPU
		{693A621E-FF3C-400F-B69D-382ACD50EDA7}.Release|iPhone.ActiveCfg = Release|Any CPU
		{693A621E-FF3C-400F-B69D-382ACD50EDA7}.Release|iPhoneSimulator.ActiveCfg = Release|Any CPU
		{693A621E-FF3C-400F-B69D-382ACD50EDA7}.Release|Mixed Platforms.ActiveCfg = Release|Any CPU
		{693A621E-FF3C-400F-B69D-382ACD50EDA7}.Release|Mixed Platforms.Build.0 = Release|Any CPU
		{693A621E-FF3C-400F-B69D-382ACD50EDA7}.Release|x64.ActiveCfg = Release|Any CPU
		{693A621E-FF3C-400F-B69D-382ACD50EDA7}.Release|x86.ActiveCfg = Release|Any CPU
		{129331F5-2DAB-4301-BE2D-3C7145C08B46}.Ad-Hoc|Any CPU.ActiveCfg = Release|Any CPU
		{129331F5-2DAB-4301-BE2D-3C7145C08B46}.Ad-Hoc|Any CPU.Build.0 = Release|Any CPU
		{129331F5-2DAB-4301-BE2D-3C7145C08B46}.Ad-Hoc|ARM.ActiveCfg = Release|Any CPU
		{129331F5-2DAB-4301-BE2D-3C7145C08B46}.Ad-Hoc|iPhone.ActiveCfg = Release|Any CPU
		{129331F5-2DAB-4301-BE2D-3C7145C08B46}.Ad-Hoc|iPhoneSimulator.ActiveCfg = Release|Any CPU
		{129331F5-2DAB-4301-BE2D-3C7145C08B46}.Ad-Hoc|Mixed Platforms.ActiveCfg = Release|Any CPU
		{129331F5-2DAB-4301-BE2D-3C7145C08B46}.Ad-Hoc|Mixed Platforms.Build.0 = Release|Any CPU
		{129331F5-2DAB-4301-BE2D-3C7145C08B46}.Ad-Hoc|x64.ActiveCfg = Release|Any CPU
		{129331F5-2DAB-4301-BE2D-3C7145C08B46}.Ad-Hoc|x86.ActiveCfg = Release|Any CPU
		{129331F5-2DAB-4301-BE2D-3C7145C08B46}.AppStore|Any CPU.ActiveCfg = Release|Any CPU
		{129331F5-2DAB-4301-BE2D-3C7145C08B46}.AppStore|Any CPU.Build.0 = Release|Any CPU
		{129331F5-2DAB-4301-BE2D-3C7145C08B46}.AppStore|ARM.ActiveCfg = Release|Any CPU
		{129331F5-2DAB-4301-BE2D-3C7145C08B46}.AppStore|iPhone.ActiveCfg = Release|Any CPU
		{129331F5-2DAB-4301-BE2D-3C7145C08B46}.AppStore|iPhoneSimulator.ActiveCfg = Release|Any CPU
		{129331F5-2DAB-4301-BE2D-3C7145C08B46}.AppStore|Mixed Platforms.ActiveCfg = Release|Any CPU
		{129331F5-2DAB-4301-BE2D-3C7145C08B46}.AppStore|Mixed Platforms.Build.0 = Release|Any CPU
		{129331F5-2DAB-4301-BE2D-3C7145C08B46}.AppStore|x64.ActiveCfg = Release|Any CPU
		{129331F5-2DAB-4301-BE2D-3C7145C08B46}.AppStore|x86.ActiveCfg = Release|Any CPU
		{129331F5-2DAB-4301-BE2D-3C7145C08B46}.Debug|Any CPU.ActiveCfg = Debug|Any CPU
		{129331F5-2DAB-4301-BE2D-3C7145C08B46}.Debug|Any CPU.Build.0 = Debug|Any CPU
		{129331F5-2DAB-4301-BE2D-3C7145C08B46}.Debug|ARM.ActiveCfg = Debug|Any CPU
		{129331F5-2DAB-4301-BE2D-3C7145C08B46}.Debug|iPhone.ActiveCfg = Debug|Any CPU
		{129331F5-2DAB-4301-BE2D-3C7145C08B46}.Debug|iPhoneSimulator.ActiveCfg = Debug|Any CPU
		{129331F5-2DAB-4301-BE2D-3C7145C08B46}.Debug|Mixed Platforms.ActiveCfg = Debug|Any CPU
		{129331F5-2DAB-4301-BE2D-3C7145C08B46}.Debug|Mixed Platforms.Build.0 = Debug|Any CPU
		{129331F5-2DAB-4301-BE2D-3C7145C08B46}.Debug|x64.ActiveCfg = Debug|Any CPU
		{129331F5-2DAB-4301-BE2D-3C7145C08B46}.Debug|x86.ActiveCfg = Debug|Any CPU
		{129331F5-2DAB-4301-BE2D-3C7145C08B46}.Release|Any CPU.ActiveCfg = Release|Any CPU
		{129331F5-2DAB-4301-BE2D-3C7145C08B46}.Release|Any CPU.Build.0 = Release|Any CPU
		{129331F5-2DAB-4301-BE2D-3C7145C08B46}.Release|ARM.ActiveCfg = Release|Any CPU
		{129331F5-2DAB-4301-BE2D-3C7145C08B46}.Release|iPhone.ActiveCfg = Release|Any CPU
		{129331F5-2DAB-4301-BE2D-3C7145C08B46}.Release|iPhoneSimulator.ActiveCfg = Release|Any CPU
		{129331F5-2DAB-4301-BE2D-3C7145C08B46}.Release|Mixed Platforms.ActiveCfg = Release|Any CPU
		{129331F5-2DAB-4301-BE2D-3C7145C08B46}.Release|Mixed Platforms.Build.0 = Release|Any CPU
		{129331F5-2DAB-4301-BE2D-3C7145C08B46}.Release|x64.ActiveCfg = Release|Any CPU
		{129331F5-2DAB-4301-BE2D-3C7145C08B46}.Release|x86.ActiveCfg = Release|Any CPU
		{6F0554F3-8CC8-4A34-BD68-33A555CCA74D}.Ad-Hoc|Any CPU.ActiveCfg = Release|Any CPU
		{6F0554F3-8CC8-4A34-BD68-33A555CCA74D}.Ad-Hoc|Any CPU.Build.0 = Release|Any CPU
		{6F0554F3-8CC8-4A34-BD68-33A555CCA74D}.Ad-Hoc|ARM.ActiveCfg = Release|Any CPU
		{6F0554F3-8CC8-4A34-BD68-33A555CCA74D}.Ad-Hoc|ARM.Build.0 = Release|Any CPU
		{6F0554F3-8CC8-4A34-BD68-33A555CCA74D}.Ad-Hoc|iPhone.ActiveCfg = Release|Any CPU
		{6F0554F3-8CC8-4A34-BD68-33A555CCA74D}.Ad-Hoc|iPhone.Build.0 = Release|Any CPU
		{6F0554F3-8CC8-4A34-BD68-33A555CCA74D}.Ad-Hoc|iPhoneSimulator.ActiveCfg = Release|Any CPU
		{6F0554F3-8CC8-4A34-BD68-33A555CCA74D}.Ad-Hoc|iPhoneSimulator.Build.0 = Release|Any CPU
		{6F0554F3-8CC8-4A34-BD68-33A555CCA74D}.Ad-Hoc|Mixed Platforms.ActiveCfg = Release|Any CPU
		{6F0554F3-8CC8-4A34-BD68-33A555CCA74D}.Ad-Hoc|Mixed Platforms.Build.0 = Release|Any CPU
		{6F0554F3-8CC8-4A34-BD68-33A555CCA74D}.Ad-Hoc|x64.ActiveCfg = Release|Any CPU
		{6F0554F3-8CC8-4A34-BD68-33A555CCA74D}.Ad-Hoc|x64.Build.0 = Release|Any CPU
		{6F0554F3-8CC8-4A34-BD68-33A555CCA74D}.Ad-Hoc|x86.ActiveCfg = Release|Any CPU
		{6F0554F3-8CC8-4A34-BD68-33A555CCA74D}.Ad-Hoc|x86.Build.0 = Release|Any CPU
		{6F0554F3-8CC8-4A34-BD68-33A555CCA74D}.AppStore|Any CPU.ActiveCfg = Release|Any CPU
		{6F0554F3-8CC8-4A34-BD68-33A555CCA74D}.AppStore|Any CPU.Build.0 = Release|Any CPU
		{6F0554F3-8CC8-4A34-BD68-33A555CCA74D}.AppStore|ARM.ActiveCfg = Release|Any CPU
		{6F0554F3-8CC8-4A34-BD68-33A555CCA74D}.AppStore|ARM.Build.0 = Release|Any CPU
		{6F0554F3-8CC8-4A34-BD68-33A555CCA74D}.AppStore|iPhone.ActiveCfg = Release|Any CPU
		{6F0554F3-8CC8-4A34-BD68-33A555CCA74D}.AppStore|iPhone.Build.0 = Release|Any CPU
		{6F0554F3-8CC8-4A34-BD68-33A555CCA74D}.AppStore|iPhoneSimulator.ActiveCfg = Release|Any CPU
		{6F0554F3-8CC8-4A34-BD68-33A555CCA74D}.AppStore|iPhoneSimulator.Build.0 = Release|Any CPU
		{6F0554F3-8CC8-4A34-BD68-33A555CCA74D}.AppStore|Mixed Platforms.ActiveCfg = Release|Any CPU
		{6F0554F3-8CC8-4A34-BD68-33A555CCA74D}.AppStore|Mixed Platforms.Build.0 = Release|Any CPU
		{6F0554F3-8CC8-4A34-BD68-33A555CCA74D}.AppStore|x64.ActiveCfg = Release|Any CPU
		{6F0554F3-8CC8-4A34-BD68-33A555CCA74D}.AppStore|x64.Build.0 = Release|Any CPU
		{6F0554F3-8CC8-4A34-BD68-33A555CCA74D}.AppStore|x86.ActiveCfg = Release|Any CPU
		{6F0554F3-8CC8-4A34-BD68-33A555CCA74D}.AppStore|x86.Build.0 = Release|Any CPU
		{6F0554F3-8CC8-4A34-BD68-33A555CCA74D}.Debug|Any CPU.ActiveCfg = Debug|Any CPU
		{6F0554F3-8CC8-4A34-BD68-33A555CCA74D}.Debug|Any CPU.Build.0 = Debug|Any CPU
		{6F0554F3-8CC8-4A34-BD68-33A555CCA74D}.Debug|ARM.ActiveCfg = Debug|Any CPU
		{6F0554F3-8CC8-4A34-BD68-33A555CCA74D}.Debug|ARM.Build.0 = Debug|Any CPU
		{6F0554F3-8CC8-4A34-BD68-33A555CCA74D}.Debug|iPhone.ActiveCfg = Debug|Any CPU
		{6F0554F3-8CC8-4A34-BD68-33A555CCA74D}.Debug|iPhone.Build.0 = Debug|Any CPU
		{6F0554F3-8CC8-4A34-BD68-33A555CCA74D}.Debug|iPhoneSimulator.ActiveCfg = Debug|Any CPU
		{6F0554F3-8CC8-4A34-BD68-33A555CCA74D}.Debug|iPhoneSimulator.Build.0 = Debug|Any CPU
		{6F0554F3-8CC8-4A34-BD68-33A555CCA74D}.Debug|Mixed Platforms.ActiveCfg = Debug|Any CPU
		{6F0554F3-8CC8-4A34-BD68-33A555CCA74D}.Debug|Mixed Platforms.Build.0 = Debug|Any CPU
		{6F0554F3-8CC8-4A34-BD68-33A555CCA74D}.Debug|x64.ActiveCfg = Debug|Any CPU
		{6F0554F3-8CC8-4A34-BD68-33A555CCA74D}.Debug|x64.Build.0 = Debug|Any CPU
		{6F0554F3-8CC8-4A34-BD68-33A555CCA74D}.Debug|x86.ActiveCfg = Debug|Any CPU
		{6F0554F3-8CC8-4A34-BD68-33A555CCA74D}.Debug|x86.Build.0 = Debug|Any CPU
		{6F0554F3-8CC8-4A34-BD68-33A555CCA74D}.Release|Any CPU.ActiveCfg = Release|Any CPU
		{6F0554F3-8CC8-4A34-BD68-33A555CCA74D}.Release|Any CPU.Build.0 = Release|Any CPU
		{6F0554F3-8CC8-4A34-BD68-33A555CCA74D}.Release|ARM.ActiveCfg = Release|Any CPU
		{6F0554F3-8CC8-4A34-BD68-33A555CCA74D}.Release|ARM.Build.0 = Release|Any CPU
		{6F0554F3-8CC8-4A34-BD68-33A555CCA74D}.Release|iPhone.ActiveCfg = Release|Any CPU
		{6F0554F3-8CC8-4A34-BD68-33A555CCA74D}.Release|iPhone.Build.0 = Release|Any CPU
		{6F0554F3-8CC8-4A34-BD68-33A555CCA74D}.Release|iPhoneSimulator.ActiveCfg = Release|Any CPU
		{6F0554F3-8CC8-4A34-BD68-33A555CCA74D}.Release|iPhoneSimulator.Build.0 = Release|Any CPU
		{6F0554F3-8CC8-4A34-BD68-33A555CCA74D}.Release|Mixed Platforms.ActiveCfg = Release|Any CPU
		{6F0554F3-8CC8-4A34-BD68-33A555CCA74D}.Release|Mixed Platforms.Build.0 = Release|Any CPU
		{6F0554F3-8CC8-4A34-BD68-33A555CCA74D}.Release|x64.ActiveCfg = Release|Any CPU
		{6F0554F3-8CC8-4A34-BD68-33A555CCA74D}.Release|x64.Build.0 = Release|Any CPU
		{6F0554F3-8CC8-4A34-BD68-33A555CCA74D}.Release|x86.ActiveCfg = Release|Any CPU
		{6F0554F3-8CC8-4A34-BD68-33A555CCA74D}.Release|x86.Build.0 = Release|Any CPU
		{43AC01E1-AEB2-474D-856B-E81F27EF640B}.Ad-Hoc|Any CPU.ActiveCfg = Release|Any CPU
		{43AC01E1-AEB2-474D-856B-E81F27EF640B}.Ad-Hoc|Any CPU.Build.0 = Release|Any CPU
		{43AC01E1-AEB2-474D-856B-E81F27EF640B}.Ad-Hoc|ARM.ActiveCfg = Release|Any CPU
		{43AC01E1-AEB2-474D-856B-E81F27EF640B}.Ad-Hoc|ARM.Build.0 = Release|Any CPU
		{43AC01E1-AEB2-474D-856B-E81F27EF640B}.Ad-Hoc|iPhone.ActiveCfg = Release|Any CPU
		{43AC01E1-AEB2-474D-856B-E81F27EF640B}.Ad-Hoc|iPhone.Build.0 = Release|Any CPU
		{43AC01E1-AEB2-474D-856B-E81F27EF640B}.Ad-Hoc|iPhoneSimulator.ActiveCfg = Release|Any CPU
		{43AC01E1-AEB2-474D-856B-E81F27EF640B}.Ad-Hoc|iPhoneSimulator.Build.0 = Release|Any CPU
		{43AC01E1-AEB2-474D-856B-E81F27EF640B}.Ad-Hoc|Mixed Platforms.ActiveCfg = Release|Any CPU
		{43AC01E1-AEB2-474D-856B-E81F27EF640B}.Ad-Hoc|Mixed Platforms.Build.0 = Release|Any CPU
		{43AC01E1-AEB2-474D-856B-E81F27EF640B}.Ad-Hoc|x64.ActiveCfg = Release|Any CPU
		{43AC01E1-AEB2-474D-856B-E81F27EF640B}.Ad-Hoc|x64.Build.0 = Release|Any CPU
		{43AC01E1-AEB2-474D-856B-E81F27EF640B}.Ad-Hoc|x86.ActiveCfg = Release|Any CPU
		{43AC01E1-AEB2-474D-856B-E81F27EF640B}.Ad-Hoc|x86.Build.0 = Release|Any CPU
		{43AC01E1-AEB2-474D-856B-E81F27EF640B}.AppStore|Any CPU.ActiveCfg = Release|Any CPU
		{43AC01E1-AEB2-474D-856B-E81F27EF640B}.AppStore|Any CPU.Build.0 = Release|Any CPU
		{43AC01E1-AEB2-474D-856B-E81F27EF640B}.AppStore|ARM.ActiveCfg = Release|Any CPU
		{43AC01E1-AEB2-474D-856B-E81F27EF640B}.AppStore|ARM.Build.0 = Release|Any CPU
		{43AC01E1-AEB2-474D-856B-E81F27EF640B}.AppStore|iPhone.ActiveCfg = Release|Any CPU
		{43AC01E1-AEB2-474D-856B-E81F27EF640B}.AppStore|iPhone.Build.0 = Release|Any CPU
		{43AC01E1-AEB2-474D-856B-E81F27EF640B}.AppStore|iPhoneSimulator.ActiveCfg = Release|Any CPU
		{43AC01E1-AEB2-474D-856B-E81F27EF640B}.AppStore|iPhoneSimulator.Build.0 = Release|Any CPU
		{43AC01E1-AEB2-474D-856B-E81F27EF640B}.AppStore|Mixed Platforms.ActiveCfg = Release|Any CPU
		{43AC01E1-AEB2-474D-856B-E81F27EF640B}.AppStore|Mixed Platforms.Build.0 = Release|Any CPU
		{43AC01E1-AEB2-474D-856B-E81F27EF640B}.AppStore|x64.ActiveCfg = Release|Any CPU
		{43AC01E1-AEB2-474D-856B-E81F27EF640B}.AppStore|x64.Build.0 = Release|Any CPU
		{43AC01E1-AEB2-474D-856B-E81F27EF640B}.AppStore|x86.ActiveCfg = Release|Any CPU
		{43AC01E1-AEB2-474D-856B-E81F27EF640B}.AppStore|x86.Build.0 = Release|Any CPU
		{43AC01E1-AEB2-474D-856B-E81F27EF640B}.Debug|Any CPU.ActiveCfg = Debug|Any CPU
		{43AC01E1-AEB2-474D-856B-E81F27EF640B}.Debug|Any CPU.Build.0 = Debug|Any CPU
		{43AC01E1-AEB2-474D-856B-E81F27EF640B}.Debug|ARM.ActiveCfg = Debug|Any CPU
		{43AC01E1-AEB2-474D-856B-E81F27EF640B}.Debug|ARM.Build.0 = Debug|Any CPU
		{43AC01E1-AEB2-474D-856B-E81F27EF640B}.Debug|iPhone.ActiveCfg = Debug|Any CPU
		{43AC01E1-AEB2-474D-856B-E81F27EF640B}.Debug|iPhone.Build.0 = Debug|Any CPU
		{43AC01E1-AEB2-474D-856B-E81F27EF640B}.Debug|iPhoneSimulator.ActiveCfg = Debug|Any CPU
		{43AC01E1-AEB2-474D-856B-E81F27EF640B}.Debug|iPhoneSimulator.Build.0 = Debug|Any CPU
		{43AC01E1-AEB2-474D-856B-E81F27EF640B}.Debug|Mixed Platforms.ActiveCfg = Debug|Any CPU
		{43AC01E1-AEB2-474D-856B-E81F27EF640B}.Debug|Mixed Platforms.Build.0 = Debug|Any CPU
		{43AC01E1-AEB2-474D-856B-E81F27EF640B}.Debug|x64.ActiveCfg = Debug|Any CPU
		{43AC01E1-AEB2-474D-856B-E81F27EF640B}.Debug|x64.Build.0 = Debug|Any CPU
		{43AC01E1-AEB2-474D-856B-E81F27EF640B}.Debug|x86.ActiveCfg = Debug|Any CPU
		{43AC01E1-AEB2-474D-856B-E81F27EF640B}.Debug|x86.Build.0 = Debug|Any CPU
		{43AC01E1-AEB2-474D-856B-E81F27EF640B}.Release|Any CPU.ActiveCfg = Release|Any CPU
		{43AC01E1-AEB2-474D-856B-E81F27EF640B}.Release|Any CPU.Build.0 = Release|Any CPU
		{43AC01E1-AEB2-474D-856B-E81F27EF640B}.Release|ARM.ActiveCfg = Release|Any CPU
		{43AC01E1-AEB2-474D-856B-E81F27EF640B}.Release|ARM.Build.0 = Release|Any CPU
		{43AC01E1-AEB2-474D-856B-E81F27EF640B}.Release|iPhone.ActiveCfg = Release|Any CPU
		{43AC01E1-AEB2-474D-856B-E81F27EF640B}.Release|iPhone.Build.0 = Release|Any CPU
		{43AC01E1-AEB2-474D-856B-E81F27EF640B}.Release|iPhoneSimulator.ActiveCfg = Release|Any CPU
		{43AC01E1-AEB2-474D-856B-E81F27EF640B}.Release|iPhoneSimulator.Build.0 = Release|Any CPU
		{43AC01E1-AEB2-474D-856B-E81F27EF640B}.Release|Mixed Platforms.ActiveCfg = Release|Any CPU
		{43AC01E1-AEB2-474D-856B-E81F27EF640B}.Release|Mixed Platforms.Build.0 = Release|Any CPU
		{43AC01E1-AEB2-474D-856B-E81F27EF640B}.Release|x64.ActiveCfg = Release|Any CPU
		{43AC01E1-AEB2-474D-856B-E81F27EF640B}.Release|x64.Build.0 = Release|Any CPU
		{43AC01E1-AEB2-474D-856B-E81F27EF640B}.Release|x86.ActiveCfg = Release|Any CPU
		{43AC01E1-AEB2-474D-856B-E81F27EF640B}.Release|x86.Build.0 = Release|Any CPU
		{76490312-1E12-48D4-BD10-45C6ED4A08DC}.Ad-Hoc|Any CPU.ActiveCfg = Release|Any CPU
		{76490312-1E12-48D4-BD10-45C6ED4A08DC}.Ad-Hoc|Any CPU.Build.0 = Release|Any CPU
		{76490312-1E12-48D4-BD10-45C6ED4A08DC}.Ad-Hoc|ARM.ActiveCfg = Release|ARM
		{76490312-1E12-48D4-BD10-45C6ED4A08DC}.Ad-Hoc|ARM.Build.0 = Release|ARM
		{76490312-1E12-48D4-BD10-45C6ED4A08DC}.Ad-Hoc|iPhone.ActiveCfg = Release|Any CPU
		{76490312-1E12-48D4-BD10-45C6ED4A08DC}.Ad-Hoc|iPhone.Build.0 = Release|Any CPU
		{76490312-1E12-48D4-BD10-45C6ED4A08DC}.Ad-Hoc|iPhoneSimulator.ActiveCfg = Release|Any CPU
		{76490312-1E12-48D4-BD10-45C6ED4A08DC}.Ad-Hoc|iPhoneSimulator.Build.0 = Release|Any CPU
		{76490312-1E12-48D4-BD10-45C6ED4A08DC}.Ad-Hoc|Mixed Platforms.ActiveCfg = Release|x86
		{76490312-1E12-48D4-BD10-45C6ED4A08DC}.Ad-Hoc|Mixed Platforms.Build.0 = Release|x86
		{76490312-1E12-48D4-BD10-45C6ED4A08DC}.Ad-Hoc|x64.ActiveCfg = Release|Any CPU
		{76490312-1E12-48D4-BD10-45C6ED4A08DC}.Ad-Hoc|x64.Build.0 = Release|Any CPU
		{76490312-1E12-48D4-BD10-45C6ED4A08DC}.Ad-Hoc|x86.ActiveCfg = Release|x86
		{76490312-1E12-48D4-BD10-45C6ED4A08DC}.Ad-Hoc|x86.Build.0 = Release|x86
		{76490312-1E12-48D4-BD10-45C6ED4A08DC}.AppStore|Any CPU.ActiveCfg = Release|Any CPU
		{76490312-1E12-48D4-BD10-45C6ED4A08DC}.AppStore|Any CPU.Build.0 = Release|Any CPU
		{76490312-1E12-48D4-BD10-45C6ED4A08DC}.AppStore|ARM.ActiveCfg = Release|ARM
		{76490312-1E12-48D4-BD10-45C6ED4A08DC}.AppStore|ARM.Build.0 = Release|ARM
		{76490312-1E12-48D4-BD10-45C6ED4A08DC}.AppStore|iPhone.ActiveCfg = Release|Any CPU
		{76490312-1E12-48D4-BD10-45C6ED4A08DC}.AppStore|iPhone.Build.0 = Release|Any CPU
		{76490312-1E12-48D4-BD10-45C6ED4A08DC}.AppStore|iPhoneSimulator.ActiveCfg = Release|Any CPU
		{76490312-1E12-48D4-BD10-45C6ED4A08DC}.AppStore|iPhoneSimulator.Build.0 = Release|Any CPU
		{76490312-1E12-48D4-BD10-45C6ED4A08DC}.AppStore|Mixed Platforms.ActiveCfg = Release|x86
		{76490312-1E12-48D4-BD10-45C6ED4A08DC}.AppStore|Mixed Platforms.Build.0 = Release|x86
		{76490312-1E12-48D4-BD10-45C6ED4A08DC}.AppStore|x64.ActiveCfg = Release|Any CPU
		{76490312-1E12-48D4-BD10-45C6ED4A08DC}.AppStore|x64.Build.0 = Release|Any CPU
		{76490312-1E12-48D4-BD10-45C6ED4A08DC}.AppStore|x86.ActiveCfg = Release|x86
		{76490312-1E12-48D4-BD10-45C6ED4A08DC}.AppStore|x86.Build.0 = Release|x86
		{76490312-1E12-48D4-BD10-45C6ED4A08DC}.Debug|Any CPU.ActiveCfg = Debug|Any CPU
		{76490312-1E12-48D4-BD10-45C6ED4A08DC}.Debug|Any CPU.Build.0 = Debug|Any CPU
		{76490312-1E12-48D4-BD10-45C6ED4A08DC}.Debug|ARM.ActiveCfg = Debug|ARM
		{76490312-1E12-48D4-BD10-45C6ED4A08DC}.Debug|ARM.Build.0 = Debug|ARM
		{76490312-1E12-48D4-BD10-45C6ED4A08DC}.Debug|iPhone.ActiveCfg = Debug|Any CPU
		{76490312-1E12-48D4-BD10-45C6ED4A08DC}.Debug|iPhone.Build.0 = Debug|Any CPU
		{76490312-1E12-48D4-BD10-45C6ED4A08DC}.Debug|iPhoneSimulator.ActiveCfg = Debug|Any CPU
		{76490312-1E12-48D4-BD10-45C6ED4A08DC}.Debug|iPhoneSimulator.Build.0 = Debug|Any CPU
		{76490312-1E12-48D4-BD10-45C6ED4A08DC}.Debug|Mixed Platforms.ActiveCfg = Debug|x86
		{76490312-1E12-48D4-BD10-45C6ED4A08DC}.Debug|Mixed Platforms.Build.0 = Debug|x86
		{76490312-1E12-48D4-BD10-45C6ED4A08DC}.Debug|x64.ActiveCfg = Debug|Any CPU
		{76490312-1E12-48D4-BD10-45C6ED4A08DC}.Debug|x64.Build.0 = Debug|Any CPU
		{76490312-1E12-48D4-BD10-45C6ED4A08DC}.Debug|x86.ActiveCfg = Debug|x86
		{76490312-1E12-48D4-BD10-45C6ED4A08DC}.Debug|x86.Build.0 = Debug|x86
		{76490312-1E12-48D4-BD10-45C6ED4A08DC}.Release|Any CPU.ActiveCfg = Release|Any CPU
		{76490312-1E12-48D4-BD10-45C6ED4A08DC}.Release|Any CPU.Build.0 = Release|Any CPU
		{76490312-1E12-48D4-BD10-45C6ED4A08DC}.Release|ARM.ActiveCfg = Release|ARM
		{76490312-1E12-48D4-BD10-45C6ED4A08DC}.Release|ARM.Build.0 = Release|ARM
		{76490312-1E12-48D4-BD10-45C6ED4A08DC}.Release|iPhone.ActiveCfg = Release|Any CPU
		{76490312-1E12-48D4-BD10-45C6ED4A08DC}.Release|iPhone.Build.0 = Release|Any CPU
		{76490312-1E12-48D4-BD10-45C6ED4A08DC}.Release|iPhoneSimulator.ActiveCfg = Release|Any CPU
		{76490312-1E12-48D4-BD10-45C6ED4A08DC}.Release|iPhoneSimulator.Build.0 = Release|Any CPU
		{76490312-1E12-48D4-BD10-45C6ED4A08DC}.Release|Mixed Platforms.ActiveCfg = Release|x86
		{76490312-1E12-48D4-BD10-45C6ED4A08DC}.Release|Mixed Platforms.Build.0 = Release|x86
		{76490312-1E12-48D4-BD10-45C6ED4A08DC}.Release|x64.ActiveCfg = Release|Any CPU
		{76490312-1E12-48D4-BD10-45C6ED4A08DC}.Release|x64.Build.0 = Release|Any CPU
		{76490312-1E12-48D4-BD10-45C6ED4A08DC}.Release|x86.ActiveCfg = Release|x86
		{76490312-1E12-48D4-BD10-45C6ED4A08DC}.Release|x86.Build.0 = Release|x86
		{82CB2095-581A-45B5-AB4C-46BB162C29D5}.Ad-Hoc|Any CPU.ActiveCfg = Release|Any CPU
		{82CB2095-581A-45B5-AB4C-46BB162C29D5}.Ad-Hoc|Any CPU.Build.0 = Release|Any CPU
		{82CB2095-581A-45B5-AB4C-46BB162C29D5}.Ad-Hoc|ARM.ActiveCfg = Release|Any CPU
		{82CB2095-581A-45B5-AB4C-46BB162C29D5}.Ad-Hoc|ARM.Build.0 = Release|Any CPU
		{82CB2095-581A-45B5-AB4C-46BB162C29D5}.Ad-Hoc|iPhone.ActiveCfg = Release|Any CPU
		{82CB2095-581A-45B5-AB4C-46BB162C29D5}.Ad-Hoc|iPhone.Build.0 = Release|Any CPU
		{82CB2095-581A-45B5-AB4C-46BB162C29D5}.Ad-Hoc|iPhoneSimulator.ActiveCfg = Release|Any CPU
		{82CB2095-581A-45B5-AB4C-46BB162C29D5}.Ad-Hoc|iPhoneSimulator.Build.0 = Release|Any CPU
		{82CB2095-581A-45B5-AB4C-46BB162C29D5}.Ad-Hoc|Mixed Platforms.ActiveCfg = Release|Any CPU
		{82CB2095-581A-45B5-AB4C-46BB162C29D5}.Ad-Hoc|Mixed Platforms.Build.0 = Release|Any CPU
		{82CB2095-581A-45B5-AB4C-46BB162C29D5}.Ad-Hoc|x64.ActiveCfg = Release|Any CPU
		{82CB2095-581A-45B5-AB4C-46BB162C29D5}.Ad-Hoc|x64.Build.0 = Release|Any CPU
		{82CB2095-581A-45B5-AB4C-46BB162C29D5}.Ad-Hoc|x86.ActiveCfg = Release|Any CPU
		{82CB2095-581A-45B5-AB4C-46BB162C29D5}.Ad-Hoc|x86.Build.0 = Release|Any CPU
		{82CB2095-581A-45B5-AB4C-46BB162C29D5}.AppStore|Any CPU.ActiveCfg = Release|Any CPU
		{82CB2095-581A-45B5-AB4C-46BB162C29D5}.AppStore|Any CPU.Build.0 = Release|Any CPU
		{82CB2095-581A-45B5-AB4C-46BB162C29D5}.AppStore|ARM.ActiveCfg = Release|Any CPU
		{82CB2095-581A-45B5-AB4C-46BB162C29D5}.AppStore|ARM.Build.0 = Release|Any CPU
		{82CB2095-581A-45B5-AB4C-46BB162C29D5}.AppStore|iPhone.ActiveCfg = Release|Any CPU
		{82CB2095-581A-45B5-AB4C-46BB162C29D5}.AppStore|iPhone.Build.0 = Release|Any CPU
		{82CB2095-581A-45B5-AB4C-46BB162C29D5}.AppStore|iPhoneSimulator.ActiveCfg = Release|Any CPU
		{82CB2095-581A-45B5-AB4C-46BB162C29D5}.AppStore|iPhoneSimulator.Build.0 = Release|Any CPU
		{82CB2095-581A-45B5-AB4C-46BB162C29D5}.AppStore|Mixed Platforms.ActiveCfg = Release|Any CPU
		{82CB2095-581A-45B5-AB4C-46BB162C29D5}.AppStore|Mixed Platforms.Build.0 = Release|Any CPU
		{82CB2095-581A-45B5-AB4C-46BB162C29D5}.AppStore|x64.ActiveCfg = Release|Any CPU
		{82CB2095-581A-45B5-AB4C-46BB162C29D5}.AppStore|x64.Build.0 = Release|Any CPU
		{82CB2095-581A-45B5-AB4C-46BB162C29D5}.AppStore|x86.ActiveCfg = Release|Any CPU
		{82CB2095-581A-45B5-AB4C-46BB162C29D5}.AppStore|x86.Build.0 = Release|Any CPU
		{82CB2095-581A-45B5-AB4C-46BB162C29D5}.Debug|Any CPU.ActiveCfg = Debug|Any CPU
		{82CB2095-581A-45B5-AB4C-46BB162C29D5}.Debug|Any CPU.Build.0 = Debug|Any CPU
		{82CB2095-581A-45B5-AB4C-46BB162C29D5}.Debug|ARM.ActiveCfg = Debug|Any CPU
		{82CB2095-581A-45B5-AB4C-46BB162C29D5}.Debug|ARM.Build.0 = Debug|Any CPU
		{82CB2095-581A-45B5-AB4C-46BB162C29D5}.Debug|iPhone.ActiveCfg = Debug|Any CPU
		{82CB2095-581A-45B5-AB4C-46BB162C29D5}.Debug|iPhone.Build.0 = Debug|Any CPU
		{82CB2095-581A-45B5-AB4C-46BB162C29D5}.Debug|iPhoneSimulator.ActiveCfg = Debug|Any CPU
		{82CB2095-581A-45B5-AB4C-46BB162C29D5}.Debug|iPhoneSimulator.Build.0 = Debug|Any CPU
		{82CB2095-581A-45B5-AB4C-46BB162C29D5}.Debug|Mixed Platforms.ActiveCfg = Debug|Any CPU
		{82CB2095-581A-45B5-AB4C-46BB162C29D5}.Debug|Mixed Platforms.Build.0 = Debug|Any CPU
		{82CB2095-581A-45B5-AB4C-46BB162C29D5}.Debug|x64.ActiveCfg = Debug|Any CPU
		{82CB2095-581A-45B5-AB4C-46BB162C29D5}.Debug|x64.Build.0 = Debug|Any CPU
		{82CB2095-581A-45B5-AB4C-46BB162C29D5}.Debug|x86.ActiveCfg = Debug|Any CPU
		{82CB2095-581A-45B5-AB4C-46BB162C29D5}.Debug|x86.Build.0 = Debug|Any CPU
		{82CB2095-581A-45B5-AB4C-46BB162C29D5}.Release|Any CPU.ActiveCfg = Release|Any CPU
		{82CB2095-581A-45B5-AB4C-46BB162C29D5}.Release|Any CPU.Build.0 = Release|Any CPU
		{82CB2095-581A-45B5-AB4C-46BB162C29D5}.Release|ARM.ActiveCfg = Release|Any CPU
		{82CB2095-581A-45B5-AB4C-46BB162C29D5}.Release|ARM.Build.0 = Release|Any CPU
		{82CB2095-581A-45B5-AB4C-46BB162C29D5}.Release|iPhone.ActiveCfg = Release|Any CPU
		{82CB2095-581A-45B5-AB4C-46BB162C29D5}.Release|iPhone.Build.0 = Release|Any CPU
		{82CB2095-581A-45B5-AB4C-46BB162C29D5}.Release|iPhoneSimulator.ActiveCfg = Release|Any CPU
		{82CB2095-581A-45B5-AB4C-46BB162C29D5}.Release|iPhoneSimulator.Build.0 = Release|Any CPU
		{82CB2095-581A-45B5-AB4C-46BB162C29D5}.Release|Mixed Platforms.ActiveCfg = Release|Any CPU
		{82CB2095-581A-45B5-AB4C-46BB162C29D5}.Release|Mixed Platforms.Build.0 = Release|Any CPU
		{82CB2095-581A-45B5-AB4C-46BB162C29D5}.Release|x64.ActiveCfg = Release|Any CPU
		{82CB2095-581A-45B5-AB4C-46BB162C29D5}.Release|x64.Build.0 = Release|Any CPU
		{82CB2095-581A-45B5-AB4C-46BB162C29D5}.Release|x86.ActiveCfg = Release|Any CPU
		{82CB2095-581A-45B5-AB4C-46BB162C29D5}.Release|x86.Build.0 = Release|Any CPU
		{858FC395-3213-446E-BD09-72DBB11FE11C}.Ad-Hoc|Any CPU.ActiveCfg = Release|Any CPU
		{858FC395-3213-446E-BD09-72DBB11FE11C}.Ad-Hoc|Any CPU.Build.0 = Release|Any CPU
		{858FC395-3213-446E-BD09-72DBB11FE11C}.Ad-Hoc|ARM.ActiveCfg = Release|ARM
		{858FC395-3213-446E-BD09-72DBB11FE11C}.Ad-Hoc|ARM.Build.0 = Release|ARM
		{858FC395-3213-446E-BD09-72DBB11FE11C}.Ad-Hoc|iPhone.ActiveCfg = Release|Any CPU
		{858FC395-3213-446E-BD09-72DBB11FE11C}.Ad-Hoc|iPhone.Build.0 = Release|Any CPU
		{858FC395-3213-446E-BD09-72DBB11FE11C}.Ad-Hoc|iPhoneSimulator.ActiveCfg = Release|Any CPU
		{858FC395-3213-446E-BD09-72DBB11FE11C}.Ad-Hoc|iPhoneSimulator.Build.0 = Release|Any CPU
		{858FC395-3213-446E-BD09-72DBB11FE11C}.Ad-Hoc|Mixed Platforms.ActiveCfg = Release|x86
		{858FC395-3213-446E-BD09-72DBB11FE11C}.Ad-Hoc|Mixed Platforms.Build.0 = Release|x86
		{858FC395-3213-446E-BD09-72DBB11FE11C}.Ad-Hoc|x64.ActiveCfg = Release|x64
		{858FC395-3213-446E-BD09-72DBB11FE11C}.Ad-Hoc|x64.Build.0 = Release|x64
		{858FC395-3213-446E-BD09-72DBB11FE11C}.Ad-Hoc|x86.ActiveCfg = Release|x86
		{858FC395-3213-446E-BD09-72DBB11FE11C}.Ad-Hoc|x86.Build.0 = Release|x86
		{858FC395-3213-446E-BD09-72DBB11FE11C}.AppStore|Any CPU.ActiveCfg = Release|Any CPU
		{858FC395-3213-446E-BD09-72DBB11FE11C}.AppStore|Any CPU.Build.0 = Release|Any CPU
		{858FC395-3213-446E-BD09-72DBB11FE11C}.AppStore|ARM.ActiveCfg = Release|ARM
		{858FC395-3213-446E-BD09-72DBB11FE11C}.AppStore|ARM.Build.0 = Release|ARM
		{858FC395-3213-446E-BD09-72DBB11FE11C}.AppStore|iPhone.ActiveCfg = Release|Any CPU
		{858FC395-3213-446E-BD09-72DBB11FE11C}.AppStore|iPhone.Build.0 = Release|Any CPU
		{858FC395-3213-446E-BD09-72DBB11FE11C}.AppStore|iPhoneSimulator.ActiveCfg = Release|Any CPU
		{858FC395-3213-446E-BD09-72DBB11FE11C}.AppStore|iPhoneSimulator.Build.0 = Release|Any CPU
		{858FC395-3213-446E-BD09-72DBB11FE11C}.AppStore|Mixed Platforms.ActiveCfg = Release|x86
		{858FC395-3213-446E-BD09-72DBB11FE11C}.AppStore|Mixed Platforms.Build.0 = Release|x86
		{858FC395-3213-446E-BD09-72DBB11FE11C}.AppStore|x64.ActiveCfg = Release|x64
		{858FC395-3213-446E-BD09-72DBB11FE11C}.AppStore|x64.Build.0 = Release|x64
		{858FC395-3213-446E-BD09-72DBB11FE11C}.AppStore|x86.ActiveCfg = Release|x86
		{858FC395-3213-446E-BD09-72DBB11FE11C}.AppStore|x86.Build.0 = Release|x86
		{858FC395-3213-446E-BD09-72DBB11FE11C}.Debug|Any CPU.ActiveCfg = Debug|Any CPU
		{858FC395-3213-446E-BD09-72DBB11FE11C}.Debug|Any CPU.Build.0 = Debug|Any CPU
		{858FC395-3213-446E-BD09-72DBB11FE11C}.Debug|ARM.ActiveCfg = Debug|ARM
		{858FC395-3213-446E-BD09-72DBB11FE11C}.Debug|ARM.Build.0 = Debug|ARM
		{858FC395-3213-446E-BD09-72DBB11FE11C}.Debug|iPhone.ActiveCfg = Debug|Any CPU
		{858FC395-3213-446E-BD09-72DBB11FE11C}.Debug|iPhone.Build.0 = Debug|Any CPU
		{858FC395-3213-446E-BD09-72DBB11FE11C}.Debug|iPhoneSimulator.ActiveCfg = Debug|Any CPU
		{858FC395-3213-446E-BD09-72DBB11FE11C}.Debug|iPhoneSimulator.Build.0 = Debug|Any CPU
		{858FC395-3213-446E-BD09-72DBB11FE11C}.Debug|Mixed Platforms.ActiveCfg = Debug|x86
		{858FC395-3213-446E-BD09-72DBB11FE11C}.Debug|Mixed Platforms.Build.0 = Debug|x86
		{858FC395-3213-446E-BD09-72DBB11FE11C}.Debug|x64.ActiveCfg = Debug|x64
		{858FC395-3213-446E-BD09-72DBB11FE11C}.Debug|x64.Build.0 = Debug|x64
		{858FC395-3213-446E-BD09-72DBB11FE11C}.Debug|x86.ActiveCfg = Debug|x86
		{858FC395-3213-446E-BD09-72DBB11FE11C}.Debug|x86.Build.0 = Debug|x86
		{858FC395-3213-446E-BD09-72DBB11FE11C}.Release|Any CPU.ActiveCfg = Release|Any CPU
		{858FC395-3213-446E-BD09-72DBB11FE11C}.Release|Any CPU.Build.0 = Release|Any CPU
		{858FC395-3213-446E-BD09-72DBB11FE11C}.Release|ARM.ActiveCfg = Release|ARM
		{858FC395-3213-446E-BD09-72DBB11FE11C}.Release|ARM.Build.0 = Release|ARM
		{858FC395-3213-446E-BD09-72DBB11FE11C}.Release|iPhone.ActiveCfg = Release|Any CPU
		{858FC395-3213-446E-BD09-72DBB11FE11C}.Release|iPhone.Build.0 = Release|Any CPU
		{858FC395-3213-446E-BD09-72DBB11FE11C}.Release|iPhoneSimulator.ActiveCfg = Release|Any CPU
		{858FC395-3213-446E-BD09-72DBB11FE11C}.Release|iPhoneSimulator.Build.0 = Release|Any CPU
		{858FC395-3213-446E-BD09-72DBB11FE11C}.Release|Mixed Platforms.ActiveCfg = Release|x86
		{858FC395-3213-446E-BD09-72DBB11FE11C}.Release|Mixed Platforms.Build.0 = Release|x86
		{858FC395-3213-446E-BD09-72DBB11FE11C}.Release|x64.ActiveCfg = Release|x64
		{858FC395-3213-446E-BD09-72DBB11FE11C}.Release|x64.Build.0 = Release|x64
		{858FC395-3213-446E-BD09-72DBB11FE11C}.Release|x86.ActiveCfg = Release|x86
		{858FC395-3213-446E-BD09-72DBB11FE11C}.Release|x86.Build.0 = Release|x86
		{5E1D2160-915E-4F67-AD55-918BFCB57F5B}.Ad-Hoc|Any CPU.ActiveCfg = Release|Any CPU
		{5E1D2160-915E-4F67-AD55-918BFCB57F5B}.Ad-Hoc|Any CPU.Build.0 = Release|Any CPU
		{5E1D2160-915E-4F67-AD55-918BFCB57F5B}.Ad-Hoc|ARM.ActiveCfg = Release|Any CPU
		{5E1D2160-915E-4F67-AD55-918BFCB57F5B}.Ad-Hoc|ARM.Build.0 = Release|Any CPU
		{5E1D2160-915E-4F67-AD55-918BFCB57F5B}.Ad-Hoc|iPhone.ActiveCfg = Release|Any CPU
		{5E1D2160-915E-4F67-AD55-918BFCB57F5B}.Ad-Hoc|iPhone.Build.0 = Release|Any CPU
		{5E1D2160-915E-4F67-AD55-918BFCB57F5B}.Ad-Hoc|iPhoneSimulator.ActiveCfg = Release|Any CPU
		{5E1D2160-915E-4F67-AD55-918BFCB57F5B}.Ad-Hoc|iPhoneSimulator.Build.0 = Release|Any CPU
		{5E1D2160-915E-4F67-AD55-918BFCB57F5B}.Ad-Hoc|Mixed Platforms.ActiveCfg = Release|Any CPU
		{5E1D2160-915E-4F67-AD55-918BFCB57F5B}.Ad-Hoc|Mixed Platforms.Build.0 = Release|Any CPU
		{5E1D2160-915E-4F67-AD55-918BFCB57F5B}.Ad-Hoc|x64.ActiveCfg = Release|Any CPU
		{5E1D2160-915E-4F67-AD55-918BFCB57F5B}.Ad-Hoc|x64.Build.0 = Release|Any CPU
		{5E1D2160-915E-4F67-AD55-918BFCB57F5B}.Ad-Hoc|x86.ActiveCfg = Release|Any CPU
		{5E1D2160-915E-4F67-AD55-918BFCB57F5B}.Ad-Hoc|x86.Build.0 = Release|Any CPU
		{5E1D2160-915E-4F67-AD55-918BFCB57F5B}.AppStore|Any CPU.ActiveCfg = Release|Any CPU
		{5E1D2160-915E-4F67-AD55-918BFCB57F5B}.AppStore|Any CPU.Build.0 = Release|Any CPU
		{5E1D2160-915E-4F67-AD55-918BFCB57F5B}.AppStore|ARM.ActiveCfg = Release|Any CPU
		{5E1D2160-915E-4F67-AD55-918BFCB57F5B}.AppStore|ARM.Build.0 = Release|Any CPU
		{5E1D2160-915E-4F67-AD55-918BFCB57F5B}.AppStore|iPhone.ActiveCfg = Release|Any CPU
		{5E1D2160-915E-4F67-AD55-918BFCB57F5B}.AppStore|iPhone.Build.0 = Release|Any CPU
		{5E1D2160-915E-4F67-AD55-918BFCB57F5B}.AppStore|iPhoneSimulator.ActiveCfg = Release|Any CPU
		{5E1D2160-915E-4F67-AD55-918BFCB57F5B}.AppStore|iPhoneSimulator.Build.0 = Release|Any CPU
		{5E1D2160-915E-4F67-AD55-918BFCB57F5B}.AppStore|Mixed Platforms.ActiveCfg = Release|Any CPU
		{5E1D2160-915E-4F67-AD55-918BFCB57F5B}.AppStore|Mixed Platforms.Build.0 = Release|Any CPU
		{5E1D2160-915E-4F67-AD55-918BFCB57F5B}.AppStore|x64.ActiveCfg = Release|Any CPU
		{5E1D2160-915E-4F67-AD55-918BFCB57F5B}.AppStore|x64.Build.0 = Release|Any CPU
		{5E1D2160-915E-4F67-AD55-918BFCB57F5B}.AppStore|x86.ActiveCfg = Release|Any CPU
		{5E1D2160-915E-4F67-AD55-918BFCB57F5B}.AppStore|x86.Build.0 = Release|Any CPU
		{5E1D2160-915E-4F67-AD55-918BFCB57F5B}.Debug|Any CPU.ActiveCfg = Debug|Any CPU
		{5E1D2160-915E-4F67-AD55-918BFCB57F5B}.Debug|Any CPU.Build.0 = Debug|Any CPU
		{5E1D2160-915E-4F67-AD55-918BFCB57F5B}.Debug|ARM.ActiveCfg = Debug|Any CPU
		{5E1D2160-915E-4F67-AD55-918BFCB57F5B}.Debug|ARM.Build.0 = Debug|Any CPU
		{5E1D2160-915E-4F67-AD55-918BFCB57F5B}.Debug|iPhone.ActiveCfg = Debug|Any CPU
		{5E1D2160-915E-4F67-AD55-918BFCB57F5B}.Debug|iPhone.Build.0 = Debug|Any CPU
		{5E1D2160-915E-4F67-AD55-918BFCB57F5B}.Debug|iPhoneSimulator.ActiveCfg = Debug|Any CPU
		{5E1D2160-915E-4F67-AD55-918BFCB57F5B}.Debug|iPhoneSimulator.Build.0 = Debug|Any CPU
		{5E1D2160-915E-4F67-AD55-918BFCB57F5B}.Debug|Mixed Platforms.ActiveCfg = Debug|Any CPU
		{5E1D2160-915E-4F67-AD55-918BFCB57F5B}.Debug|Mixed Platforms.Build.0 = Debug|Any CPU
		{5E1D2160-915E-4F67-AD55-918BFCB57F5B}.Debug|x64.ActiveCfg = Debug|Any CPU
		{5E1D2160-915E-4F67-AD55-918BFCB57F5B}.Debug|x64.Build.0 = Debug|Any CPU
		{5E1D2160-915E-4F67-AD55-918BFCB57F5B}.Debug|x86.ActiveCfg = Debug|Any CPU
		{5E1D2160-915E-4F67-AD55-918BFCB57F5B}.Debug|x86.Build.0 = Debug|Any CPU
		{5E1D2160-915E-4F67-AD55-918BFCB57F5B}.Release|Any CPU.ActiveCfg = Release|Any CPU
		{5E1D2160-915E-4F67-AD55-918BFCB57F5B}.Release|Any CPU.Build.0 = Release|Any CPU
		{5E1D2160-915E-4F67-AD55-918BFCB57F5B}.Release|ARM.ActiveCfg = Release|Any CPU
		{5E1D2160-915E-4F67-AD55-918BFCB57F5B}.Release|ARM.Build.0 = Release|Any CPU
		{5E1D2160-915E-4F67-AD55-918BFCB57F5B}.Release|iPhone.ActiveCfg = Release|Any CPU
		{5E1D2160-915E-4F67-AD55-918BFCB57F5B}.Release|iPhone.Build.0 = Release|Any CPU
		{5E1D2160-915E-4F67-AD55-918BFCB57F5B}.Release|iPhoneSimulator.ActiveCfg = Release|Any CPU
		{5E1D2160-915E-4F67-AD55-918BFCB57F5B}.Release|iPhoneSimulator.Build.0 = Release|Any CPU
		{5E1D2160-915E-4F67-AD55-918BFCB57F5B}.Release|Mixed Platforms.ActiveCfg = Release|Any CPU
		{5E1D2160-915E-4F67-AD55-918BFCB57F5B}.Release|Mixed Platforms.Build.0 = Release|Any CPU
		{5E1D2160-915E-4F67-AD55-918BFCB57F5B}.Release|x64.ActiveCfg = Release|Any CPU
		{5E1D2160-915E-4F67-AD55-918BFCB57F5B}.Release|x64.Build.0 = Release|Any CPU
		{5E1D2160-915E-4F67-AD55-918BFCB57F5B}.Release|x86.ActiveCfg = Release|Any CPU
		{5E1D2160-915E-4F67-AD55-918BFCB57F5B}.Release|x86.Build.0 = Release|Any CPU
		{932D8AE3-F5F0-4B01-9CE2-00208472AEE8}.Ad-Hoc|Any CPU.ActiveCfg = Release|Any CPU
		{932D8AE3-F5F0-4B01-9CE2-00208472AEE8}.Ad-Hoc|Any CPU.Build.0 = Release|Any CPU
		{932D8AE3-F5F0-4B01-9CE2-00208472AEE8}.Ad-Hoc|ARM.ActiveCfg = Release|Any CPU
		{932D8AE3-F5F0-4B01-9CE2-00208472AEE8}.Ad-Hoc|ARM.Build.0 = Release|Any CPU
		{932D8AE3-F5F0-4B01-9CE2-00208472AEE8}.Ad-Hoc|iPhone.ActiveCfg = Release|Any CPU
		{932D8AE3-F5F0-4B01-9CE2-00208472AEE8}.Ad-Hoc|iPhone.Build.0 = Release|Any CPU
		{932D8AE3-F5F0-4B01-9CE2-00208472AEE8}.Ad-Hoc|iPhoneSimulator.ActiveCfg = Release|Any CPU
		{932D8AE3-F5F0-4B01-9CE2-00208472AEE8}.Ad-Hoc|iPhoneSimulator.Build.0 = Release|Any CPU
		{932D8AE3-F5F0-4B01-9CE2-00208472AEE8}.Ad-Hoc|Mixed Platforms.ActiveCfg = Release|Any CPU
		{932D8AE3-F5F0-4B01-9CE2-00208472AEE8}.Ad-Hoc|Mixed Platforms.Build.0 = Release|Any CPU
		{932D8AE3-F5F0-4B01-9CE2-00208472AEE8}.Ad-Hoc|x64.ActiveCfg = Release|Any CPU
		{932D8AE3-F5F0-4B01-9CE2-00208472AEE8}.Ad-Hoc|x64.Build.0 = Release|Any CPU
		{932D8AE3-F5F0-4B01-9CE2-00208472AEE8}.Ad-Hoc|x86.ActiveCfg = Release|Any CPU
		{932D8AE3-F5F0-4B01-9CE2-00208472AEE8}.Ad-Hoc|x86.Build.0 = Release|Any CPU
		{932D8AE3-F5F0-4B01-9CE2-00208472AEE8}.AppStore|Any CPU.ActiveCfg = Release|Any CPU
		{932D8AE3-F5F0-4B01-9CE2-00208472AEE8}.AppStore|Any CPU.Build.0 = Release|Any CPU
		{932D8AE3-F5F0-4B01-9CE2-00208472AEE8}.AppStore|ARM.ActiveCfg = Release|Any CPU
		{932D8AE3-F5F0-4B01-9CE2-00208472AEE8}.AppStore|ARM.Build.0 = Release|Any CPU
		{932D8AE3-F5F0-4B01-9CE2-00208472AEE8}.AppStore|iPhone.ActiveCfg = Release|Any CPU
		{932D8AE3-F5F0-4B01-9CE2-00208472AEE8}.AppStore|iPhone.Build.0 = Release|Any CPU
		{932D8AE3-F5F0-4B01-9CE2-00208472AEE8}.AppStore|iPhoneSimulator.ActiveCfg = Release|Any CPU
		{932D8AE3-F5F0-4B01-9CE2-00208472AEE8}.AppStore|iPhoneSimulator.Build.0 = Release|Any CPU
		{932D8AE3-F5F0-4B01-9CE2-00208472AEE8}.AppStore|Mixed Platforms.ActiveCfg = Release|Any CPU
		{932D8AE3-F5F0-4B01-9CE2-00208472AEE8}.AppStore|Mixed Platforms.Build.0 = Release|Any CPU
		{932D8AE3-F5F0-4B01-9CE2-00208472AEE8}.AppStore|x64.ActiveCfg = Release|Any CPU
		{932D8AE3-F5F0-4B01-9CE2-00208472AEE8}.AppStore|x64.Build.0 = Release|Any CPU
		{932D8AE3-F5F0-4B01-9CE2-00208472AEE8}.AppStore|x86.ActiveCfg = Release|Any CPU
		{932D8AE3-F5F0-4B01-9CE2-00208472AEE8}.AppStore|x86.Build.0 = Release|Any CPU
		{932D8AE3-F5F0-4B01-9CE2-00208472AEE8}.Debug|Any CPU.ActiveCfg = Debug|Any CPU
		{932D8AE3-F5F0-4B01-9CE2-00208472AEE8}.Debug|Any CPU.Build.0 = Debug|Any CPU
		{932D8AE3-F5F0-4B01-9CE2-00208472AEE8}.Debug|ARM.ActiveCfg = Debug|Any CPU
		{932D8AE3-F5F0-4B01-9CE2-00208472AEE8}.Debug|ARM.Build.0 = Debug|Any CPU
		{932D8AE3-F5F0-4B01-9CE2-00208472AEE8}.Debug|iPhone.ActiveCfg = Debug|Any CPU
		{932D8AE3-F5F0-4B01-9CE2-00208472AEE8}.Debug|iPhone.Build.0 = Debug|Any CPU
		{932D8AE3-F5F0-4B01-9CE2-00208472AEE8}.Debug|iPhoneSimulator.ActiveCfg = Debug|Any CPU
		{932D8AE3-F5F0-4B01-9CE2-00208472AEE8}.Debug|iPhoneSimulator.Build.0 = Debug|Any CPU
		{932D8AE3-F5F0-4B01-9CE2-00208472AEE8}.Debug|Mixed Platforms.ActiveCfg = Debug|Any CPU
		{932D8AE3-F5F0-4B01-9CE2-00208472AEE8}.Debug|Mixed Platforms.Build.0 = Debug|Any CPU
		{932D8AE3-F5F0-4B01-9CE2-00208472AEE8}.Debug|x64.ActiveCfg = Debug|Any CPU
		{932D8AE3-F5F0-4B01-9CE2-00208472AEE8}.Debug|x64.Build.0 = Debug|Any CPU
		{932D8AE3-F5F0-4B01-9CE2-00208472AEE8}.Debug|x86.ActiveCfg = Debug|Any CPU
		{932D8AE3-F5F0-4B01-9CE2-00208472AEE8}.Debug|x86.Build.0 = Debug|Any CPU
		{932D8AE3-F5F0-4B01-9CE2-00208472AEE8}.Release|Any CPU.ActiveCfg = Release|Any CPU
		{932D8AE3-F5F0-4B01-9CE2-00208472AEE8}.Release|Any CPU.Build.0 = Release|Any CPU
		{932D8AE3-F5F0-4B01-9CE2-00208472AEE8}.Release|ARM.ActiveCfg = Release|Any CPU
		{932D8AE3-F5F0-4B01-9CE2-00208472AEE8}.Release|ARM.Build.0 = Release|Any CPU
		{932D8AE3-F5F0-4B01-9CE2-00208472AEE8}.Release|iPhone.ActiveCfg = Release|Any CPU
		{932D8AE3-F5F0-4B01-9CE2-00208472AEE8}.Release|iPhone.Build.0 = Release|Any CPU
		{932D8AE3-F5F0-4B01-9CE2-00208472AEE8}.Release|iPhoneSimulator.ActiveCfg = Release|Any CPU
		{932D8AE3-F5F0-4B01-9CE2-00208472AEE8}.Release|iPhoneSimulator.Build.0 = Release|Any CPU
		{932D8AE3-F5F0-4B01-9CE2-00208472AEE8}.Release|Mixed Platforms.ActiveCfg = Release|Any CPU
		{932D8AE3-F5F0-4B01-9CE2-00208472AEE8}.Release|Mixed Platforms.Build.0 = Release|Any CPU
		{932D8AE3-F5F0-4B01-9CE2-00208472AEE8}.Release|x64.ActiveCfg = Release|Any CPU
		{932D8AE3-F5F0-4B01-9CE2-00208472AEE8}.Release|x64.Build.0 = Release|Any CPU
		{932D8AE3-F5F0-4B01-9CE2-00208472AEE8}.Release|x86.ActiveCfg = Release|Any CPU
		{932D8AE3-F5F0-4B01-9CE2-00208472AEE8}.Release|x86.Build.0 = Release|Any CPU
		{5A66D4FA-6009-42A0-B511-CE075220F1FB}.Ad-Hoc|Any CPU.ActiveCfg = Release|Any CPU
		{5A66D4FA-6009-42A0-B511-CE075220F1FB}.Ad-Hoc|Any CPU.Build.0 = Release|Any CPU
		{5A66D4FA-6009-42A0-B511-CE075220F1FB}.Ad-Hoc|ARM.ActiveCfg = Release|Any CPU
		{5A66D4FA-6009-42A0-B511-CE075220F1FB}.Ad-Hoc|ARM.Build.0 = Release|Any CPU
		{5A66D4FA-6009-42A0-B511-CE075220F1FB}.Ad-Hoc|iPhone.ActiveCfg = Release|Any CPU
		{5A66D4FA-6009-42A0-B511-CE075220F1FB}.Ad-Hoc|iPhone.Build.0 = Release|Any CPU
		{5A66D4FA-6009-42A0-B511-CE075220F1FB}.Ad-Hoc|iPhoneSimulator.ActiveCfg = Release|Any CPU
		{5A66D4FA-6009-42A0-B511-CE075220F1FB}.Ad-Hoc|iPhoneSimulator.Build.0 = Release|Any CPU
		{5A66D4FA-6009-42A0-B511-CE075220F1FB}.Ad-Hoc|Mixed Platforms.ActiveCfg = Release|Any CPU
		{5A66D4FA-6009-42A0-B511-CE075220F1FB}.Ad-Hoc|Mixed Platforms.Build.0 = Release|Any CPU
		{5A66D4FA-6009-42A0-B511-CE075220F1FB}.Ad-Hoc|x64.ActiveCfg = Release|Any CPU
		{5A66D4FA-6009-42A0-B511-CE075220F1FB}.Ad-Hoc|x64.Build.0 = Release|Any CPU
		{5A66D4FA-6009-42A0-B511-CE075220F1FB}.Ad-Hoc|x86.ActiveCfg = Release|Any CPU
		{5A66D4FA-6009-42A0-B511-CE075220F1FB}.Ad-Hoc|x86.Build.0 = Release|Any CPU
		{5A66D4FA-6009-42A0-B511-CE075220F1FB}.AppStore|Any CPU.ActiveCfg = Release|Any CPU
		{5A66D4FA-6009-42A0-B511-CE075220F1FB}.AppStore|Any CPU.Build.0 = Release|Any CPU
		{5A66D4FA-6009-42A0-B511-CE075220F1FB}.AppStore|ARM.ActiveCfg = Release|Any CPU
		{5A66D4FA-6009-42A0-B511-CE075220F1FB}.AppStore|ARM.Build.0 = Release|Any CPU
		{5A66D4FA-6009-42A0-B511-CE075220F1FB}.AppStore|iPhone.ActiveCfg = Release|Any CPU
		{5A66D4FA-6009-42A0-B511-CE075220F1FB}.AppStore|iPhone.Build.0 = Release|Any CPU
		{5A66D4FA-6009-42A0-B511-CE075220F1FB}.AppStore|iPhoneSimulator.ActiveCfg = Release|Any CPU
		{5A66D4FA-6009-42A0-B511-CE075220F1FB}.AppStore|iPhoneSimulator.Build.0 = Release|Any CPU
		{5A66D4FA-6009-42A0-B511-CE075220F1FB}.AppStore|Mixed Platforms.ActiveCfg = Release|Any CPU
		{5A66D4FA-6009-42A0-B511-CE075220F1FB}.AppStore|Mixed Platforms.Build.0 = Release|Any CPU
		{5A66D4FA-6009-42A0-B511-CE075220F1FB}.AppStore|x64.ActiveCfg = Release|Any CPU
		{5A66D4FA-6009-42A0-B511-CE075220F1FB}.AppStore|x64.Build.0 = Release|Any CPU
		{5A66D4FA-6009-42A0-B511-CE075220F1FB}.AppStore|x86.ActiveCfg = Release|Any CPU
		{5A66D4FA-6009-42A0-B511-CE075220F1FB}.AppStore|x86.Build.0 = Release|Any CPU
		{5A66D4FA-6009-42A0-B511-CE075220F1FB}.Debug|Any CPU.ActiveCfg = Debug|Any CPU
		{5A66D4FA-6009-42A0-B511-CE075220F1FB}.Debug|Any CPU.Build.0 = Debug|Any CPU
		{5A66D4FA-6009-42A0-B511-CE075220F1FB}.Debug|ARM.ActiveCfg = Debug|Any CPU
		{5A66D4FA-6009-42A0-B511-CE075220F1FB}.Debug|ARM.Build.0 = Debug|Any CPU
		{5A66D4FA-6009-42A0-B511-CE075220F1FB}.Debug|iPhone.ActiveCfg = Debug|Any CPU
		{5A66D4FA-6009-42A0-B511-CE075220F1FB}.Debug|iPhone.Build.0 = Debug|Any CPU
		{5A66D4FA-6009-42A0-B511-CE075220F1FB}.Debug|iPhoneSimulator.ActiveCfg = Debug|Any CPU
		{5A66D4FA-6009-42A0-B511-CE075220F1FB}.Debug|iPhoneSimulator.Build.0 = Debug|Any CPU
		{5A66D4FA-6009-42A0-B511-CE075220F1FB}.Debug|Mixed Platforms.ActiveCfg = Debug|Any CPU
		{5A66D4FA-6009-42A0-B511-CE075220F1FB}.Debug|Mixed Platforms.Build.0 = Debug|Any CPU
		{5A66D4FA-6009-42A0-B511-CE075220F1FB}.Debug|x64.ActiveCfg = Debug|Any CPU
		{5A66D4FA-6009-42A0-B511-CE075220F1FB}.Debug|x64.Build.0 = Debug|Any CPU
		{5A66D4FA-6009-42A0-B511-CE075220F1FB}.Debug|x86.ActiveCfg = Debug|Any CPU
		{5A66D4FA-6009-42A0-B511-CE075220F1FB}.Debug|x86.Build.0 = Debug|Any CPU
		{5A66D4FA-6009-42A0-B511-CE075220F1FB}.Release|Any CPU.ActiveCfg = Release|Any CPU
		{5A66D4FA-6009-42A0-B511-CE075220F1FB}.Release|Any CPU.Build.0 = Release|Any CPU
		{5A66D4FA-6009-42A0-B511-CE075220F1FB}.Release|ARM.ActiveCfg = Release|Any CPU
		{5A66D4FA-6009-42A0-B511-CE075220F1FB}.Release|ARM.Build.0 = Release|Any CPU
		{5A66D4FA-6009-42A0-B511-CE075220F1FB}.Release|iPhone.ActiveCfg = Release|Any CPU
		{5A66D4FA-6009-42A0-B511-CE075220F1FB}.Release|iPhone.Build.0 = Release|Any CPU
		{5A66D4FA-6009-42A0-B511-CE075220F1FB}.Release|iPhoneSimulator.ActiveCfg = Release|Any CPU
		{5A66D4FA-6009-42A0-B511-CE075220F1FB}.Release|iPhoneSimulator.Build.0 = Release|Any CPU
		{5A66D4FA-6009-42A0-B511-CE075220F1FB}.Release|Mixed Platforms.ActiveCfg = Release|Any CPU
		{5A66D4FA-6009-42A0-B511-CE075220F1FB}.Release|Mixed Platforms.Build.0 = Release|Any CPU
		{5A66D4FA-6009-42A0-B511-CE075220F1FB}.Release|x64.ActiveCfg = Release|Any CPU
		{5A66D4FA-6009-42A0-B511-CE075220F1FB}.Release|x64.Build.0 = Release|Any CPU
		{5A66D4FA-6009-42A0-B511-CE075220F1FB}.Release|x86.ActiveCfg = Release|Any CPU
		{5A66D4FA-6009-42A0-B511-CE075220F1FB}.Release|x86.Build.0 = Release|Any CPU
	EndGlobalSection
	GlobalSection(SolutionProperties) = preSolution
		HideSolutionNode = FALSE
	EndGlobalSection
	GlobalSection(NestedProjects) = preSolution
		{DE07A443-9619-4BD7-B540-41296F8A2959} = {D84CEB01-FEB3-4E91-B704-D47C5A146EFB}
		{196457AA-9BA0-40BC-91A3-21BAAD6F4169} = {D84CEB01-FEB3-4E91-B704-D47C5A146EFB}
		{82B18FE1-2CDE-4CA4-BB38-9B68524B350A} = {F9EC5355-F32F-4582-9A34-980C4B86C8A3}
		{8473BEF6-7086-4414-AAD6-264967A7FE75} = {EDEE3219-FC84-426F-A36C-C035DAE932EE}
		{CE75C800-A97F-4464-9A8B-3F65258456BF} = {EDEE3219-FC84-426F-A36C-C035DAE932EE}
		{F3937A46-F58A-4960-AFE6-AF664096C23A} = {82B18FE1-2CDE-4CA4-BB38-9B68524B350A}
		{2CEA544F-5CE8-4567-8A13-BA6CC977BB5F} = {D84CEB01-FEB3-4E91-B704-D47C5A146EFB}
		{27D3F5E9-CA66-426B-BE69-9B6158071A35} = {F9EC5355-F32F-4582-9A34-980C4B86C8A3}
		{F3F65351-2CE1-4412-84B4-C36F34EAB928} = {F9EC5355-F32F-4582-9A34-980C4B86C8A3}
		{53E714FF-3EF2-48EB-B305-36E1AB37C485} = {2CEA544F-5CE8-4567-8A13-BA6CC977BB5F}
		{4BBCE4F8-C097-4680-8B07-B69D567EAA5B} = {55BA34E0-6E6D-44BA-AAD0-AB109685972F}
		{EA65343F-7FED-450B-A1D6-3215B33B3563} = {55BA34E0-6E6D-44BA-AAD0-AB109685972F}
		{693A621E-FF3C-400F-B69D-382ACD50EDA7} = {55BA34E0-6E6D-44BA-AAD0-AB109685972F}
		{129331F5-2DAB-4301-BE2D-3C7145C08B46} = {55BA34E0-6E6D-44BA-AAD0-AB109685972F}
		{6F0554F3-8CC8-4A34-BD68-33A555CCA74D} = {215055FF-7738-4817-BDF9-DBCDD577C1FB}
		{05025226-B949-47C9-ADFD-1258D4AEDA30} = {215055FF-7738-4817-BDF9-DBCDD577C1FB}
		{43AC01E1-AEB2-474D-856B-E81F27EF640B} = {9244BF46-FE41-4BE7-8810-9B6D16884B68}
		{76490312-1E12-48D4-BD10-45C6ED4A08DC} = {9244BF46-FE41-4BE7-8810-9B6D16884B68}
		{82CB2095-581A-45B5-AB4C-46BB162C29D5} = {9244BF46-FE41-4BE7-8810-9B6D16884B68}
		{858FC395-3213-446E-BD09-72DBB11FE11C} = {9244BF46-FE41-4BE7-8810-9B6D16884B68}
		{43E8F9C5-DAD6-4304-A55E-48EC43515BE0} = {9244BF46-FE41-4BE7-8810-9B6D16884B68}
		{5E1D2160-915E-4F67-AD55-918BFCB57F5B} = {43E8F9C5-DAD6-4304-A55E-48EC43515BE0}
		{932D8AE3-F5F0-4B01-9CE2-00208472AEE8} = {215055FF-7738-4817-BDF9-DBCDD577C1FB}
		{5A66D4FA-6009-42A0-B511-CE075220F1FB} = {05025226-B949-47C9-ADFD-1258D4AEDA30}
	EndGlobalSection
EndGlobal
